{
  "version": 1,
  "dependencies": {
    ".NETnanoFramework,Version=v1.0": {
      "nanoFramework.CoreLibrary": {
        "type": "Direct",
        "requested": "[1.17.12, 1.17.12]",
        "resolved": "1.17.12",
        "contentHash": "j0fDBm74I7ORpskJTW1R9JgKqlmpgkQaB+ccBbRJcUKD1DGYlPDI1N4/kFwYOZrn8YjHUVFVv6n/1vg822ZSsw=="
      },
      "nanoFramework.Hardware.Esp32": {
        "type": "Direct",
        "requested": "[1.6.40, 1.6.40]",
        "resolved": "1.6.40",
        "contentHash": "jq6wGAXuC5tvkmKaQX1W5NW/IoPLhosASAKbeA5QPDHX35AwOK/l9OZrc8jvgv52DiiXj/WtvKwgPj1W0ocNCQ=="
      },
      "nanoFramework.Iot.Device.Axp2101": {
        "type": "Direct",
        "requested": "[1.0.44, 1.0.44]",
        "resolved": "1.0.44",
        "contentHash": "MnvHANyAWcCRS1SBxT3rvxdNWk4+RfCTh5mNm62GZ/ew7e5vC9FipdnmBMchRRIupsdzwAHuwb/G/Rzgxphgeg=="
      },
      "nanoFramework.Runtime.Events": {
        "type": "Direct",
        "requested": "[1.11.37, 1.11.37]",
        "resolved": "1.11.37",
        "contentHash": "whTgEJCGpE8eGK7Z2fI6gTqsVeVrnCzP1KDSqIB2PY0/Jyw7NcnwCFe3s/43ch75DuAZt8/jTX0VJoJtN0Colw=="
      },
      "nanoFramework.System.Device.Gpio": {
        "type": "Direct",
        "requested": "[1.1.62, 1.1.62]",
        "resolved": "1.1.62",
        "contentHash": "BaSX4efW1WtqVBoqqKs3tb9y3QSZiIPcWyalbxFY7ovQ2FKoyAHI/RzTGjzPtSf3mUwmrvXnPowDida5NY5Urg=="
      },
      "nanoFramework.System.Device.I2c": {
        "type": "Direct",
        "requested": "[1.1.29, 1.1.29]",
        "resolved": "1.1.29",
        "contentHash": "q8duNVWeK3RCiTmTZiO1UWr7s9HMsLnKWm5utxy9OQWeQtlh00l5CoFKxjot42s1NY5zLmfq7p7oWM/fgNEtlA=="
      },
      "nanoFramework.System.Device.Model": {
        "type": "Direct",
        "requested": "[1.2.862, 1.2.862]",
        "resolved": "1.2.862",
        "contentHash": "dARhyb8BHkje2P+7VphJpRLynVhMkC0U4pFNecLs6jw8DHRMMJyszcbgo/N0ALeYjilNk9hea+wzBLFrgZpsUQ=="
      },
      "nanoFramework.UnitsNet.ElectricCurrent": {
        "type": "Direct",
        "requested": "[5.76.15, 5.76.15]",
        "resolved": "5.76.15",
        "contentHash": "PRxOzidaTpezxg947ugHCiwsGR8A0Y+O+T8OOG4yfiUcALWEiUQ/XWLd33dXbfrJqZfSqkHPmaMF55fiUEJM2g=="
      },
      "nanoFramework.UnitsNet.ElectricPotential": {
        "type": "Direct",
        "requested": "[5.76.15, 5.76.15]",
        "resolved": "5.76.15",
        "contentHash": "amhs/PAWNx7+g5JEaG1V3wB/324NJ93RdY8MztR38yXvDppk/qFx+y2Ncno+8GwVRy4GHYskIbMMSHsHqOf9VQ=="
      },
      "nanoFramework.UnitsNet.Power": {
        "type": "Direct",
        "requested": "[5.76.15, 5.76.15]",
        "resolved": "5.76.15",
        "contentHash": "30voFsJjzU68pnLxh0bwuh7zKNqaqTXIit/6YFRVx4wxdmOwNZrfvBbCzpHx+1Wrc+NbVgEq+Agidg50EnvRXg=="
      },
      "nanoFramework.UnitsNet.Temperature": {
        "type": "Direct",
        "requested": "[5.76.15, 5.76.15]",
        "resolved": "5.76.15",
        "contentHash": "rmgtqp2kdwd1LkWCHy/iabt4HFHPgTSllCc8ex8M1xJ/2n3CH+Udng7M/wbtMP5II2yF5zMqxowzQ2iKOaoX/g=="
      }
    }
  }
}