{
  "version": 1,
  "dependencies": {
    ".NETnanoFramework,Version=v1.0": {
      "nanoFramework.CoreLibrary": {
        "type": "Direct",
        "requested": "[1.15.5, 1.15.5]",
        "resolved": "1.15.5",
        "contentHash": "u2+GvAp1uxLrGdILACAZy+EVKOs28EQ52j8Lz7599egXZ3GBGejjnR2ofhjMQwzrJLlgtyrsx8nSLngDfJNsAg=="
      },
      "nanoFramework.Logging": {
        "type": "Direct",
        "requested": "[1.1.79, 1.1.79]",
        "resolved": "1.1.79",
        "contentHash": "9caK9XXNdpUmkkc2rxK3ddX7BQ7X3n+EnzK3wgBSF18qEz9/n2udgbLywjKycXsTJ4F0fLYbPfYyas8WiNsA1Q=="
      },
      "nanoFramework.System.Buffers.Binary.BinaryPrimitives": {
        "type": "Direct",
        "requested": "[1.2.418, 1.2.418]",
        "resolved": "1.2.418",
        "contentHash": "JAi+u3N/MGXoyEvZN4WGABYlF4s8JNML/gjPNvHC6csvpsPMC4YHh/+Jc/k/UpOnTkXKKg5VfOJA6ptX6IlGzw=="
      }
    }
  }
}