{
  "version": 1,
  "dependencies": {
    ".NETnanoFramework,Version=v1.0": {
      "nanoFramework.CoreLibrary": {
        "type": "Direct",
        "requested": "[1.17.11, 1.17.11]",
        "resolved": "1.17.11",
        "contentHash": "HezzAc0o2XrSGf85xSeD/6xsO6ohF9hX6/iMQ1IZS6Zw6umr4WfAN2Jv0BrPxkaYwzEegJxxZujkHoUIAqtOMw=="
      },
      "nanoFramework.Logging": {
        "type": "Direct",
        "requested": "[1.1.155, 1.1.155]",
        "resolved": "1.1.155",
        "contentHash": "xa1WIgykjRsdUtzEv42ZoA91ogcYyApj9znzewGXQNAPORc52CY+VGEAYJ5mjwjf08jQHW2tcXLuNUoufyg7aw=="
      },
      "nanoFramework.System.Buffers.Binary.BinaryPrimitives": {
        "type": "Direct",
        "requested": "[1.2.848, 1.2.848]",
        "resolved": "1.2.848",
        "contentHash": "L/WVMqToL0iIQbsSNw++bQthEkEW3S/yDrXLDhsG4DVoJss8//8BGFJOdVZqC7hd0cqmw2ZMajuiXNmY+ddDHw=="
      }
    }
  }
}