{
  "version": 1,
  "dependencies": {
    ".NETnanoFramework,Version=v1.0": {
      "nanoFramework.CoreLibrary": {
        "type": "Direct",
        "requested": "[1.14.2, 1.14.2]",
        "resolved": "1.14.2",
        "contentHash": "j1mrz4mitl5LItvmHMsw1aHzCAfvTTgIkRxA0mhs5mSpctJ/BBcuNwua5j3MspfRNKreCQPy/qZy/D9ADLL/PA=="
      },
      "nanoFramework.System.Device.I2c": {
        "type": "Direct",
        "requested": "[1.1.9, 1.1.9]",
        "resolved": "1.1.9",
        "contentHash": "ufBbB/mtkaxDrPCP1JfzUmPQkrJaXGSTuOfvRL/gl46ZP+PIFmO6wuaF+RNU1jL4sgKTKx8uNe+FakIrTpLABA=="
      },
      "Nerdbank.GitVersioning": {
        "type": "Direct",
        "requested": "[3.5.119, 3.5.119]",
        "resolved": "3.5.119",
        "contentHash": "x8k4zV6YKZA5Rr810439lG9NngdbyPtFv0QpIYz32m1Im59kvSbEHO8gKGZoNvsfZSquayjEDUCa8acbut372g=="
      },
      "UnitsNet.nanoFramework.Temperature": {
        "type": "Direct",
        "requested": "[5.7.0, 5.7.0]",
        "resolved": "5.7.0",
        "contentHash": "/MwAW3MUPSJnHb0BgcCI6lxc+IZ+LEnjRtzUTBtaCvXgbT/+iNR2jf+LRaQ41tBhcK4uGHNr+Szi2XpQS2f1Sg=="
      }
    }
  }
}