{
  "version": 1,
  "dependencies": {
    ".NETnanoFramework,Version=v1.0": {
      "nanoFramework.CoreLibrary": {
        "type": "Direct",
        "requested": "[2.0.0-preview.33, 2.0.0-preview.33]",
        "resolved": "2.0.0-preview.33",
        "contentHash": "VVr+TmThdBt9zzXFzFewB5GUsNm2BE8+/3OtaCiJVg76v0Wr87A0Mi6R74hm78otfIhPJ66aPaRd+fA23dmJjQ=="
      },
      "nanoFramework.System.Buffers.Binary.BinaryPrimitives": {
        "type": "Direct",
        "requested": "[1.2.862, 1.2.862]",
        "resolved": "1.2.862",
        "contentHash": "O+jmbbw2h2cjCTShsvWCzjqn/kmRacJE4Ena9gJt5xF5D7XHyYh/uE/qbZ4LhlmlN6JCZjLRNiEfHyM1YUjyxg=="
      },
      "nanoFramework.System.Device.I2c": {
        "type": "Direct",
        "requested": "[2.0.0-preview.6, 2.0.0-preview.6]",
        "resolved": "2.0.0-preview.6",
        "contentHash": "pFmdIyd8sz4ESAHYXt4+Syx80U3mNGM5I7W57Lp29PeD6/uueF9tSfuJ+Xahlq3OD5WQiFk9RUgFrq6LuY23zg=="
      },
      "nanoFramework.System.Device.Model": {
        "type": "Direct",
        "requested": "[1.2.862, 1.2.862]",
        "resolved": "1.2.862",
        "contentHash": "dARhyb8BHkje2P+7VphJpRLynVhMkC0U4pFNecLs6jw8DHRMMJyszcbgo/N0ALeYjilNk9hea+wzBLFrgZpsUQ=="
      },
      "nanoFramework.System.Math": {
        "type": "Direct",
        "requested": "[2.0.0-preview.5, 2.0.0-preview.5]",
        "resolved": "2.0.0-preview.5",
        "contentHash": "Esjk1CzSjlGEK/rRsj/D/F1EQ0DttT1HC9IKJgN/45G+O0yocd7sfso05eVqhi2sIREMZKbBOli5YyqUffi58Q=="
      },
      "nanoFramework.System.Numerics": {
        "type": "Direct",
        "requested": "[1.2.862, 1.2.862]",
        "resolved": "1.2.862",
        "contentHash": "YdYhLCoj5i77e4f0qw1a45GxDAFYR2F7zLlrUDdUE12JGweBR0kruURKrGJMl4uYWkORfO18PxyqNOXvSqKKCg=="
      },
      "Nerdbank.GitVersioning": {
        "type": "Direct",
        "requested": "[3.9.50, 3.9.50]",
        "resolved": "3.9.50",
        "contentHash": "HtOgGF6jZ+WYbXnCUCYPT8Y2d6mIJo9ozjK/FINTRsXdm4Zgv9GehUMa7EFoGQkqrMcDJNOIDwCmENnvXg4UbA=="
      },
      "StyleCop.MSBuild": {
        "type": "Direct",
        "requested": "[6.2.0, 6.2.0]",
        "resolved": "6.2.0",
        "contentHash": "6J51Kt5X+Os+Ckp20SFP1SlLu3tZl+3qBhCMtJUJqGDgwSr4oHT+eg545hXCdp07tRB/8nZfXTOBDdA1XXvjUw=="
      },
      "UnitsNet.nanoFramework.MagneticField": {
        "type": "Direct",
        "requested": "[5.75.0, 5.75.0]",
        "resolved": "5.75.0",
        "contentHash": "MYQnNbaGjI4v6HBqhIfAlzZCAFY9FwEfJ6TAZCQa0uzrH9deoTk1/Q0n3U0B1mG7ciJjU8ARyOtpiFfg3Y8Jdw=="
      },
      "UnitsNet.nanoFramework.Temperature": {
        "type": "Direct",
        "requested": "[5.75.0, 5.75.0]",
        "resolved": "5.75.0",
        "contentHash": "SpA9Z7T1sNaR7YBCYp+L9/ei1bjDkqi8PyPfOWVBjkWInuPSOQaPG9Y7UttIpJ0M2y1GTrCG1kmRCUewGiSFAg=="
      }
    }
  }
}