{
  "version": 1,
  "dependencies": {
    ".NETnanoFramework,Version=v1.0": {
      "nanoFramework.CoreLibrary": {
        "type": "Direct",
        "requested": "[1.16.1, 1.16.1]",
        "resolved": "1.16.1",
        "contentHash": "pUQR6+CuheWC6UXkiIXhmknPkm50OYuKs6TcIBieV50D1R991QSJUFWjM1AixT/37REh8rzx2OAPgX6YDs06zA=="
      },
      "nanoFramework.System.Device.I2c": {
        "type": "Direct",
        "requested": "[1.1.25, 1.1.25]",
        "resolved": "1.1.25",
        "contentHash": "takcZmIdaZzS9C8xGXL65tM6qE+sO5N8HgCF/dKq0LO4AXm6SZ2oArre6wZWocstoIeOgwa11a4xX+WeLluUzw=="
      },
      "Nerdbank.GitVersioning": {
        "type": "Direct",
        "requested": "[3.7.115, 3.7.115]",
        "resolved": "3.7.115",
        "contentHash": "EpXamaAdRfG/BMxGgvZlTM0npRnkmXUjAj8OdNKd17t4oN+2nvjdv/KnFmzOOMDqvlwB49UCwtOHJrAQTfUBtQ=="
      },
      "StyleCop.MSBuild": {
        "type": "Direct",
        "requested": "[6.2.0, 6.2.0]",
        "resolved": "6.2.0",
        "contentHash": "6J51Kt5X+Os+Ckp20SFP1SlLu3tZl+3qBhCMtJUJqGDgwSr4oHT+eg545hXCdp07tRB/8nZfXTOBDdA1XXvjUw=="
      },
      "UnitsNet.nanoFramework.ElectricPotential": {
        "type": "Direct",
        "requested": "[5.67.0, 5.67.0]",
        "resolved": "5.67.0",
        "contentHash": "yvTxMLJix1mJrX3g/XJEaWkmMxwv7lIMRsn+Iqb3zbpk9Zx8S5ronHwBW2RJeieViF4AI12DVgAl394uCr//sQ=="
      },
      "UnitsNet.nanoFramework.Ratio": {
        "type": "Direct",
        "requested": "[5.67.0, 5.67.0]",
        "resolved": "5.67.0",
        "contentHash": "uK/nAar9f+iA7PG/OwlnCV5BKAS6IAJ3GVjrr5ESQv0ELpCWaLXndiKq+1jPkQucUVRQHvrF3/F44UL74J9yAw=="
      }
    }
  }
}