{
  "version": 1,
  "dependencies": {
    ".NETnanoFramework,Version=v1.0": {
      "nanoFramework.CoreLibrary": {
        "type": "Direct",
        "requested": "[1.14.2, 1.14.2]",
        "resolved": "1.14.2",
        "contentHash": "j1mrz4mitl5LItvmHMsw1aHzCAfvTTgIkRxA0mhs5mSpctJ/BBcuNwua5j3MspfRNKreCQPy/qZy/D9ADLL/PA=="
      },
      "nanoFramework.Hardware.Esp32.Rmt": {
        "type": "Direct",
        "requested": "[2.0.1, 2.0.1]",
        "resolved": "2.0.1",
        "contentHash": "h3xaxgk1vIeWxFYxRa+6bvYmg5TlNuCS9GwYzbVba0T0mq2nYWUNqTUoWtLEGReZY17vmULzu5AXQzGz+q7tZQ=="
      },
      "nanoFramework.Runtime.Events": {
        "type": "Direct",
        "requested": "[1.11.6, 1.11.6]",
        "resolved": "1.11.6",
        "contentHash": "xkltRh/2xKaZ9zmPHbVr32s1k+e17AInUBhzxKKkUDicJKF39yzTShSklb1OL6DBER5z71SpkGLyl9IdMK9l6w=="
      },
      "nanoFramework.Runtime.Native": {
        "type": "Direct",
        "requested": "[1.6.6, 1.6.6]",
        "resolved": "1.6.6",
        "contentHash": "ySEYUh8bTiFYAUce3uQLfOvvnunTx10j7Xsw+ChlS+nXFC/kCctgTob7k1McZrxqTs0CZo+Ux5eW4oYKzx25aw=="
      },
      "nanoFramework.System.Device.Gpio": {
        "type": "Direct",
        "requested": "[1.1.28, 1.1.28]",
        "resolved": "1.1.28",
        "contentHash": "G/l2hkWAwQoMsCHJUK0iZsavYjKykewOXlLF1+fDUylOuBvoHo/iY5Lec+sAnJ3WMcoY2Uo6miYrCMI07g59Tg=="
      },
      "nanoFramework.System.Device.I2c": {
        "type": "Direct",
        "requested": "[1.1.9, 1.1.9]",
        "resolved": "1.1.9",
        "contentHash": "ufBbB/mtkaxDrPCP1JfzUmPQkrJaXGSTuOfvRL/gl46ZP+PIFmO6wuaF+RNU1jL4sgKTKx8uNe+FakIrTpLABA=="
      },
      "nanoFramework.System.Device.Model": {
        "type": "Direct",
        "requested": "[1.2.216, 1.2.216]",
        "resolved": "1.2.216",
        "contentHash": "j10+Y5KT+f0p7czUA+sJhvVYfJBu7D3cfFiXAsx0bUgBn53J87cda3AeXukU0U0sXhhNWGmmz3XWBS/qMCL9eg=="
      },
      "nanoFramework.System.Diagnostics.Stopwatch": {
        "type": "Direct",
        "requested": "[1.2.195, 1.2.195]",
        "resolved": "1.2.195",
        "contentHash": "fckyWQCKJaHtmeQvIo3XS+X9mdcWpO78YTvWH7epbkM7huDHmKXSys+EbhrIIouryxTnP8Mc/VQPMIR20ixIVQ=="
      },
      "nanoFramework.System.Math": {
        "type": "Direct",
        "requested": "[1.5.29, 1.5.29]",
        "resolved": "1.5.29",
        "contentHash": "PyufZzrtDA7HKCbrbOEbqDhaWK5vflJmAi7RJ+a4cPLMmO9cSWc0dUbylMg6Wxg7Ggu1VmcPqfCIZPFHbx5/2A=="
      },
      "Nerdbank.GitVersioning": {
        "type": "Direct",
        "requested": "[3.5.119, 3.5.119]",
        "resolved": "3.5.119",
        "contentHash": "x8k4zV6YKZA5Rr810439lG9NngdbyPtFv0QpIYz32m1Im59kvSbEHO8gKGZoNvsfZSquayjEDUCa8acbut372g=="
      },
      "UnitsNet.nanoFramework.RelativeHumidity": {
        "type": "Direct",
        "requested": "[5.8.0, 5.8.0]",
        "resolved": "5.8.0",
        "contentHash": "dVc/FHMQCAYx0iGJ8eCDRlYuRvbzwbaP3MOVikxjxwQkfE55ZucOfnQKm84Ha2lQcPbmLVzu9AjaLnmS8cmQLA=="
      },
      "UnitsNet.nanoFramework.Temperature": {
        "type": "Direct",
        "requested": "[5.8.0, 5.8.0]",
        "resolved": "5.8.0",
        "contentHash": "FBZf5bxee1Yl8LdKIDUUTc6TvWjvkk4oeiW+rC8XLNeRInlp8n5aB9/8rNluZ3oPfccauYJf7m1BuRmF6diFTw=="
      }
    }
  }
}