{
  "version": 1,
  "dependencies": {
    ".NETnanoFramework,Version=v1.0": {
      "nanoFramework.CoreLibrary": {
        "type": "Direct",
        "requested": "[2.0.0-preview.35, 2.0.0-preview.35]",
        "resolved": "2.0.0-preview.35",
        "contentHash": "l3LZs5zLeYKP+21DmVykOBWQvcLWOzgOls2JU6R2mRb2cz1+SitRCaEC5bTEJHs888JdHi3xWMVe3GkRzZ/2Lg=="
      },
      "nanoFramework.Runtime.Events": {
        "type": "Direct",
        "requested": "[2.0.0-preview.8, 2.0.0-preview.8]",
        "resolved": "2.0.0-preview.8",
        "contentHash": "+ELISV4zHeqzHrYirnx47zsAA7MPbBMWJQudbQv5almh22bTviDzFbOML3Dim8lCZZeaARnJers1gPmJ4ODT7Q=="
      },
      "nanoFramework.System.Device.Gpio": {
        "type": "Direct",
        "requested": "[2.0.0-preview.9, 2.0.0-preview.9]",
        "resolved": "2.0.0-preview.9",
        "contentHash": "mEgi50mgW3R8aZF/mjXaXMf288OqqNmQmLS3Zm3US7aGiCqksKBZGHctxUh/2AdwYHKRjTGlJRLmsjxoAqje4g=="
      },
      "Nerdbank.GitVersioning": {
        "type": "Direct",
        "requested": "[3.9.50, 3.9.50]",
        "resolved": "3.9.50",
        "contentHash": "HtOgGF6jZ+WYbXnCUCYPT8Y2d6mIJo9ozjK/FINTRsXdm4Zgv9GehUMa7EFoGQkqrMcDJNOIDwCmENnvXg4UbA=="
      }
    }
  }
}