{
  "version": 1,
  "dependencies": {
    ".NETnanoFramework,Version=v1.0": {
      "nanoFramework.CoreLibrary": {
        "type": "Direct",
        "requested": "[1.17.11, 1.17.11]",
        "resolved": "1.17.11",
        "contentHash": "HezzAc0o2XrSGf85xSeD/6xsO6ohF9hX6/iMQ1IZS6Zw6umr4WfAN2Jv0BrPxkaYwzEegJxxZujkHoUIAqtOMw=="
      },
      "nanoFramework.Runtime.Events": {
        "type": "Direct",
        "requested": "[1.11.39, 1.11.39]",
        "resolved": "1.11.39",
        "contentHash": "qNcgsk1QU5lTj2MgMYyF4iTx85YjFcAfJP9sYYydUlEXL1JaO2MnKGI3oBG4p20dJ1Fqi1ClIgKXJfAp9z80tA=="
      },
      "nanoFramework.System.Device.Gpio": {
        "type": "Direct",
        "requested": "[1.1.64, 1.1.64]",
        "resolved": "1.1.64",
        "contentHash": "V6pBMEbvBITr5bbX5LHrRQ7g7583FfzNuv7LY62udDecfpxjK3GFO9cEf5DHsQSqkV36VziCCkpP3ecYqLXK1A=="
      },
      "Nerdbank.GitVersioning": {
        "type": "Direct",
        "requested": "[3.10.91, 3.10.91]",
        "resolved": "3.10.91",
        "contentHash": "9MtEXm/um2lQAEoek1EkF4CXNH4JuXxv2jV3Ew2XlzP0LXxFaFiECS7ji8zf1ZaMnPGYbbom+Nm6y4ADc5HNHQ=="
      }
    }
  }
}