{
  "version": 1,
  "dependencies": {
    ".NETnanoFramework,Version=v1.0": {
      "nanoFramework.CoreLibrary": {
        "type": "Direct",
        "requested": "[1.14.2, 1.14.2]",
        "resolved": "1.14.2",
        "contentHash": "j1mrz4mitl5LItvmHMsw1aHzCAfvTTgIkRxA0mhs5mSpctJ/BBcuNwua5j3MspfRNKreCQPy/qZy/D9ADLL/PA=="
      },
      "nanoFramework.Runtime.Events": {
        "type": "Direct",
        "requested": "[1.11.6, 1.11.6]",
        "resolved": "1.11.6",
        "contentHash": "xkltRh/2xKaZ9zmPHbVr32s1k+e17AInUBhzxKKkUDicJKF39yzTShSklb1OL6DBER5z71SpkGLyl9IdMK9l6w=="
      },
      "nanoFramework.System.Buffers.Binary.BinaryPrimitives": {
        "type": "Direct",
        "requested": "[1.2.188, 1.2.188]",
        "resolved": "1.2.188",
        "contentHash": "IGn5mbu71gkbIZVF8xhQT132lSvTNdcFhNMTrPTWGwtxXB3HQDmSIdjbNalM8BYcEsS5EeJhQcu9ku6E3+cPyw=="
      },
      "nanoFramework.System.Device.Gpio": {
        "type": "Direct",
        "requested": "[1.1.22, 1.1.22]",
        "resolved": "1.1.22",
        "contentHash": "yR+uD2YZDLJMP0E0zcQk+kEYM2/Yvs6FR8jYJe9FgaETJeyLdIyRXISmb5BaF4vbkaCC9jt60cpzg1xvmKDwcQ=="
      },
      "nanoFramework.System.Device.Spi": {
        "type": "Direct",
        "requested": "[1.3.32, 1.3.32]",
        "resolved": "1.3.32",
        "contentHash": "/h4HQM5VmJsrKCgJ5tsa23E8rXRKPeDPRFNoeNIVcdfiCpnrcEqJFrwZNlPj/gTLYAKEx3dI58Wq3c00Kq9Yzw=="
      },
      "nanoFramework.System.Math": {
        "type": "Direct",
        "requested": "[1.5.25, 1.5.25]",
        "resolved": "1.5.25",
        "contentHash": "MRrMdssEsDEz8JyPXFjSUpjh35JPnAeZ3/jSG9zkkprjPZfUv5JCzGa69Vp01GIQux83YgnU8ayJhaSfqGhoDQ=="
      },
      "UnitsNet.nanoFramework.Frequency": {
        "type": "Direct",
        "requested": "[4.148.0, 4.148.0]",
        "resolved": "4.148.0",
        "contentHash": "+jbX8hrJWb0H63EdL7ysutCcmOe+0e3ZblSVXLvkd0k1y7bAaWV+jYjMJ8y5wflgGlgtmHN+55uh+s+uk3weFg=="
      }
    }
  }
}