{
  "version": 1,
  "dependencies": {
    ".NETnanoFramework,Version=v1.0": {
      "nanoFramework.CoreLibrary": {
        "type": "Direct",
        "requested": "[1.14.2, 1.14.2]",
        "resolved": "1.14.2",
        "contentHash": "j1mrz4mitl5LItvmHMsw1aHzCAfvTTgIkRxA0mhs5mSpctJ/BBcuNwua5j3MspfRNKreCQPy/qZy/D9ADLL/PA=="
      },
      "nanoFramework.Iot.Device.Common.WeatherHelper": {
        "type": "Direct",
        "requested": "[1.2.340, 1.2.340]",
        "resolved": "1.2.340",
        "contentHash": "c92FdGjzZ61hOMKLBwgU6DVFd8ex2H8HhvZzi7Bf8ueqsVXfUZ/dPdjjhlfqts4/oKFyfCHBwjoLO1rLJiIElw=="
      },
      "nanoFramework.System.Buffers.Binary.BinaryPrimitives": {
        "type": "Direct",
        "requested": "[1.2.325, 1.2.325]",
        "resolved": "1.2.325",
        "contentHash": "uwNE0GprnJplF0J238jRa9f7JaXgZxbTJckXMaJEVBxqkmLncw4Mi+rfJdr6mOoLWLQVaE5NevciWZnUja2lJQ=="
      },
      "nanoFramework.System.Device.I2c": {
        "type": "Direct",
        "requested": "[1.1.11, 1.1.11]",
        "resolved": "1.1.11",
        "contentHash": "zV9CfXGTzTV8C+5SSBF5w6wZK4zcZeDtgv0XtXkkCEx8Z4woICsD+9me6YQEYz6IKQKoRAw6VEaQMScqs0b0mQ=="
      },
      "nanoFramework.System.Device.Model": {
        "type": "Direct",
        "requested": "[1.2.325, 1.2.325]",
        "resolved": "1.2.325",
        "contentHash": "0g0ohwuDmBIKm3hycmCnGZC/d/mYhAl2GPMMRcLhcnQJWNeDBvMe3hJlUBpo36tgjfrjniF11n+HkvGy4DzJ5Q=="
      },
      "nanoFramework.System.Math": {
        "type": "Direct",
        "requested": "[1.5.29, 1.5.29]",
        "resolved": "1.5.29",
        "contentHash": "PyufZzrtDA7HKCbrbOEbqDhaWK5vflJmAi7RJ+a4cPLMmO9cSWc0dUbylMg6Wxg7Ggu1VmcPqfCIZPFHbx5/2A=="
      },
      "UnitsNet.nanoFramework.Length": {
        "type": "Direct",
        "requested": "[5.19.0, 5.19.0]",
        "resolved": "5.19.0",
        "contentHash": "jjYseyjklTa+bBxfxlOHT7cwPPelrj0tazY6nqZ0RkcvlM9XHGQLp1wiRNEiWDByeWtB6kAX8n58YO7s7oXvZQ=="
      },
      "UnitsNet.nanoFramework.Pressure": {
        "type": "Direct",
        "requested": "[5.19.0, 5.19.0]",
        "resolved": "5.19.0",
        "contentHash": "oHWxtPhEWhp4Sz1GFyk5M3Hq/X0X9JuUikdt5k4sZP5CjcbrWYXyhBfjtuHCwo5DR80YokRy8qfRPvVwCsjFKQ=="
      },
      "UnitsNet.nanoFramework.RelativeHumidity": {
        "type": "Direct",
        "requested": "[5.19.0, 5.19.0]",
        "resolved": "5.19.0",
        "contentHash": "+Rxhw01Lf5J3BltjzEPcLcA8WZQzQDgeU40OVEQQe91gRSMIyPx54/uCbYQIVceKy94UPFBoaolRJSZBZFBuPw=="
      },
      "UnitsNet.nanoFramework.Temperature": {
        "type": "Direct",
        "requested": "[5.19.0, 5.19.0]",
        "resolved": "5.19.0",
        "contentHash": "ok1FehTm2TCLqztJ4iB7l2cYrA7YHZHpzOme6s4Z4ALk5PgU8mFuNMy3LeTHdQPcvCcTDpWVv2I2Xi/smn5MEg=="
      }
    }
  }
}