{
  "version": 1,
  "dependencies": {
    ".NETnanoFramework,Version=v1.0": {
      "nanoFramework.CoreLibrary": {
        "type": "Direct",
        "requested": "[1.16.1, 1.16.1]",
        "resolved": "1.16.1",
        "contentHash": "pUQR6+CuheWC6UXkiIXhmknPkm50OYuKs6TcIBieV50D1R991QSJUFWjM1AixT/37REh8rzx2OAPgX6YDs06zA=="
      },
      "nanoFramework.System.Math": {
        "type": "Direct",
        "requested": "[1.5.86, 1.5.86]",
        "resolved": "1.5.86",
        "contentHash": "C2AKzDcu7bC7lZ+ZBsZRH4tP3dpUrd3auIWzuUCI+7E9f25snT+HoXChJfEykHeDWKcXF8RQePGRcIyHcphCNg=="
      },
      "Nerdbank.GitVersioning": {
        "type": "Direct",
        "requested": "[3.7.115, 3.7.115]",
        "resolved": "3.7.115",
        "contentHash": "EpXamaAdRfG/BMxGgvZlTM0npRnkmXUjAj8OdNKd17t4oN+2nvjdv/KnFmzOOMDqvlwB49UCwtOHJrAQTfUBtQ=="
      }
    }
  }
}