{
  "version": 1,
  "dependencies": {
    ".NETnanoFramework,Version=v1.0": {
      "nanoFramework.CoreLibrary": {
        "type": "Direct",
        "requested": "[1.15.5, 1.15.5]",
        "resolved": "1.15.5",
        "contentHash": "u2+GvAp1uxLrGdILACAZy+EVKOs28EQ52j8Lz7599egXZ3GBGejjnR2ofhjMQwzrJLlgtyrsx8nSLngDfJNsAg=="
      },
      "nanoFramework.M2Mqtt.Core": {
        "type": "Direct",
        "requested": "[5.1.138, 5.1.138]",
        "resolved": "5.1.138",
        "contentHash": "9lzIoSB9GiQsGZRfoI6smmVxG+hsllV8Lq8TQnp2g6EvNiUhLs/coUnK1oTWkCxM0XLbtk9y3QlP4FQAQDdnDg=="
      },
      "nanoFramework.Runtime.Events": {
        "type": "Direct",
        "requested": "[1.11.18, 1.11.18]",
        "resolved": "1.11.18",
        "contentHash": "t0XpUkdyBBBv/0S4oGx3yUJG1iPYWc38odvZW8mVoioSxZOJrRkRHpNfwYxTxtP4LIEyyesOPEH42d05FHfHzA=="
      },
      "nanoFramework.Runtime.Native": {
        "type": "Direct",
        "requested": "[1.6.12, 1.6.12]",
        "resolved": "1.6.12",
        "contentHash": "RlJ882CK7D2HkkGHDw1a2xgiEM+1+Nd6iTA+OmzF5QIxbv0SX9qBesueIWsc6RsiQGqBEeBXh4zZ2+TBGL62VQ=="
      },
      "nanoFramework.System.Collections": {
        "type": "Direct",
        "requested": "[1.5.31, 1.5.31]",
        "resolved": "1.5.31",
        "contentHash": "q7G0BHkbhUzpUJiOQNlZZDSMcZEU2/QJBDiSEQAF23wOya4EBaCXS74jAVcEfkHBgOkF413jKZq5vldpjqUfUw=="
      },
      "nanoFramework.System.IO.Ports": {
        "type": "Direct",
        "requested": "[1.1.86, 1.1.86]",
        "resolved": "1.1.86",
        "contentHash": "jZZFiZJjJYmxnxWKtC3rHDqZsiUvAlkweeIWJL2A8+rqyAEDmX2NdBSiE5FEWr6EaQ00MsSbwDertyYXVxBgAg=="
      },
      "nanoFramework.System.IO.Streams": {
        "type": "Direct",
        "requested": "[1.1.59, 1.1.59]",
        "resolved": "1.1.59",
        "contentHash": "A8DSQ9ygUnhDltHsVuJjxs3aRrig9hmeEDZgAFfQ4roaaHpHS/IN1gwCEYcV+I6wfsnEnojn3FQJh43Iw07ukg=="
      },
      "nanoFramework.System.Math": {
        "type": "Direct",
        "requested": "[1.5.43, 1.5.43]",
        "resolved": "1.5.43",
        "contentHash": "JEOEGHoIpknJFwPjjz77sT5mej2PiT7JTv59jabzFf+d8XYy8Z4SH+NdX00Xc/yDS8LIPuWb7+C245XGUUx99A=="
      },
      "nanoFramework.System.Text": {
        "type": "Direct",
        "requested": "[1.2.54, 1.2.54]",
        "resolved": "1.2.54",
        "contentHash": "k3OutSNRMs9di42LQ+5GbpHBY07aMEZWGkaS3Mj3ZU4cWqJc4deFGzRd+LBFQl1mRGdQaM5sl/euTZdcg8R9Zg=="
      },
      "nanoFramework.System.Threading": {
        "type": "Direct",
        "requested": "[1.1.32, 1.1.32]",
        "resolved": "1.1.32",
        "contentHash": "6o7Y4gH15FLuo2FWGLecABiCD57V5QMf5g/hEneV64VmhoXI8Bk7r6BDBPTfAePs738xbc1ECpA5dJmbSmtilg=="
      },
      "Nerdbank.GitVersioning": {
        "type": "Direct",
        "requested": "[3.6.141, 3.6.141]",
        "resolved": "3.6.141",
        "contentHash": "A2+obbz6Xl6nHdDDMiqHCrn6Lktrs/pLq4BIQXDUD2O2gd5fz2WobQyX30Kp0mPPXjEOgBA1r5s6iYVurTkUig=="
      },
      "StyleCop.MSBuild": {
        "type": "Direct",
        "requested": "[6.2.0, 6.2.0]",
        "resolved": "6.2.0",
        "contentHash": "6J51Kt5X+Os+Ckp20SFP1SlLu3tZl+3qBhCMtJUJqGDgwSr4oHT+eg545hXCdp07tRB/8nZfXTOBDdA1XXvjUw=="
      },
      "UnitsNet.nanoFramework.ElectricPotential": {
        "type": "Direct",
        "requested": "[5.56.0, 5.56.0]",
        "resolved": "5.56.0",
        "contentHash": "lkfAexP8ruw2IJpLh60qlg8nVMvwkFd2uePebYBjYpmd8vWbEUuHFcbzImMBTNh7MkrkZ13mAb68KsHbELaYZg=="
      },
      "UnitsNet.nanoFramework.Ratio": {
        "type": "Direct",
        "requested": "[5.56.0, 5.56.0]",
        "resolved": "5.56.0",
        "contentHash": "QUwYJDSpAUsIxGf6r+N9I4k2pLi0TUb8rbXkOryxWqVyvGYhKNCP9iLksP4DhMy8gIF7aiS5Ze+3obRBE3lvUQ=="
      }
    }
  }
}