{
  "version": 1,
  "dependencies": {
    ".NETnanoFramework,Version=v1.0": {
      "nanoFramework.CoreLibrary": {
        "type": "Direct",
        "requested": "[1.16.1, 1.16.1]",
        "resolved": "1.16.1",
        "contentHash": "pUQR6+CuheWC6UXkiIXhmknPkm50OYuKs6TcIBieV50D1R991QSJUFWjM1AixT/37REh8rzx2OAPgX6YDs06zA=="
      },
      "nanoFramework.Runtime.Events": {
        "type": "Direct",
        "requested": "[1.11.26, 1.11.26]",
        "resolved": "1.11.26",
        "contentHash": "xFkgVKv2mnTEwXwNS3lqf2TH4b26TZhq1gqCWPCmLnA6tEpfNP6dpWkm9kwrQ7R2VIdDOtyi3CZhLNAB2bPARg=="
      },
      "nanoFramework.System.Buffers.Binary.BinaryPrimitives": {
        "type": "Direct",
        "requested": "[1.2.751, 1.2.751]",
        "resolved": "1.2.751",
        "contentHash": "ymxtJ/+P3NjN5WGG713EJs1dbCbxC5mMQBJBd189LN2fjeeGwD9Y6EMA5RL1XMH/4KrghHANbzJpkQjKErGdLA=="
      },
      "nanoFramework.System.Device.Gpio": {
        "type": "Direct",
        "requested": "[1.1.52, 1.1.52]",
        "resolved": "1.1.52",
        "contentHash": "XkgsWQ5JMPUeKC+4IpFHtgzYLtYPI9qP6BnN1Z//L90boarLJ88FY/dqb1OsYdJJaTwtpXm/unatOvkLYdYfZQ=="
      },
      "nanoFramework.System.Device.I2c": {
        "type": "Direct",
        "requested": "[1.1.25, 1.1.25]",
        "resolved": "1.1.25",
        "contentHash": "takcZmIdaZzS9C8xGXL65tM6qE+sO5N8HgCF/dKq0LO4AXm6SZ2oArre6wZWocstoIeOgwa11a4xX+WeLluUzw=="
      },
      "nanoFramework.System.Device.Model": {
        "type": "Direct",
        "requested": "[1.2.751, 1.2.751]",
        "resolved": "1.2.751",
        "contentHash": "9o3ChWA213pUpUq1kpyhmFfiapZVCIBumQgWRZ3yFVB6OdkYcG+2Niwwdk/S8a2FR5HZXZvRaSg4YeXwJ7Y2Fw=="
      },
      "nanoFramework.System.Math": {
        "type": "Direct",
        "requested": "[1.5.86, 1.5.86]",
        "resolved": "1.5.86",
        "contentHash": "C2AKzDcu7bC7lZ+ZBsZRH4tP3dpUrd3auIWzuUCI+7E9f25snT+HoXChJfEykHeDWKcXF8RQePGRcIyHcphCNg=="
      },
      "nanoFramework.System.Numerics": {
        "type": "Direct",
        "requested": "[1.2.751, 1.2.751]",
        "resolved": "1.2.751",
        "contentHash": "+qVl8z7r2Fj1jcwVL7+udAlyzB2O46QLuLfIqnLfATH8wNiXwEFUoD17ayx+5MgpQi0ibfCAInsabcR07sW8gQ=="
      },
      "Nerdbank.GitVersioning": {
        "type": "Direct",
        "requested": "[3.7.115, 3.7.115]",
        "resolved": "3.7.115",
        "contentHash": "EpXamaAdRfG/BMxGgvZlTM0npRnkmXUjAj8OdNKd17t4oN+2nvjdv/KnFmzOOMDqvlwB49UCwtOHJrAQTfUBtQ=="
      },
      "StyleCop.MSBuild": {
        "type": "Direct",
        "requested": "[6.2.0, 6.2.0]",
        "resolved": "6.2.0",
        "contentHash": "6J51Kt5X+Os+Ckp20SFP1SlLu3tZl+3qBhCMtJUJqGDgwSr4oHT+eg545hXCdp07tRB/8nZfXTOBDdA1XXvjUw=="
      },
      "UnitsNet.nanoFramework.Temperature": {
        "type": "Direct",
        "requested": "[5.67.0, 5.67.0]",
        "resolved": "5.67.0",
        "contentHash": "RA9qXi+OldEsN/Kb22Y3NOVnHIkjB/oFesQEtV9z5B4kpt/RcD7w/ayWggvz+tvr2eKWwxyo1sYDLs0pMDJw9w=="
      }
    }
  }
}