{
  "version": 1,
  "dependencies": {
    ".NETnanoFramework,Version=v1.0": {
      "nanoFramework.CoreLibrary": {
        "type": "Direct",
        "requested": "[1.17.1, 1.17.1]",
        "resolved": "1.17.1",
        "contentHash": "T/iPvP8AeZs/5UeZgVa2cZVbl79ioeRyBJLzx4qvKbE9RE+984AR5WPY4tjGIdXugs1AFUYYnydvuGCpy+P1ww=="
      },
      "nanoFramework.System.Math": {
        "type": "Direct",
        "requested": "[1.5.102, 1.5.102]",
        "resolved": "1.5.102",
        "contentHash": "ZHO1hQKxcZYSZEMSLV4OeVsbqE9L/sI4K7t46gwRB7wC3xm0jGMBQzv4AX5Auw2T1CnoG9s0ryZJiUwlOkri/Q=="
      },
      "Nerdbank.GitVersioning": {
        "type": "Direct",
        "requested": "[3.7.115, 3.7.115]",
        "resolved": "3.7.115",
        "contentHash": "EpXamaAdRfG/BMxGgvZlTM0npRnkmXUjAj8OdNKd17t4oN+2nvjdv/KnFmzOOMDqvlwB49UCwtOHJrAQTfUBtQ=="
      },
      "StyleCop.MSBuild": {
        "type": "Direct",
        "requested": "[6.2.0, 6.2.0]",
        "resolved": "6.2.0",
        "contentHash": "6J51Kt5X+Os+Ckp20SFP1SlLu3tZl+3qBhCMtJUJqGDgwSr4oHT+eg545hXCdp07tRB/8nZfXTOBDdA1XXvjUw=="
      },
      "UnitsNet.nanoFramework.Length": {
        "type": "Direct",
        "requested": "[5.69.0, 5.69.0]",
        "resolved": "5.69.0",
        "contentHash": "evwB6vm/5EdIMM2LwrwEESpim21+t1NBOUtYkqspYmTUcLtbr5OKP8cnE27XNT5t54rR+48jfFaEaAa+o5oAuQ=="
      },
      "UnitsNet.nanoFramework.Pressure": {
        "type": "Direct",
        "requested": "[5.69.0, 5.69.0]",
        "resolved": "5.69.0",
        "contentHash": "y3voXe1NrwWIM5ZydVjLj3KbK9t4Po0Duw9CBDEgnRDeQZByirRYCSz6PC0CEjMFjFN4TefJnGqPuiXG3CQD9w=="
      },
      "UnitsNet.nanoFramework.RelativeHumidity": {
        "type": "Direct",
        "requested": "[5.69.0, 5.69.0]",
        "resolved": "5.69.0",
        "contentHash": "Bbv7paPOgsYYvl/bKmnGc280sIawGrheOP3LOcPk4G4BKLvzw7qdw51MFnSK1Cch8rTZrBw+Kw9Cfy9DCzQ+bA=="
      },
      "UnitsNet.nanoFramework.Temperature": {
        "type": "Direct",
        "requested": "[5.69.0, 5.69.0]",
        "resolved": "5.69.0",
        "contentHash": "3reHwLt5aEoQDJPwqwa9kvoOzNm4zHlPM8+WA8VV6Cv3+lQcKXB3OdgSS5xhf6EMYdMGDgWWC5oETlkSIv44gw=="
      }
    }
  }
}