{
  "version": 1,
  "dependencies": {
    ".NETnanoFramework,Version=v1.0": {
      "nanoFramework.CoreLibrary": {
        "type": "Direct",
        "requested": "[1.14.2, 1.14.2]",
        "resolved": "1.14.2",
        "contentHash": "j1mrz4mitl5LItvmHMsw1aHzCAfvTTgIkRxA0mhs5mSpctJ/BBcuNwua5j3MspfRNKreCQPy/qZy/D9ADLL/PA=="
      },
      "nanoFramework.System.Math": {
        "type": "Direct",
        "requested": "[1.5.29, 1.5.29]",
        "resolved": "1.5.29",
        "contentHash": "PyufZzrtDA7HKCbrbOEbqDhaWK5vflJmAi7RJ+a4cPLMmO9cSWc0dUbylMg6Wxg7Ggu1VmcPqfCIZPFHbx5/2A=="
      },
      "Nerdbank.GitVersioning": {
        "type": "Direct",
        "requested": "[3.5.119, 3.5.119]",
        "resolved": "3.5.119",
        "contentHash": "x8k4zV6YKZA5Rr810439lG9NngdbyPtFv0QpIYz32m1Im59kvSbEHO8gKGZoNvsfZSquayjEDUCa8acbut372g=="
      },
      "StyleCop.MSBuild": {
        "type": "Direct",
        "requested": "[6.2.0, 6.2.0]",
        "resolved": "6.2.0",
        "contentHash": "6J51Kt5X+Os+Ckp20SFP1SlLu3tZl+3qBhCMtJUJqGDgwSr4oHT+eg545hXCdp07tRB/8nZfXTOBDdA1XXvjUw=="
      },
      "UnitsNet.nanoFramework.Length": {
        "type": "Direct",
        "requested": "[5.3.0, 5.3.0]",
        "resolved": "5.3.0",
        "contentHash": "rPKz8LagcdESvH1RRFrNPe9vflEnoFqI7wjcmYMcGwnFPOhgrzOvFoowYD9+q+ByAS4enUaMEyV9NIbz1Geszg=="
      },
      "UnitsNet.nanoFramework.Pressure": {
        "type": "Direct",
        "requested": "[5.3.0, 5.3.0]",
        "resolved": "5.3.0",
        "contentHash": "l0yU3WuCC0/dkgmba682c8kO+eN2uPtSVEEihwrlHMsCrPttAfkdS0986skBkOL9pODDRejkBxfTRngADw+yjw=="
      },
      "UnitsNet.nanoFramework.RelativeHumidity": {
        "type": "Direct",
        "requested": "[5.3.0, 5.3.0]",
        "resolved": "5.3.0",
        "contentHash": "xPps01HEPC0fhw8VDn49t5+DNdkLYibXj/5u09qPh1AiBMLIjgzjWHQn/3zl4Cba7MqePzjrSMSmOl2SHUx7tg=="
      },
      "UnitsNet.nanoFramework.Temperature": {
        "type": "Direct",
        "requested": "[5.3.0, 5.3.0]",
        "resolved": "5.3.0",
        "contentHash": "mcv8Ijej7Px93SqctKIgMTyKNWzulKMxwm5ttVPGpDB0ufQvxiT9tcM+92fFJdIx4snIBld8EGFIOAf9qZ++8g=="
      }
    }
  }
}