{
  "version": 1,
  "dependencies": {
    ".NETnanoFramework,Version=v1.0": {
      "nanoFramework.CoreLibrary": {
        "type": "Direct",
        "requested": "[1.17.11, 1.17.11]",
        "resolved": "1.17.11",
        "contentHash": "HezzAc0o2XrSGf85xSeD/6xsO6ohF9hX6/iMQ1IZS6Zw6umr4WfAN2Jv0BrPxkaYwzEegJxxZujkHoUIAqtOMw=="
      },
      "nanoFramework.System.Math": {
        "type": "Direct",
        "requested": "[1.5.116, 1.5.116]",
        "resolved": "1.5.116",
        "contentHash": "0S05UKcoI9Ukz9cMNPC9huFW9vSL42/4gIh4fw8ou8HkcFmTYb0OL8VF2Ah94hEDW5mqcYAVr0ipuGWPzIRqaA=="
      },
      "nanoFramework.UnitsNet.Length": {
        "type": "Direct",
        "requested": "[5.76.15, 5.76.15]",
        "resolved": "5.76.15",
        "contentHash": "OjqiJPhNIHoLAyQHYyaTKWITkI5EwkJu3288txcPkaEi0wWIKC111XS4wrDiHyIOK6nYSH536/RfHnX3b8iOrw=="
      },
      "nanoFramework.UnitsNet.Pressure": {
        "type": "Direct",
        "requested": "[5.76.15, 5.76.15]",
        "resolved": "5.76.15",
        "contentHash": "/0XYSHgCwhyoVfu4phf4Px0yC7zCPwtZ2CGo2icMHvb0Dl9zIA1fYg+DFWYxiCc0qF8AXxuQRO2wUzV9N8dlfA=="
      },
      "nanoFramework.UnitsNet.RelativeHumidity": {
        "type": "Direct",
        "requested": "[5.76.15, 5.76.15]",
        "resolved": "5.76.15",
        "contentHash": "JBhgil9Lr3xKoRCmCLIeeSDHzWQa75i51YOUbIp0xRkBxqSXgOMaM4XpwCGpxsVGbl7DeJh8UkGvYwOi4qNrOA=="
      },
      "nanoFramework.UnitsNet.Temperature": {
        "type": "Direct",
        "requested": "[5.76.15, 5.76.15]",
        "resolved": "5.76.15",
        "contentHash": "rmgtqp2kdwd1LkWCHy/iabt4HFHPgTSllCc8ex8M1xJ/2n3CH+Udng7M/wbtMP5II2yF5zMqxowzQ2iKOaoX/g=="
      },
      "Nerdbank.GitVersioning": {
        "type": "Direct",
        "requested": "[3.9.50, 3.9.50]",
        "resolved": "3.9.50",
        "contentHash": "HtOgGF6jZ+WYbXnCUCYPT8Y2d6mIJo9ozjK/FINTRsXdm4Zgv9GehUMa7EFoGQkqrMcDJNOIDwCmENnvXg4UbA=="
      },
      "StyleCop.MSBuild": {
        "type": "Direct",
        "requested": "[6.2.0, 6.2.0]",
        "resolved": "6.2.0",
        "contentHash": "6J51Kt5X+Os+Ckp20SFP1SlLu3tZl+3qBhCMtJUJqGDgwSr4oHT+eg545hXCdp07tRB/8nZfXTOBDdA1XXvjUw=="
      }
    }
  }
}