{
  "version": 1,
  "dependencies": {
    ".NETnanoFramework,Version=v1.0": {
      "nanoFramework.CoreLibrary": {
        "type": "Direct",
        "requested": "[1.14.2, 1.14.2]",
        "resolved": "1.14.2",
        "contentHash": "j1mrz4mitl5LItvmHMsw1aHzCAfvTTgIkRxA0mhs5mSpctJ/BBcuNwua5j3MspfRNKreCQPy/qZy/D9ADLL/PA=="
      },
      "nanoFramework.Graphics.Core": {
        "type": "Direct",
        "requested": "[1.1.37, 1.1.37]",
        "resolved": "1.1.37",
        "contentHash": "JSO5PU+CczzjqLZTTgdi/fx5BGtA8Z1m1RxpjxaYhLFPDPN1ATbDGwAdIUgxNeU77EAl1QRuni9lTA0OnfDrIQ=="
      },
      "nanoFramework.Hardware.Esp32": {
        "type": "Direct",
        "requested": "[1.6.3, 1.6.3]",
        "resolved": "1.6.3",
        "contentHash": "no0wZg56l4p36YfvgACoqgJ7W7AU28caVYTpr/cB0Sr7ByggvFc0DbwFyqAI0uJNY8DKRKFv66qXSH3t7NcQWQ=="
      },
      "nanoFramework.Runtime.Events": {
        "type": "Direct",
        "requested": "[1.11.6, 1.11.6]",
        "resolved": "1.11.6",
        "contentHash": "xkltRh/2xKaZ9zmPHbVr32s1k+e17AInUBhzxKKkUDicJKF39yzTShSklb1OL6DBER5z71SpkGLyl9IdMK9l6w=="
      },
      "nanoFramework.System.Device.I2c": {
        "type": "Direct",
        "requested": "[1.1.11, 1.1.11]",
        "resolved": "1.1.11",
        "contentHash": "zV9CfXGTzTV8C+5SSBF5w6wZK4zcZeDtgv0XtXkkCEx8Z4woICsD+9me6YQEYz6IKQKoRAw6VEaQMScqs0b0mQ=="
      },
      "StyleCop.MSBuild": {
        "type": "Direct",
        "requested": "[6.2.0, 6.2.0]",
        "resolved": "6.2.0",
        "contentHash": "6J51Kt5X+Os+Ckp20SFP1SlLu3tZl+3qBhCMtJUJqGDgwSr4oHT+eg545hXCdp07tRB/8nZfXTOBDdA1XXvjUw=="
      }
    }
  }
}