{
  "version": 1,
  "dependencies": {
    ".NETnanoFramework,Version=v1.0": {
      "nanoFramework.CoreLibrary": {
        "type": "Direct",
        "requested": "[1.16.11, 1.16.11]",
        "resolved": "1.16.11",
        "contentHash": "2XW+Zn0lQ+lOcxDbB1l2ga2rNoj9Jv2IeJwXE4ka1r+swmxn5N/otlMJVEXJgK8trUeD/E8T7+J7dXjU8UReHw=="
      },
      "nanoFramework.System.Device.I2c": {
        "type": "Direct",
        "requested": "[1.1.26, 1.1.26]",
        "resolved": "1.1.26",
        "contentHash": "LpTcH5PTIdPDLrCxH7KBS5PS57CpYznPy4sI5aqrsqZAqKTYV2m1dzuTfVHmU7Jbi9oN1KgRcUWmdbw4eOLy/A=="
      },
      "UnitsNet.nanoFramework.ElectricCurrent": {
        "type": "Direct",
        "requested": "[5.67.0, 5.67.0]",
        "resolved": "5.67.0",
        "contentHash": "3cr6g4Kjqf9v5sk2m9e46RNVNEYKPqVZult3ymvQ9wsM/drgESALdWEzb7VeX9JKySnVK6PheRbYM7kpSPcVdQ=="
      },
      "UnitsNet.nanoFramework.ElectricPotentialDc": {
        "type": "Direct",
        "requested": "[5.67.0, 5.67.0]",
        "resolved": "5.67.0",
        "contentHash": "peeYS6En3JHgpRm0J+FMGZ33v60PqXSVca09h/GBScn50SkObxSpIhNTf60aYqmuuLks2AkLQhTcAuiiFC1gVw=="
      },
      "UnitsNet.nanoFramework.Temperature": {
        "type": "Direct",
        "requested": "[5.67.0, 5.67.0]",
        "resolved": "5.67.0",
        "contentHash": "RA9qXi+OldEsN/Kb22Y3NOVnHIkjB/oFesQEtV9z5B4kpt/RcD7w/ayWggvz+tvr2eKWwxyo1sYDLs0pMDJw9w=="
      }
    }
  }
}