{
  "version": 1,
  "dependencies": {
    ".NETnanoFramework,Version=v1.0": {
      "nanoFramework.CoreLibrary": {
        "type": "Direct",
        "requested": "[1.15.5, 1.15.5]",
        "resolved": "1.15.5",
        "contentHash": "u2+GvAp1uxLrGdILACAZy+EVKOs28EQ52j8Lz7599egXZ3GBGejjnR2ofhjMQwzrJLlgtyrsx8nSLngDfJNsAg=="
      },
      "nanoFramework.Runtime.Native": {
        "type": "Direct",
        "requested": "[1.7.1, 1.7.1]",
        "resolved": "1.7.1",
        "contentHash": "RCiG3D+SxG4wVSBXuXP0y8EZWBd65bfJ9AJj0USNnfL65Aa+nUXmXa6QIxkeolSjDH4jLgKjlIuTXOA7t+AQGQ=="
      },
      "nanoFramework.System.Buffers.Binary.BinaryPrimitives": {
        "type": "Direct",
        "requested": "[1.2.670, 1.2.670]",
        "resolved": "1.2.670",
        "contentHash": "1ABWKgTayq6D85yEkc0eq3ZMaCv8W3z6P3vOPPp455pkE52rTVGzW8iytdUfxkRw8loJERGsrGkQadjnjsqtKw=="
      },
      "nanoFramework.System.Device.I2c": {
        "type": "Direct",
        "requested": "[1.1.16, 1.1.16]",
        "resolved": "1.1.16",
        "contentHash": "33YPnlZVjFwx0mOhdKTOggx+TvbjTD3WZ6rkSB33ytF9fHoqfvS1AYr4+ScUHW4z2yE7vxVWBol5mI7iEg4Aiw=="
      },
      "nanoFramework.System.Device.Model": {
        "type": "Direct",
        "requested": "[1.2.670, 1.2.670]",
        "resolved": "1.2.670",
        "contentHash": "apWQFnzxf2b+nIKoIlJ+eR3mstqEDqqgTiJ+0LbQ0s/brqIBNWkC6hxipDfmi/yQ2lfwCnvs+vs103l05x7DxA=="
      },
      "nanoFramework.System.Diagnostics.Stopwatch": {
        "type": "Direct",
        "requested": "[1.2.670, 1.2.670]",
        "resolved": "1.2.670",
        "contentHash": "4ricLROKKGRjoePNDNYptJqaoFy9FfYpS3QQrDxdBx5PjmMd5BRN6WqZTmlj1xi0TgN2YGmbG76tA+PhYCPZ6g=="
      },
      "nanoFramework.System.Math": {
        "type": "Direct",
        "requested": "[1.5.43, 1.5.43]",
        "resolved": "1.5.43",
        "contentHash": "JEOEGHoIpknJFwPjjz77sT5mej2PiT7JTv59jabzFf+d8XYy8Z4SH+NdX00Xc/yDS8LIPuWb7+C245XGUUx99A=="
      },
      "nanoFramework.System.Numerics": {
        "type": "Direct",
        "requested": "[1.2.670, 1.2.670]",
        "resolved": "1.2.670",
        "contentHash": "+IuPN76X3JUvi+7Wk1KlCXXKDjCgDXgnA1HP/xqMzcepHA/KWv85PB4fSCnnbYs1dybJP1j/IhtUGZzfQ+H1Sg=="
      },
      "Nerdbank.GitVersioning": {
        "type": "Direct",
        "requested": "[3.6.146, 3.6.146]",
        "resolved": "3.6.146",
        "contentHash": "W1eQ8hD9Y/cZ2+ilgxECl003xr1hybpN3fMxoTlMqg++BixETBMWzS4y9s08oHJKXgKtudsoxhITNOEf1OR66w=="
      }
    }
  }
}