{
  "version": 1,
  "dependencies": {
    ".NETnanoFramework,Version=v1.0": {
      "nanoFramework.CoreLibrary": {
        "type": "Direct",
        "requested": "[1.15.5, 1.15.5]",
        "resolved": "1.15.5",
        "contentHash": "u2+GvAp1uxLrGdILACAZy+EVKOs28EQ52j8Lz7599egXZ3GBGejjnR2ofhjMQwzrJLlgtyrsx8nSLngDfJNsAg=="
      },
      "nanoFramework.Runtime.Native": {
        "type": "Direct",
        "requested": "[1.7.1, 1.7.1]",
        "resolved": "1.7.1",
        "contentHash": "RCiG3D+SxG4wVSBXuXP0y8EZWBd65bfJ9AJj0USNnfL65Aa+nUXmXa6QIxkeolSjDH4jLgKjlIuTXOA7t+AQGQ=="
      },
      "nanoFramework.System.Buffers.Binary.BinaryPrimitives": {
        "type": "Direct",
        "requested": "[1.2.628, 1.2.628]",
        "resolved": "1.2.628",
        "contentHash": "FY7gGpk+EtMIAXjz5t13lH0QUTY5tTL80xkVCMKSXB/B0y27cH9vpopYzm5Ll6yOYdkRpAm90tvlsX7wBw4+3w=="
      },
      "nanoFramework.System.Device.I2c": {
        "type": "Direct",
        "requested": "[1.1.16, 1.1.16]",
        "resolved": "1.1.16",
        "contentHash": "33YPnlZVjFwx0mOhdKTOggx+TvbjTD3WZ6rkSB33ytF9fHoqfvS1AYr4+ScUHW4z2yE7vxVWBol5mI7iEg4Aiw=="
      },
      "nanoFramework.System.Device.Model": {
        "type": "Direct",
        "requested": "[1.2.628, 1.2.628]",
        "resolved": "1.2.628",
        "contentHash": "39q4OScnVtMHlGdz9ZleiwllJtE+G6OZE0Xd/qn3gEvrR4XmLCwYZ+JdVxtDU7bK5JLrJA984NKeq+l5ZW0X4A=="
      },
      "nanoFramework.System.Diagnostics.Stopwatch": {
        "type": "Direct",
        "requested": "[1.2.660, 1.2.660]",
        "resolved": "1.2.660",
        "contentHash": "ScGIMJcQ7E8+xhuR0Svt6+k2mjb7+WyDBXR8DmmRwSF0w1ugK6IPqlbxfvDzOklZtxqexdugp/mrC1sZ6UNRzA=="
      },
      "nanoFramework.System.Math": {
        "type": "Direct",
        "requested": "[1.5.43, 1.5.43]",
        "resolved": "1.5.43",
        "contentHash": "JEOEGHoIpknJFwPjjz77sT5mej2PiT7JTv59jabzFf+d8XYy8Z4SH+NdX00Xc/yDS8LIPuWb7+C245XGUUx99A=="
      },
      "nanoFramework.System.Numerics": {
        "type": "Direct",
        "requested": "[1.2.628, 1.2.628]",
        "resolved": "1.2.628",
        "contentHash": "Y0AR4nAd0w+Kjr7JZ9/PfVPr3+h9clixV8BsEZ0GZOxPUK167zbWcU10DnkaARFSQxQ0i2Ut7cjvjyQnbIPr8g=="
      },
      "Nerdbank.GitVersioning": {
        "type": "Direct",
        "requested": "[3.6.143, 3.6.143]",
        "resolved": "3.6.143",
        "contentHash": "N24MtdLq4PmdJ2woTQd9515q0I1jeO/DlimYCB/GoRd510Fc9dk9H6YaN8MPPrVF8RHrIalCUfWbWvcoarYeoQ=="
      }
    }
  }
}