{
  "version": 1,
  "dependencies": {
    ".NETnanoFramework,Version=v1.0": {
      "nanoFramework.CoreLibrary": {
        "type": "Direct",
        "requested": "[1.15.5, 1.15.5]",
        "resolved": "1.15.5",
        "contentHash": "u2+GvAp1uxLrGdILACAZy+EVKOs28EQ52j8Lz7599egXZ3GBGejjnR2ofhjMQwzrJLlgtyrsx8nSLngDfJNsAg=="
      },
      "nanoFramework.Hardware.Esp32": {
        "type": "Direct",
        "requested": "[1.6.23, 1.6.23]",
        "resolved": "1.6.23",
        "contentHash": "rgNByDk4jttssYlXAhDpgt0IWYoUNbyDSQjy7xV7tG+z8dTt7IjA5ehe42028Umwoe6ksHm8mRDfFsITotbNiA=="
      },
      "nanoFramework.Runtime.Events": {
        "type": "Direct",
        "requested": "[1.11.18, 1.11.18]",
        "resolved": "1.11.18",
        "contentHash": "t0XpUkdyBBBv/0S4oGx3yUJG1iPYWc38odvZW8mVoioSxZOJrRkRHpNfwYxTxtP4LIEyyesOPEH42d05FHfHzA=="
      },
      "nanoFramework.System.Device.Gpio": {
        "type": "Direct",
        "requested": "[1.1.41, 1.1.41]",
        "resolved": "1.1.41",
        "contentHash": "5QnpdfvjxOvka2S5IHSdKudWmkH+CDQ3TFFuXOGuNlgZJFsAx0/k5zuwgJYkxIyGbL8kdcjBWLyDNdihjA1pUg=="
      },
      "nanoFramework.System.IO.Ports": {
        "type": "Direct",
        "requested": "[1.1.107, 1.1.107]",
        "resolved": "1.1.107",
        "contentHash": "9az3aIW4WnJkFuDNTvlswvaNMSaqiVlMXhIYcmMeNuu/xJpgdOWNCqyYH1ZSKD0/pa5lV27wwHbtvv93ikQZzQ=="
      },
      "nanoFramework.System.IO.Streams": {
        "type": "Direct",
        "requested": "[1.1.77, 1.1.77]",
        "resolved": "1.1.77",
        "contentHash": "zCEUBldDYkA1f02bdkz7VSLa/2NDRBtclS61ujcXs7IvfFcNF1qY2lLTCoPnznxAvJqPGoN49CbGbW9D4hJH3g=="
      },
      "nanoFramework.System.Text": {
        "type": "Direct",
        "requested": "[1.3.1, 1.3.1]",
        "resolved": "1.3.1",
        "contentHash": "6BFCg7LUeN0Xx1R4QQF6HKDb3BnihtYY7X47IIkfFmsIurJbu643HyidhTxG/BwK4UYWRMC/Io4s/KdsLs6WlA=="
      }
    }
  }
}