{
  "version": 1,
  "dependencies": {
    ".NETnanoFramework,Version=v1.0": {
      "nanoFramework.CoreLibrary": {
        "type": "Direct",
        "requested": "[1.14.2, 1.14.2]",
        "resolved": "1.14.2",
        "contentHash": "j1mrz4mitl5LItvmHMsw1aHzCAfvTTgIkRxA0mhs5mSpctJ/BBcuNwua5j3MspfRNKreCQPy/qZy/D9ADLL/PA=="
      },
      "nanoFramework.Runtime.Events": {
        "type": "Direct",
        "requested": "[1.11.6, 1.11.6]",
        "resolved": "1.11.6",
        "contentHash": "xkltRh/2xKaZ9zmPHbVr32s1k+e17AInUBhzxKKkUDicJKF39yzTShSklb1OL6DBER5z71SpkGLyl9IdMK9l6w=="
      },
      "nanoFramework.Runtime.Native": {
        "type": "Direct",
        "requested": "[1.6.6, 1.6.6]",
        "resolved": "1.6.6",
        "contentHash": "ySEYUh8bTiFYAUce3uQLfOvvnunTx10j7Xsw+ChlS+nXFC/kCctgTob7k1McZrxqTs0CZo+Ux5eW4oYKzx25aw=="
      },
      "nanoFramework.System.Buffers.Binary.BinaryPrimitives": {
        "type": "Direct",
        "requested": "[1.2.295, 1.2.295]",
        "resolved": "1.2.295",
        "contentHash": "QP/qe51tcM2xTIGkcWU0ir0skoaP2qAQaoJWNd0UvX2jXQP+r4y7cG1yraR52NdKqWNCZzoSWcjz8W41RdVQ1w=="
      },
      "nanoFramework.System.Diagnostics.Stopwatch": {
        "type": "Direct",
        "requested": "[1.2.295, 1.2.295]",
        "resolved": "1.2.295",
        "contentHash": "BjiEyCdcRH9hb0XQEY3V0t4qTRoFVyWZc/YQnrCdWBXFMK5dqcLChrDc1Df44VD0tqUfQ9oAu2IfoErbrNzcJA=="
      },
      "nanoFramework.System.IO.Ports": {
        "type": "Direct",
        "requested": "[1.1.60, 1.1.60]",
        "resolved": "1.1.60",
        "contentHash": "FKGtcJFeb3+C3++auLo04+EVdYSQr2I3esn8fIQ7zPtGVqFEOBUNXXyepGRQawUfnC4YoZcIVs34KnyfhegiqQ=="
      },
      "nanoFramework.System.IO.Streams": {
        "type": "Direct",
        "requested": "[1.1.38, 1.1.38]",
        "resolved": "1.1.38",
        "contentHash": "qEtu/lMDtr5kPKc939vO3uX8h+W0/+Qx2N3Zx005JxqGiL71e4ScecEyGPIp8v1MzRd9pkoxInUb6jOAh+eyXA=="
      },
      "nanoFramework.System.Math": {
        "type": "Direct",
        "requested": "[1.5.29, 1.5.29]",
        "resolved": "1.5.29",
        "contentHash": "PyufZzrtDA7HKCbrbOEbqDhaWK5vflJmAi7RJ+a4cPLMmO9cSWc0dUbylMg6Wxg7Ggu1VmcPqfCIZPFHbx5/2A=="
      },
      "nanoFramework.System.Text": {
        "type": "Direct",
        "requested": "[1.2.37, 1.2.37]",
        "resolved": "1.2.37",
        "contentHash": "ORgRq0HSynSBhlXRTHdhzZiOdq/nRhdnX+DeIGw56y9OSc8dvqUz6elm97Jz+4WQ6ikpvs5PFGINAa35kBebwQ=="
      },
      "Nerdbank.GitVersioning": {
        "type": "Direct",
        "requested": "[3.6.132, 3.6.132]",
        "resolved": "3.6.132",
        "contentHash": "t5aTPfMt+E7qsAIWyN7xcmmLQohzS6Ax6cmDLEk4RkRIJq878PR/JG+HhvCbn5DlxRHMWLQZBjuTFypDrDjClw=="
      },
      "StyleCop.MSBuild": {
        "type": "Direct",
        "requested": "[6.2.0, 6.2.0]",
        "resolved": "6.2.0",
        "contentHash": "6J51Kt5X+Os+Ckp20SFP1SlLu3tZl+3qBhCMtJUJqGDgwSr4oHT+eg545hXCdp07tRB/8nZfXTOBDdA1XXvjUw=="
      },
      "UnitsNet.nanoFramework.Length": {
        "type": "Direct",
        "requested": "[5.13.0, 5.13.0]",
        "resolved": "5.13.0",
        "contentHash": "sBAl4Rsj0yX22RE/cmfgswLkwySlYj9ImKLyWsejW2wh1FCAKrQGCXA7AKZYsg2R1TctxQmTOR+crKprR4cbNA=="
      },
      "UnitsNet.nanoFramework.Pressure": {
        "type": "Direct",
        "requested": "[5.13.0, 5.13.0]",
        "resolved": "5.13.0",
        "contentHash": "9V2027AxuJ0H0AG5D9tqKY21LJ1WniWViQoB40ct9cW8eVtwW2fXl6BNnJpl0w3DjIDjxrA8+QuZkXhpfupdoQ=="
      },
      "UnitsNet.nanoFramework.RelativeHumidity": {
        "type": "Direct",
        "requested": "[5.13.0, 5.13.0]",
        "resolved": "5.13.0",
        "contentHash": "x1xabWpAWiwo3Oao34Lmgi6GPJMW6Bcb9JPeAHlim80iu173vrKCt4gHb55S3Gakbplcs455nwIeudAGjWCI8g=="
      },
      "UnitsNet.nanoFramework.Temperature": {
        "type": "Direct",
        "requested": "[5.13.0, 5.13.0]",
        "resolved": "5.13.0",
        "contentHash": "+AFLSxcB8A1VX5Z4P+Z/sD4oUoe5bvEwVBmVIilKUQ627fFvu5nJfoyfiHpvUjQfaIkKVJD6wKpLe5d9uZXaAQ=="
      },
      "UnitsNet.nanoFramework.VolumeConcentration": {
        "type": "Direct",
        "requested": "[5.13.0, 5.13.0]",
        "resolved": "5.13.0",
        "contentHash": "pfoeiuJoukH4b9fci7qGbPPTMtvxo7cPYXfs+gPN0B4LfbL0YX+jc3cGj9KffyL1wrKiIH6i/JBsnS0uPdWtCQ=="
      }
    }
  }
}