{
  "version": 1,
  "dependencies": {
    ".NETnanoFramework,Version=v1.0": {
      "nanoFramework.CoreLibrary": {
        "type": "Direct",
        "requested": "[2.0.0-preview.43, 2.0.0-preview.43]",
        "resolved": "2.0.0-preview.43",
        "contentHash": "ijOdswxNI+zhN7MrRMjJPe7pAVhqARvpEOFKUKH6D18NUS3CCQ9+IoyVs3zJhmmBk53YmAErFAdCnAWLVxUu8Q=="
      },
      "nanoFramework.Runtime.Events": {
        "type": "Direct",
        "requested": "[2.0.0-preview.11, 2.0.0-preview.11]",
        "resolved": "2.0.0-preview.11",
        "contentHash": "kv+GggxqjVYdv58LRJCF0r0ElZLouYuCKNea++oySdvjyHndK6/3Yb74DWKB7AeW61zR9AP0hJIuBI8GzX6qEQ=="
      },
      "nanoFramework.Runtime.Native": {
        "type": "Direct",
        "requested": "[2.0.0-preview.23, 2.0.0-preview.23]",
        "resolved": "2.0.0-preview.23",
        "contentHash": "4PKEsjDZEoLehT4ikBXm018bn1HG0fwZAkIgTWf9RNZKQevLRP/O1SEtWANqVR9BwjqR6nj5ufDpouiaKKTWtQ=="
      },
      "nanoFramework.System.Buffers.Binary.BinaryPrimitives": {
        "type": "Direct",
        "requested": "[2.0.0-preview.42, 2.0.0-preview.42]",
        "resolved": "2.0.0-preview.42",
        "contentHash": "qhxdxm4acwFEN3yYb4d/cAhnrusfTlNUBSWq4sGGdaHfHHCffxU3RmnPQ45eXjCv3bushInY1HqxYdxihqjd5w=="
      },
      "nanoFramework.System.Diagnostics.Stopwatch": {
        "type": "Direct",
        "requested": "[2.0.0-preview.46, 2.0.0-preview.46]",
        "resolved": "2.0.0-preview.46",
        "contentHash": "Pyq4g6EA+Gj+0TvI6gO4iUSFv8kG43Bc7wV9G/OTEU3OjCoIN/Ydiq+tbrKZNjGJ0/ezpNrXSCZa/6QI6ElgtA=="
      },
      "nanoFramework.System.IO.Ports": {
        "type": "Direct",
        "requested": "[2.0.0-preview.18, 2.0.0-preview.18]",
        "resolved": "2.0.0-preview.18",
        "contentHash": "qGyrX9paFUOsCmLRhc5EFKD9Rip9X3R8cMNfuqcgeMGOz/e1GpCrSXPSmivRDRKYEaoLNNBeMbls8FHw3RznQA=="
      },
      "nanoFramework.System.IO.Streams": {
        "type": "Direct",
        "requested": "[2.0.0-preview.15, 2.0.0-preview.15]",
        "resolved": "2.0.0-preview.15",
        "contentHash": "VjdWLxapAF4hEr0vtJPAFEOY1xT9TyQlAB9wyRfcYmvoHiBIQWB0krgpw0yvC2C1AOLgE9op3HpsFbzrVRw3EA=="
      },
      "nanoFramework.System.Math": {
        "type": "Direct",
        "requested": "[2.0.0-preview.6, 2.0.0-preview.6]",
        "resolved": "2.0.0-preview.6",
        "contentHash": "u9gbWgQxkdvomvyWOj0aUTKdNAiyYNeiIZEzZHbuUyzbowCXfl8WI1TjeHEvQndlqa1aimDr4K2BBJvZUnVjwQ=="
      },
      "nanoFramework.System.Text": {
        "type": "Direct",
        "requested": "[2.0.0-preview.15, 2.0.0-preview.15]",
        "resolved": "2.0.0-preview.15",
        "contentHash": "zhVxQ+zUBkDPhpU35xX9JT/H8bFjo0ylQRmX/45QtM3QJQRd7a327R1PfBhpU5o3kpx2V8AcOgZBM8UilKwQeA=="
      },
      "nanoFramework.UnitsNet.Length": {
        "type": "Direct",
        "requested": "[5.77.0-preview.5, 5.77.0-preview.5]",
        "resolved": "5.77.0-preview.5",
        "contentHash": "khhGue9geEANLvohhkHPVwbi0VDp5LgLY4VYCbo2QSFoOR9+93PQ5N9T4U678GhY9isdPq1KLROu7dwLARO/4g=="
      },
      "nanoFramework.UnitsNet.Pressure": {
        "type": "Direct",
        "requested": "[5.77.0-preview.5, 5.77.0-preview.5]",
        "resolved": "5.77.0-preview.5",
        "contentHash": "0kSjFSgOAdC0H88pK8ZAzNLq+piFZ2irodoEFPi2CkSJlbypdl+BMgCddXF7A2jLJX88K68JW67PF5VDRErkhw=="
      },
      "nanoFramework.UnitsNet.RelativeHumidity": {
        "type": "Direct",
        "requested": "[5.77.0-preview.5, 5.77.0-preview.5]",
        "resolved": "5.77.0-preview.5",
        "contentHash": "+KHNErOEMy22+uajiWeir+Uta0XmTtqugyl2+TKIVCJxuwaUcz3UwKa2CClGUwl28pBqVNRoM3o/2x9JhF2SPQ=="
      },
      "nanoFramework.UnitsNet.Temperature": {
        "type": "Direct",
        "requested": "[5.77.0-preview.5, 5.77.0-preview.5]",
        "resolved": "5.77.0-preview.5",
        "contentHash": "7La0NGv514zYU4pu9XBAEURZoYYP5q+umPY3Jy6QKBbBrSeJS9LwF6VP/GUSk3ieMSpKQoB/AAnXKM6m8D700g=="
      },
      "nanoFramework.UnitsNet.VolumeConcentration": {
        "type": "Direct",
        "requested": "[5.77.0-preview.5, 5.77.0-preview.5]",
        "resolved": "5.77.0-preview.5",
        "contentHash": "Z0Bfv5+Mm42gpLm5x89fHJuQ6gbbBKAfri+rsOdKdai+gbiDiPsDUj+U7XFJaZHKvicku8D5dqD2Gy1Rwqtadw=="
      },
      "Nerdbank.GitVersioning": {
        "type": "Direct",
        "requested": "[3.9.50, 3.9.50]",
        "resolved": "3.9.50",
        "contentHash": "HtOgGF6jZ+WYbXnCUCYPT8Y2d6mIJo9ozjK/FINTRsXdm4Zgv9GehUMa7EFoGQkqrMcDJNOIDwCmENnvXg4UbA=="
      },
      "StyleCop.MSBuild": {
        "type": "Direct",
        "requested": "[6.2.0, 6.2.0]",
        "resolved": "6.2.0",
        "contentHash": "6J51Kt5X+Os+Ckp20SFP1SlLu3tZl+3qBhCMtJUJqGDgwSr4oHT+eg545hXCdp07tRB/8nZfXTOBDdA1XXvjUw=="
      }
    }
  }
}