
Microsoft Visual Studio Solution File, Format Version 12.00
# Visual Studio Version 16
VisualStudioVersion = 16.0.30413.136
MinimumVisualStudioVersion = 10.0.40219.1
Project("{11A8DD76-328B-46DF-9F39-F559912D0360}") = "Ags01db", "Ags01db.nfproj", "{1B5B0F6E-5FB4-4C74-AA40-644A5B6E8BBC}"
EndProject
Project("{11A8DD76-328B-46DF-9F39-F559912D0360}") = "Ags01db.Samples", "samples\Ags01db.Samples.nfproj", "{4C4718F6-305C-4D78-B3DF-C0A150F64574}"
EndProject
<!-- UNIT TESTS PROJECT PLACEHOLDER -->

Global
    GlobalSection(SolutionConfigurationPlatforms) = preSolution
        Debug|Any CPU = Debug|Any CPU
        Release|Any CPU = Release|Any CPU
    EndGlobalSection
    GlobalSection(ProjectConfigurationPlatforms) = postSolution
        {1B5B0F6E-5FB4-4C74-AA40-644A5B6E8BBC}.Debug|Any CPU.ActiveCfg = Debug|Any CPU
        {1B5B0F6E-5FB4-4C74-AA40-644A5B6E8BBC}.Debug|Any CPU.Build.0 = Debug|Any CPU
        {1B5B0F6E-5FB4-4C74-AA40-644A5B6E8BBC}.Debug|Any CPU.Deploy.0 = Debug|Any CPU
        {1B5B0F6E-5FB4-4C74-AA40-644A5B6E8BBC}.Release|Any CPU.ActiveCfg = Release|Any CPU
        {1B5B0F6E-5FB4-4C74-AA40-644A5B6E8BBC}.Release|Any CPU.Build.0 = Release|Any CPU
        {1B5B0F6E-5FB4-4C74-AA40-644A5B6E8BBC}.Release|Any CPU.Deploy.0 = Release|Any CPU
    EndGlobalSection
EndGlobal
