{
  "version": 1,
  "dependencies": {
    ".NETnanoFramework,Version=v1.0": {
      "nanoFramework.CoreLibrary": {
        "type": "Direct",
        "requested": "[2.0.0-preview.39, 2.0.0-preview.39]",
        "resolved": "2.0.0-preview.39",
        "contentHash": "rkXOwaEq6GIm+dKZ7ICMrG23mln482vRXyDtaNfAeBpgGcgiuFJrbw7w0TTZ2DNhw1CUWlCWZZbXi6+/NHdpLg=="
      },
      "nanoFramework.Runtime.Events": {
        "type": "Direct",
        "requested": "[2.0.0-preview.10, 2.0.0-preview.10]",
        "resolved": "2.0.0-preview.10",
        "contentHash": "sibvphHl7uVwM6tYIBfUVB29ejHcBMU8bsiZM4r+x4ijW2UMf1DVAjceqgg0W3zhmoHPxq7uzxKCNFiiXXwD3g=="
      },
      "nanoFramework.System.Device.Gpio": {
        "type": "Direct",
        "requested": "[2.0.0-preview.12, 2.0.0-preview.12]",
        "resolved": "2.0.0-preview.12",
        "contentHash": "RXmuvnctf4TmbEYRjiHO5pxeoRMj5HsDHDFWlaMPGwznHgXuekd9oUoEUCpF/kIZml7naKkGLAcJSzblxgRG+A=="
      },
      "nanoFramework.System.Device.Spi": {
        "type": "Direct",
        "requested": "[2.0.0-preview.11, 2.0.0-preview.11]",
        "resolved": "2.0.0-preview.11",
        "contentHash": "CSv0H3sGSnCnWhB2RSTXc04Rcd1l0b1Xgen5vvpDJExndSp3/XMUYGGPbkMDBOK+UUrlMWO6DOQ3CcRenhWs0w=="
      },
      "Nerdbank.GitVersioning": {
        "type": "Direct",
        "requested": "[3.9.50, 3.9.50]",
        "resolved": "3.9.50",
        "contentHash": "HtOgGF6jZ+WYbXnCUCYPT8Y2d6mIJo9ozjK/FINTRsXdm4Zgv9GehUMa7EFoGQkqrMcDJNOIDwCmENnvXg4UbA=="
      }
    }
  }
}