Microsoft Visual Studio Solution File, Format Version 12.00
# Visual Studio Version 17
VisualStudioVersion = 17.0.32126.317
MinimumVisualStudioVersion = 15.0.26124.0
Project("{11A8DD76-328B-46DF-9F39-F559912D0360}") = "LidarLiteV3", "LidarLiteV3.nfproj", "{5178896A-04E3-4772-9AFC-2EC0BF34A035}"
EndProject
Project("{11A8DD76-328B-46DF-9F39-F559912D0360}") = "LidarLiteV3.Sample", "samples\LidarLiteV3.Sample.nfproj", "{169114FE-33A5-41DA-AB06-75A378C6D03D}"
EndProject
Global
	GlobalSection(SolutionConfigurationPlatforms) = preSolution
		Debug|Any CPU = Debug|Any CPU
		Release|Any CPU = Release|Any CPU
	EndGlobalSection
	GlobalSection(ProjectConfigurationPlatforms) = postSolution
		{5178896A-04E3-4772-9AFC-2EC0BF34A035}.Debug|Any CPU.ActiveCfg = Debug|Any CPU
		{5178896A-04E3-4772-9AFC-2EC0BF34A035}.Debug|Any CPU.Build.0 = Debug|Any CPU
		{5178896A-04E3-4772-9AFC-2EC0BF34A035}.Debug|Any CPU.Deploy.0 = Debug|Any CPU
		{5178896A-04E3-4772-9AFC-2EC0BF34A035}.Release|Any CPU.ActiveCfg = Release|Any CPU
		{5178896A-04E3-4772-9AFC-2EC0BF34A035}.Release|Any CPU.Build.0 = Release|Any CPU
		{5178896A-04E3-4772-9AFC-2EC0BF34A035}.Release|Any CPU.Deploy.0 = Release|Any CPU
		{169114FE-33A5-41DA-AB06-75A378C6D03D}.Debug|Any CPU.ActiveCfg = Debug|Any CPU
		{169114FE-33A5-41DA-AB06-75A378C6D03D}.Debug|Any CPU.Build.0 = Debug|Any CPU
		{169114FE-33A5-41DA-AB06-75A378C6D03D}.Debug|Any CPU.Deploy.0 = Debug|Any CPU
		{169114FE-33A5-41DA-AB06-75A378C6D03D}.Release|Any CPU.ActiveCfg = Release|Any CPU
		{169114FE-33A5-41DA-AB06-75A378C6D03D}.Release|Any CPU.Build.0 = Release|Any CPU
		{169114FE-33A5-41DA-AB06-75A378C6D03D}.Release|Any CPU.Deploy.0 = Release|Any CPU
	EndGlobalSection
	GlobalSection(SolutionProperties) = preSolution
		HideSolutionNode = FALSE
	EndGlobalSection
	GlobalSection(ExtensibilityGlobals) = postSolution
		SolutionGuid = {16BE7B51-F611-4B9C-9794-0D45D98CAD5C}
	EndGlobalSection
EndGlobal
