{
  "version": 1,
  "dependencies": {
    ".NETnanoFramework,Version=v1.0": {
      "nanoFramework.CoreLibrary": {
        "type": "Direct",
        "requested": "[2.0.0-preview.49, 2.0.0-preview.49]",
        "resolved": "2.0.0-preview.49",
        "contentHash": "/8/fw1qqEql05aelTR9QQi4ZF2M+Mdwuemjf9rul8yaOpl6jjnhhKfdRJMh4+BXp5VjwTZsALJVpp2aN+e7vzw=="
      },
      "nanoFramework.TestFramework": {
        "type": "Direct",
        "requested": "[4.0.0-preview.54, 4.0.0-preview.54]",
        "resolved": "4.0.0-preview.54",
        "contentHash": "k9DzCviFe94YL23Vr41uII7XkH37M16qndlE12fSiyYA23wqv+qMpyv+e7ZxrckXm/ZAV4ydBgSTbgz30bAl5Q=="
      }
    }
  }
}