{
  "version": 1,
  "dependencies": {
    ".NETnanoFramework,Version=v1.0": {
      "nanoFramework.CoreLibrary": {
        "type": "Direct",
        "requested": "[1.16.11, 1.16.11]",
        "resolved": "1.16.11",
        "contentHash": "2XW+Zn0lQ+lOcxDbB1l2ga2rNoj9Jv2IeJwXE4ka1r+swmxn5N/otlMJVEXJgK8trUeD/E8T7+J7dXjU8UReHw=="
      },
      "nanoFramework.System.Device.I2c": {
        "type": "Direct",
        "requested": "[1.1.26, 1.1.26]",
        "resolved": "1.1.26",
        "contentHash": "LpTcH5PTIdPDLrCxH7KBS5PS57CpYznPy4sI5aqrsqZAqKTYV2m1dzuTfVHmU7Jbi9oN1KgRcUWmdbw4eOLy/A=="
      }
    }
  }
}