{
  "version": 1,
  "dependencies": {
    ".NETnanoFramework,Version=v1.0": {
      "nanoFramework.CoreLibrary": {
        "type": "Direct",
        "requested": "[2.0.0-preview.43, 2.0.0-preview.43]",
        "resolved": "2.0.0-preview.43",
        "contentHash": "ijOdswxNI+zhN7MrRMjJPe7pAVhqARvpEOFKUKH6D18NUS3CCQ9+IoyVs3zJhmmBk53YmAErFAdCnAWLVxUu8Q=="
      },
      "nanoFramework.System.Device.I2c": {
        "type": "Direct",
        "requested": "[2.0.0-preview.10, 2.0.0-preview.10]",
        "resolved": "2.0.0-preview.10",
        "contentHash": "q2EBF7dvA8agT8OtMR9zCiY4SARKlyCBCWVVwHxMcoBBIKVRhRHsBD8FSAYtWbpqZbK+Ls0G88Q6jfsVxxzmBg=="
      }
    }
  }
}