{
  "version": 1,
  "dependencies": {
    ".NETnanoFramework,Version=v1.0": {
      "nanoFramework.CoreLibrary": {
        "type": "Direct",
        "requested": "[1.17.11, 1.17.11]",
        "resolved": "1.17.11",
        "contentHash": "HezzAc0o2XrSGf85xSeD/6xsO6ohF9hX6/iMQ1IZS6Zw6umr4WfAN2Jv0BrPxkaYwzEegJxxZujkHoUIAqtOMw=="
      },
      "nanoFramework.Hardware.Esp32": {
        "type": "Direct",
        "requested": "[1.6.40, 1.6.40]",
        "resolved": "1.6.40",
        "contentHash": "jq6wGAXuC5tvkmKaQX1W5NW/IoPLhosASAKbeA5QPDHX35AwOK/l9OZrc8jvgv52DiiXj/WtvKwgPj1W0ocNCQ=="
      },
      "nanoFramework.Runtime.Events": {
        "type": "Direct",
        "requested": "[1.11.37, 1.11.37]",
        "resolved": "1.11.37",
        "contentHash": "whTgEJCGpE8eGK7Z2fI6gTqsVeVrnCzP1KDSqIB2PY0/Jyw7NcnwCFe3s/43ch75DuAZt8/jTX0VJoJtN0Colw=="
      },
      "nanoFramework.System.Device.I2c": {
        "type": "Direct",
        "requested": "[1.1.29, 1.1.29]",
        "resolved": "1.1.29",
        "contentHash": "q8duNVWeK3RCiTmTZiO1UWr7s9HMsLnKWm5utxy9OQWeQtlh00l5CoFKxjot42s1NY5zLmfq7p7oWM/fgNEtlA=="
      },
      "nanoFramework.UnitsNet.ElectricCurrent": {
        "type": "Direct",
        "requested": "[5.76.15, 5.76.15]",
        "resolved": "5.76.15",
        "contentHash": "PRxOzidaTpezxg947ugHCiwsGR8A0Y+O+T8OOG4yfiUcALWEiUQ/XWLd33dXbfrJqZfSqkHPmaMF55fiUEJM2g=="
      }
    }
  }
}