{
  "version": 1,
  "dependencies": {
    ".NETnanoFramework,Version=v1.0": {
      "nanoFramework.CoreLibrary": {
        "type": "Direct",
        "requested": "[2.0.0-preview.52, 2.0.0-preview.52]",
        "resolved": "2.0.0-preview.52",
        "contentHash": "cV9JEhoc2OV/UL602i5xmEwQpnn/gzVMlDTAIAMRxCNwBKNYLO9U50OkJykpGnO2SULTsmvFqQWEGZiuANBZHw=="
      },
      "nanoFramework.Hardware.Esp32": {
        "type": "Direct",
        "requested": "[2.0.0-preview.12, 2.0.0-preview.12]",
        "resolved": "2.0.0-preview.12",
        "contentHash": "REFam731tAR2xtgoE67eWqZS208vnkPoTpe/5xTRhxeS/chw0w3VUAnP9RUKUehwe+pOIyJmtyU/WzauUXKeDw=="
      },
      "nanoFramework.Runtime.Events": {
        "type": "Direct",
        "requested": "[2.0.0-preview.13, 2.0.0-preview.13]",
        "resolved": "2.0.0-preview.13",
        "contentHash": "LmPsdvTKJ5HiJbX0FNFWWIvHh23kWmKWCIHggSnMrjaZnjXubqct75mQiB2aWtC7IW0PjGxB2A4cvtle3Zjvzg=="
      },
      "nanoFramework.System.Buffers.Binary.BinaryPrimitives": {
        "type": "Direct",
        "requested": "[2.0.0-preview.77, 2.0.0-preview.77]",
        "resolved": "2.0.0-preview.77",
        "contentHash": "uJJoIcsTYFh52M3b12XvYCPf8EVtw0eP7A0UDSctsv3FS6wXtIrdYfkEHW2OnpYrPGMSjckFDsW1RpBgpniXcg=="
      },
      "nanoFramework.System.Device.Gpio": {
        "type": "Direct",
        "requested": "[2.0.0-preview.18, 2.0.0-preview.18]",
        "resolved": "2.0.0-preview.18",
        "contentHash": "e5hKEwabzb4LOau0A0sPCggh2cgNBMR6EVo+dbGvGNwLCo1t9NN3Eoqjy7vI2KVrfUHQkLJV7cSOG/RJCOm9sw=="
      },
      "nanoFramework.System.Device.I2c": {
        "type": "Direct",
        "requested": "[2.0.0-preview.12, 2.0.0-preview.12]",
        "resolved": "2.0.0-preview.12",
        "contentHash": "i2saSw4cycURTRIJQyd2jm7y/zvFCXqKHrh7h+uim5tfkboIphRoZzj+G3YJxu+Nz53WNyAyCyv2QEMOPt0fYg=="
      },
      "nanoFramework.System.Device.Model": {
        "type": "Direct",
        "requested": "[2.0.0-preview.77, 2.0.0-preview.77]",
        "resolved": "2.0.0-preview.77",
        "contentHash": "t1dd8BPPv8gKP/47asWirdJ8YPa24jEusEfn6Gun6ApqLXZXTw9adrf85anLrc/l36QE17ZuOWzQjfUrsLp3jg=="
      },
      "nanoFramework.UnitsNet.Illuminance": {
        "type": "Direct",
        "requested": "[5.77.0-preview.16, 5.77.0-preview.16]",
        "resolved": "5.77.0-preview.16",
        "contentHash": "XfM3cECpSnawWDlNCKzqiML+dvENOqyDZ6K1JmooFMjgEoewvFJbNBhk5ZkM+zS9g83ATHOoyoXdcQ0AObnCIA=="
      }
    }
  }
}