{
  "version": 1,
  "dependencies": {
    ".NETnanoFramework,Version=v1.0": {
      "nanoFramework.CoreLibrary": {
        "type": "Direct",
        "requested": "[1.15.5, 1.15.5]",
        "resolved": "1.15.5",
        "contentHash": "u2+GvAp1uxLrGdILACAZy+EVKOs28EQ52j8Lz7599egXZ3GBGejjnR2ofhjMQwzrJLlgtyrsx8nSLngDfJNsAg=="
      },
      "nanoFramework.Runtime.Events": {
        "type": "Direct",
        "requested": "[1.11.18, 1.11.18]",
        "resolved": "1.11.18",
        "contentHash": "t0XpUkdyBBBv/0S4oGx3yUJG1iPYWc38odvZW8mVoioSxZOJrRkRHpNfwYxTxtP4LIEyyesOPEH42d05FHfHzA=="
      },
      "nanoFramework.System.Device.Model": {
        "type": "Direct",
        "requested": "[1.2.670, 1.2.670]",
        "resolved": "1.2.670",
        "contentHash": "apWQFnzxf2b+nIKoIlJ+eR3mstqEDqqgTiJ+0LbQ0s/brqIBNWkC6hxipDfmi/yQ2lfwCnvs+vs103l05x7DxA=="
      },
      "UnitsNet.nanoFramework.Length": {
        "type": "Direct",
        "requested": "[5.60.0, 5.60.0]",
        "resolved": "5.60.0",
        "contentHash": "MK4sxj0dfjJY958j/xTW7FIi7dqDMC72ePC/TijnGGMSKABlwVAa39JYB20FqwOZVEBBir0oMRi76NIf45gvDQ=="
      }
    }
  }
}