{
  "version": 1,
  "dependencies": {
    ".NETnanoFramework,Version=v1.0": {
      "nanoFramework.CoreLibrary": {
        "type": "Direct",
        "requested": "[2.0.0-preview.43, 2.0.0-preview.43]",
        "resolved": "2.0.0-preview.43",
        "contentHash": "ijOdswxNI+zhN7MrRMjJPe7pAVhqARvpEOFKUKH6D18NUS3CCQ9+IoyVs3zJhmmBk53YmAErFAdCnAWLVxUu8Q=="
      },
      "nanoFramework.Logging": {
        "type": "Direct",
        "requested": "[2.0.0-preview.6, 2.0.0-preview.6]",
        "resolved": "2.0.0-preview.6",
        "contentHash": "JE9uta9NxJvQXvp4wNzarqRwRxC6lGJ6lsGPZPH5YeyKy/nre3LTi5xcnBUk1aDgFQauTRKxGx2rASeRgqLtPA=="
      },
      "nanoFramework.Runtime.Events": {
        "type": "Direct",
        "requested": "[2.0.0-preview.10, 2.0.0-preview.10]",
        "resolved": "2.0.0-preview.10",
        "contentHash": "sibvphHl7uVwM6tYIBfUVB29ejHcBMU8bsiZM4r+x4ijW2UMf1DVAjceqgg0W3zhmoHPxq7uzxKCNFiiXXwD3g=="
      },
      "nanoFramework.Runtime.Native": {
        "type": "Direct",
        "requested": "[2.0.0-preview.22, 2.0.0-preview.22]",
        "resolved": "2.0.0-preview.22",
        "contentHash": "nOOiiosvFhMDl1/HZd0rdHqfDCyWWFBt5AzyeCowlP0nV9KVu9ZyIPtbVLERsIOXw8z8CNIN9xhI+p3pzjpwJg=="
      },
      "nanoFramework.System.Buffers.Binary.BinaryPrimitives": {
        "type": "Direct",
        "requested": "[2.0.0-preview.42, 2.0.0-preview.42]",
        "resolved": "2.0.0-preview.42",
        "contentHash": "qhxdxm4acwFEN3yYb4d/cAhnrusfTlNUBSWq4sGGdaHfHHCffxU3RmnPQ45eXjCv3bushInY1HqxYdxihqjd5w=="
      },
      "nanoFramework.System.Device.Gpio": {
        "type": "Direct",
        "requested": "[2.0.0-preview.12, 2.0.0-preview.12]",
        "resolved": "2.0.0-preview.12",
        "contentHash": "RXmuvnctf4TmbEYRjiHO5pxeoRMj5HsDHDFWlaMPGwznHgXuekd9oUoEUCpF/kIZml7naKkGLAcJSzblxgRG+A=="
      },
      "nanoFramework.System.Device.Spi": {
        "type": "Direct",
        "requested": "[2.0.0-preview.13, 2.0.0-preview.13]",
        "resolved": "2.0.0-preview.13",
        "contentHash": "ln5rLxtVM1X60auELhyMDArh1nJGp9VfsptBXbaSCRoRlehkkHgkeGK/u/cMKSiO93iDA3Ij0ZKxYXvkin0fAg=="
      },
      "nanoFramework.System.Diagnostics.Stopwatch": {
        "type": "Direct",
        "requested": "[2.0.0-preview.42, 2.0.0-preview.42]",
        "resolved": "2.0.0-preview.42",
        "contentHash": "qmLlBSyoPYTDXIoxDccAmHNYDuUwsTrFPnSEx64iuyCXwLeNBt5N1ywiNWkya2qHFEJCLmIirMlGAVPh6Yrmag=="
      },
      "nanoFramework.System.Text": {
        "type": "Direct",
        "requested": "[2.0.0-preview.13, 2.0.0-preview.13]",
        "resolved": "2.0.0-preview.13",
        "contentHash": "kTEKvplebAWeA7j4jb9adST6dxH28Q6c99+Jms6p8cMFxlrUoWhL/GdEiPaPnJSVy1XtsgIfh38WbR757qF8yw=="
      }
    }
  }
}