{
  "version": 1,
  "dependencies": {
    ".NETnanoFramework,Version=v1.0": {
      "nanoFramework.CoreLibrary": {
        "type": "Direct",
        "requested": "[1.17.11, 1.17.11]",
        "resolved": "1.17.11",
        "contentHash": "HezzAc0o2XrSGf85xSeD/6xsO6ohF9hX6/iMQ1IZS6Zw6umr4WfAN2Jv0BrPxkaYwzEegJxxZujkHoUIAqtOMw=="
      },
      "nanoFramework.Graphics.Core": {
        "type": "Direct",
        "requested": "[1.2.53, 1.2.53]",
        "resolved": "1.2.53",
        "contentHash": "wAYezYFWaE/sZaUOTOnOXftwmEm4K6UmanviuDJS/aUUdZ2uAqwhpKG84plhb+b2nIXteVYoj060AMPb0Dup2g=="
      },
      "nanoFramework.Runtime.Events": {
        "type": "Direct",
        "requested": "[1.11.37, 1.11.37]",
        "resolved": "1.11.37",
        "contentHash": "whTgEJCGpE8eGK7Z2fI6gTqsVeVrnCzP1KDSqIB2PY0/Jyw7NcnwCFe3s/43ch75DuAZt8/jTX0VJoJtN0Colw=="
      },
      "nanoFramework.System.Device.Gpio": {
        "type": "Direct",
        "requested": "[1.1.62, 1.1.62]",
        "resolved": "1.1.62",
        "contentHash": "BaSX4efW1WtqVBoqqKs3tb9y3QSZiIPcWyalbxFY7ovQ2FKoyAHI/RzTGjzPtSf3mUwmrvXnPowDida5NY5Urg=="
      },
      "nanoFramework.System.Device.Spi": {
        "type": "Direct",
        "requested": "[1.3.89, 1.3.89]",
        "resolved": "1.3.89",
        "contentHash": "xbi/s3l8/E1KOPYN84zeGyjw9zKtry6pjyB6zlowqeU3II9baEhzf+RGhcGwm3TxIXyyF76JfS++DYBDxBDjyA=="
      }
    }
  }
}