
Microsoft Visual Studio Solution File, Format Version 12.00
# Visual Studio Version 16
VisualStudioVersion = 16.0.30413.136
MinimumVisualStudioVersion = 10.0.40219.1
Project("{11A8DD76-328B-46DF-9F39-F559912D0360}") = "Bh1745.Sample", "Bh1745.Sample.nfproj", "{B8CB6D15-A74F-437B-9F39-9E98C2B79DBD}"
EndProject
Global
    GlobalSection(SolutionConfigurationPlatforms) = preSolution
        Debug|Any CPU = Debug|Any CPU
        Release|Any CPU = Release|Any CPU
    EndGlobalSection
    GlobalSection(ProjectConfigurationPlatforms) = postSolution
        {B8CB6D15-A74F-437B-9F39-9E98C2B79DBD}.Debug|Any CPU.ActiveCfg = Debug|Any CPU
        {B8CB6D15-A74F-437B-9F39-9E98C2B79DBD}.Debug|Any CPU.Build.0 = Debug|Any CPU
        {B8CB6D15-A74F-437B-9F39-9E98C2B79DBD}.Debug|Any CPU.Deploy.0 = Debug|Any CPU
        {B8CB6D15-A74F-437B-9F39-9E98C2B79DBD}.Release|Any CPU.ActiveCfg = Release|Any CPU
        {B8CB6D15-A74F-437B-9F39-9E98C2B79DBD}.Release|Any CPU.Build.0 = Release|Any CPU
        {B8CB6D15-A74F-437B-9F39-9E98C2B79DBD}.Release|Any CPU.Deploy.0 = Release|Any CPU
    EndGlobalSection
EndGlobal