{
  "version": 1,
  "dependencies": {
    ".NETnanoFramework,Version=v1.0": {
      "nanoFramework.CoreLibrary": {
        "type": "Direct",
        "requested": "[1.14.2, 1.14.2]",
        "resolved": "1.14.2",
        "contentHash": "j1mrz4mitl5LItvmHMsw1aHzCAfvTTgIkRxA0mhs5mSpctJ/BBcuNwua5j3MspfRNKreCQPy/qZy/D9ADLL/PA=="
      },
      "nanoFramework.Hardware.Esp32": {
        "type": "Direct",
        "requested": "[1.6.1, 1.6.1]",
        "resolved": "1.6.1",
        "contentHash": "5DaDnXCVDJBevR7UB74SXfZvPbC4VfVyi2yTBY/r4hts+K3NbyyJEGpOcy0ZnT8RUEhNHr5XSpUcYTHPoOrP7A=="
      },
      "nanoFramework.Runtime.Events": {
        "type": "Direct",
        "requested": "[1.11.6, 1.11.6]",
        "resolved": "1.11.6",
        "contentHash": "xkltRh/2xKaZ9zmPHbVr32s1k+e17AInUBhzxKKkUDicJKF39yzTShSklb1OL6DBER5z71SpkGLyl9IdMK9l6w=="
      },
      "nanoFramework.System.Device.I2c": {
        "type": "Direct",
        "requested": "[1.1.9, 1.1.9]",
        "resolved": "1.1.9",
        "contentHash": "ufBbB/mtkaxDrPCP1JfzUmPQkrJaXGSTuOfvRL/gl46ZP+PIFmO6wuaF+RNU1jL4sgKTKx8uNe+FakIrTpLABA=="
      },
      "nanoFramework.System.Math": {
        "type": "Direct",
        "requested": "[1.5.29, 1.5.29]",
        "resolved": "1.5.29",
        "contentHash": "PyufZzrtDA7HKCbrbOEbqDhaWK5vflJmAi7RJ+a4cPLMmO9cSWc0dUbylMg6Wxg7Ggu1VmcPqfCIZPFHbx5/2A=="
      },
      "nanoFramework.System.Numerics": {
        "type": "Direct",
        "requested": "[1.2.227, 1.2.227]",
        "resolved": "1.2.227",
        "contentHash": "qxDuUvY9rC2KDxAdiRLbLefzXzJXaAx2tPLo6J8aDTeoA2x0KY+v6kQ5rwmY4FqMup3rEOsY45Jr+HFnqhvt5w=="
      },
      "UnitsNet.nanoFramework.Temperature": {
        "type": "Direct",
        "requested": "[5.3.0, 5.3.0]",
        "resolved": "5.3.0",
        "contentHash": "mcv8Ijej7Px93SqctKIgMTyKNWzulKMxwm5ttVPGpDB0ufQvxiT9tcM+92fFJdIx4snIBld8EGFIOAf9qZ++8g=="
      }
    }
  }
}