{
  "version": 1,
  "dependencies": {
    ".NETnanoFramework,Version=v1.0": {
      "nanoFramework.CoreLibrary": {
        "type": "Direct",
        "requested": "[1.14.2, 1.14.2]",
        "resolved": "1.14.2",
        "contentHash": "j1mrz4mitl5LItvmHMsw1aHzCAfvTTgIkRxA0mhs5mSpctJ/BBcuNwua5j3MspfRNKreCQPy/qZy/D9ADLL/PA=="
      },
      "nanoFramework.Hardware.Esp32": {
        "type": "Direct",
        "requested": "[1.6.8, 1.6.8]",
        "resolved": "1.6.8",
        "contentHash": "oeg8PeZNiZ3gf+Q7ix4tj8CoMQJgqzx8LqdGD0TIH2aPVwNDvnPFstIw8UFxLkyvjFN57AiqCMEJOu8TsiQoOA=="
      },
      "nanoFramework.Runtime.Events": {
        "type": "Direct",
        "requested": "[1.11.6, 1.11.6]",
        "resolved": "1.11.6",
        "contentHash": "xkltRh/2xKaZ9zmPHbVr32s1k+e17AInUBhzxKKkUDicJKF39yzTShSklb1OL6DBER5z71SpkGLyl9IdMK9l6w=="
      },
      "nanoFramework.System.Device.I2c": {
        "type": "Direct",
        "requested": "[1.1.11, 1.1.11]",
        "resolved": "1.1.11",
        "contentHash": "zV9CfXGTzTV8C+5SSBF5w6wZK4zcZeDtgv0XtXkkCEx8Z4woICsD+9me6YQEYz6IKQKoRAw6VEaQMScqs0b0mQ=="
      },
      "UnitsNet.nanoFramework.MassConcentration": {
        "type": "Direct",
        "requested": "[5.34.0, 5.34.0]",
        "resolved": "5.34.0",
        "contentHash": "GacLu6ZaRKyOw+gtgDMXQLyd3xsNxZ2ELxuGCrQdHeUFV/mvFS8F40jqC3lhCLHQ+09T6ZaT/SDKNMV7qeSGFw=="
      },
      "UnitsNet.nanoFramework.RelativeHumidity": {
        "type": "Direct",
        "requested": "[5.34.0, 5.34.0]",
        "resolved": "5.34.0",
        "contentHash": "bmqNIkJTz437nYfU2fHEd/WbvU4NuQc/qWXkn24+HQ+4fjYD+qn/SfEyboFY14oXrpu0MlS6YwV2+j4I/pv4AA=="
      },
      "UnitsNet.nanoFramework.Temperature": {
        "type": "Direct",
        "requested": "[5.34.0, 5.34.0]",
        "resolved": "5.34.0",
        "contentHash": "8b9A24UXzACoHM77CEOP8Wndzy9GuiWEhubDW152pKCdMElsbpMhXLv98rBtOP7GDDdu9ouvJJ3jDfS0P8VrEg=="
      }
    }
  }
}