{
  "version": 1,
  "dependencies": {
    ".NETnanoFramework,Version=v1.0": {
      "nanoFramework.CoreLibrary": {
        "type": "Direct",
        "requested": "[1.15.5, 1.15.5]",
        "resolved": "1.15.5",
        "contentHash": "u2+GvAp1uxLrGdILACAZy+EVKOs28EQ52j8Lz7599egXZ3GBGejjnR2ofhjMQwzrJLlgtyrsx8nSLngDfJNsAg=="
      },
      "nanoFramework.Hardware.Esp32": {
        "type": "Direct",
        "requested": "[1.6.23, 1.6.23]",
        "resolved": "1.6.23",
        "contentHash": "rgNByDk4jttssYlXAhDpgt0IWYoUNbyDSQjy7xV7tG+z8dTt7IjA5ehe42028Umwoe6ksHm8mRDfFsITotbNiA=="
      },
      "nanoFramework.Runtime.Events": {
        "type": "Direct",
        "requested": "[1.11.18, 1.11.18]",
        "resolved": "1.11.18",
        "contentHash": "t0XpUkdyBBBv/0S4oGx3yUJG1iPYWc38odvZW8mVoioSxZOJrRkRHpNfwYxTxtP4LIEyyesOPEH42d05FHfHzA=="
      },
      "nanoFramework.System.Device.I2c": {
        "type": "Direct",
        "requested": "[1.1.16, 1.1.16]",
        "resolved": "1.1.16",
        "contentHash": "33YPnlZVjFwx0mOhdKTOggx+TvbjTD3WZ6rkSB33ytF9fHoqfvS1AYr4+ScUHW4z2yE7vxVWBol5mI7iEg4Aiw=="
      },
      "UnitsNet.nanoFramework.MassConcentration": {
        "type": "Direct",
        "requested": "[5.61.0, 5.61.0]",
        "resolved": "5.61.0",
        "contentHash": "kQVCEDdXdtQjbSXb9djT/1Myv4On0pM8Ap7OpaMYkBdkKDBKT+SrHFlaE+mabvGqN8aovHLNTbJ9wvNKWRiZhA=="
      },
      "UnitsNet.nanoFramework.RelativeHumidity": {
        "type": "Direct",
        "requested": "[5.61.0, 5.61.0]",
        "resolved": "5.61.0",
        "contentHash": "VcYQWGvXceNycOvTfcriULXIH69wnYHVTksqUW7RLO644n16I3SXecxyPFkVBrdLK1yVbyBoIXSThwhjr5OKMQ=="
      },
      "UnitsNet.nanoFramework.Temperature": {
        "type": "Direct",
        "requested": "[5.61.0, 5.61.0]",
        "resolved": "5.61.0",
        "contentHash": "LT3Buhdj5gNSoE4QwK93XJ2jFfvCL0lOUcoUmLl6An/0wWnTILWef2NT//IyuuXVn4oK7Aejv8/J3IYTbXADZg=="
      }
    }
  }
}