
Microsoft Visual Studio Solution File, Format Version 12.00
# Visual Studio Version 16
VisualStudioVersion = 16.0.30413.136
MinimumVisualStudioVersion = 10.0.40219.1
Project("{11A8DD76-328B-46DF-9F39-F559912D0360}") = "Pcx857x", "Pcx857x.nfproj", "{21DCD990-F768-47A3-A2E5-3D0AB53AC536}"
EndProject
<!-- SAMPLES PROJECT PLACEHOLDER -->
Project("{11A8DD76-328B-46DF-9F39-F559912D0360}") = "Pcx857x.Tests", "tests\Pcx857x.Tests.nfproj", "{5CCFB248-CDEA-46B1-BBBF-5F94A63E7B85}"
EndProject

Global
    GlobalSection(SolutionConfigurationPlatforms) = preSolution
        Debug|Any CPU = Debug|Any CPU
        Release|Any CPU = Release|Any CPU
    EndGlobalSection
    GlobalSection(ProjectConfigurationPlatforms) = postSolution
        {21DCD990-F768-47A3-A2E5-3D0AB53AC536}.Debug|Any CPU.ActiveCfg = Debug|Any CPU
        {21DCD990-F768-47A3-A2E5-3D0AB53AC536}.Debug|Any CPU.Build.0 = Debug|Any CPU
        {21DCD990-F768-47A3-A2E5-3D0AB53AC536}.Debug|Any CPU.Deploy.0 = Debug|Any CPU
        {21DCD990-F768-47A3-A2E5-3D0AB53AC536}.Release|Any CPU.ActiveCfg = Release|Any CPU
        {21DCD990-F768-47A3-A2E5-3D0AB53AC536}.Release|Any CPU.Build.0 = Release|Any CPU
        {21DCD990-F768-47A3-A2E5-3D0AB53AC536}.Release|Any CPU.Deploy.0 = Release|Any CPU
    EndGlobalSection
EndGlobal
