{
  "version": 1,
  "dependencies": {
    ".NETnanoFramework,Version=v1.0": {
      "nanoFramework.CoreLibrary": {
        "type": "Direct",
        "requested": "[1.17.7, 1.17.7]",
        "resolved": "1.17.7",
        "contentHash": "LbP1JJXV5g9cSxb4TgWBIFHXtW6fpKHy/FcylOHAn8WAh/smkyWRrwzEj4784QvScNi/b07zn+A5/JpmDvLc1A=="
      },
      "nanoFramework.Hardware.Esp32": {
        "type": "Direct",
        "requested": "[1.6.33, 1.6.33]",
        "resolved": "1.6.33",
        "contentHash": "PEjRm8G4yKJZ8ncgAopEVUFnqq/NmdPmn1l4XkADtPIxLpP20Dj20Vc2d5x/LMKR3MNg2lNWvCoPvkdRqiRLLg=="
      },
      "nanoFramework.Runtime.Events": {
        "type": "Direct",
        "requested": "[1.11.31, 1.11.31]",
        "resolved": "1.11.31",
        "contentHash": "VvrHqbBRh3AF6iNW/ZDyFRGMkpz1P6GLvqpU187t1l0Ejhdsisf5VLL2grwqbd62mBeW3MGJLn5OZKJ55jlnqg=="
      },
      "nanoFramework.System.Device.Gpio": {
        "type": "Direct",
        "requested": "[1.1.56, 1.1.56]",
        "resolved": "1.1.56",
        "contentHash": "i5+EadLsqfpwKp2wd7/+Ud4I6I4H34zSW8oTTMqJOzmMniS1Qv2a4wYo1gqhbGAjdYnF1sjJVpyWj/C6ijRnyA=="
      },
      "nanoFramework.System.Device.I2c": {
        "type": "Direct",
        "requested": "[1.1.28, 1.1.28]",
        "resolved": "1.1.28",
        "contentHash": "IQJe57xxBsFpemfwfXGeCCAZnb5AVOM7cBNvCFYY/gE1y0VOgKRmqO9p2RTVVumACMSrTLWdreeJImD6Zfwptg=="
      },
      "UnitsNet.nanoFramework.ElectricCurrent": {
        "type": "Direct",
        "requested": "[5.73.0, 5.73.0]",
        "resolved": "5.73.0",
        "contentHash": "hXgYQR00s5Y7CRxl8AhJqLFQiexVRRfR0tnJypBzWslFSrItJ+61KhiDgDLpRkFR+yYSNsl6VrgeGpMcwQzPlg=="
      },
      "UnitsNet.nanoFramework.ElectricPotential": {
        "type": "Direct",
        "requested": "[5.73.0, 5.73.0]",
        "resolved": "5.73.0",
        "contentHash": "3v+oJtilypdOrgIEExkOvTtf4hLuWH2rn1B9vdU7nSSgZ6P6mROheqvRZDClLH/+Q5hUi6UAt6/ki9yX8qoOIw=="
      },
      "UnitsNet.nanoFramework.Power": {
        "type": "Direct",
        "requested": "[5.73.0, 5.73.0]",
        "resolved": "5.73.0",
        "contentHash": "J2FhXflDI96LWMrZCWfwk7PeRWdErnL9d+HwJjBGPHBLQh5z94rakkva7zvhspQ1iy3uMsG1PH+lAyhNQR3qGw=="
      },
      "UnitsNet.nanoFramework.Temperature": {
        "type": "Direct",
        "requested": "[5.73.0, 5.73.0]",
        "resolved": "5.73.0",
        "contentHash": "DtvAr+LAt1nyd4Gb/ltdqWMuVALgyWopQd0raON6MigqaZT+0aWNCd4tzmU9wEprzz1CKuiQBBt5+JKS5R0jBA=="
      }
    }
  }
}