{
  "version": 1,
  "dependencies": {
    ".NETnanoFramework,Version=v1.0": {
      "nanoFramework.CoreLibrary": {
        "type": "Direct",
        "requested": "[2.0.0-preview.35, 2.0.0-preview.35]",
        "resolved": "2.0.0-preview.35",
        "contentHash": "l3LZs5zLeYKP+21DmVykOBWQvcLWOzgOls2JU6R2mRb2cz1+SitRCaEC5bTEJHs888JdHi3xWMVe3GkRzZ/2Lg=="
      },
      "nanoFramework.Logging": {
        "type": "Direct",
        "requested": "[1.1.161, 1.1.161]",
        "resolved": "1.1.161",
        "contentHash": "ASEnCqp/WL+0EPyTYAUUdBSX6g1GkqewPOrTCLq9iZicf9+DFDzd+fpzrfinWd3YqSQ+eb16QzReARm1V0EfNw=="
      },
      "nanoFramework.System.Buffers.Binary.BinaryPrimitives": {
        "type": "Direct",
        "requested": "[2.0.0-preview.11, 2.0.0-preview.11]",
        "resolved": "2.0.0-preview.11",
        "contentHash": "7hdCQXZfiEVaHIO7W/4JWH9tieh22RwfISVQ/5cktEh+FsTWAz6WPz0KHn8gUTWI9aFD6VesJkVyufVyNqvCxw=="
      }
    }
  }
}