
Microsoft Visual Studio Solution File, Format Version 12.00
# Visual Studio Version 16
VisualStudioVersion = 16.0.30413.136
MinimumVisualStudioVersion = 10.0.40219.1
Project("{11A8DD76-328B-46DF-9F39-F559912D0360}") = "SocketCan", "SocketCan.nfproj", "{49183F8F-53BF-4929-BAF0-C39917B2ECF7}"
EndProject
Project("{11A8DD76-328B-46DF-9F39-F559912D0360}") = "SocketCan.Samples", "samples\\SocketCan.Samples.nfproj", "{896B30BC-523B-44C8-9096-7CE003054D2A}"
EndProject
<!-- SAMPLES PROJECT PLACEHOLDER -->
<!-- UNIT TESTS PROJECT PLACEHOLDER -->

Global
    GlobalSection(SolutionConfigurationPlatforms) = preSolution
        Debug|Any CPU = Debug|Any CPU
        Release|Any CPU = Release|Any CPU
    EndGlobalSection
    GlobalSection(ProjectConfigurationPlatforms) = postSolution
        {49183F8F-53BF-4929-BAF0-C39917B2ECF7}.Debug|Any CPU.ActiveCfg = Debug|Any CPU
        {49183F8F-53BF-4929-BAF0-C39917B2ECF7}.Debug|Any CPU.Build.0 = Debug|Any CPU
        {49183F8F-53BF-4929-BAF0-C39917B2ECF7}.Debug|Any CPU.Deploy.0 = Debug|Any CPU
        {49183F8F-53BF-4929-BAF0-C39917B2ECF7}.Release|Any CPU.ActiveCfg = Release|Any CPU
        {49183F8F-53BF-4929-BAF0-C39917B2ECF7}.Release|Any CPU.Build.0 = Release|Any CPU
        {49183F8F-53BF-4929-BAF0-C39917B2ECF7}.Release|Any CPU.Deploy.0 = Release|Any CPU
    EndGlobalSection
EndGlobal
