
Microsoft Visual Studio Solution File, Format Version 12.00
# Visual Studio Version 16
VisualStudioVersion = 16.0.30413.136
MinimumVisualStudioVersion = 10.0.40219.1
Project("{11A8DD76-328B-46DF-9F39-F559912D0360}") = "Ccs811", "Ccs811.nfproj", "{1BC8D793-F49D-49CB-9F72-373E289D0B2D}"
EndProject
Project("{11A8DD76-328B-46DF-9F39-F559912D0360}") = "Ccs811.Samples", "samples\Ccs811.Samples.nfproj", "{60F47162-D118-4310-B53F-3EA3E1C9B87E}"
EndProject
<!-- UNIT TESTS PROJECT PLACEHOLDER -->

Global
    GlobalSection(SolutionConfigurationPlatforms) = preSolution
        Debug|Any CPU = Debug|Any CPU
        Release|Any CPU = Release|Any CPU
    EndGlobalSection
    GlobalSection(ProjectConfigurationPlatforms) = postSolution
        {1BC8D793-F49D-49CB-9F72-373E289D0B2D}.Debug|Any CPU.ActiveCfg = Debug|Any CPU
        {1BC8D793-F49D-49CB-9F72-373E289D0B2D}.Debug|Any CPU.Build.0 = Debug|Any CPU
        {1BC8D793-F49D-49CB-9F72-373E289D0B2D}.Debug|Any CPU.Deploy.0 = Debug|Any CPU
        {1BC8D793-F49D-49CB-9F72-373E289D0B2D}.Release|Any CPU.ActiveCfg = Release|Any CPU
        {1BC8D793-F49D-49CB-9F72-373E289D0B2D}.Release|Any CPU.Build.0 = Release|Any CPU
        {1BC8D793-F49D-49CB-9F72-373E289D0B2D}.Release|Any CPU.Deploy.0 = Release|Any CPU
    EndGlobalSection
EndGlobal
