{
  "version": 1,
  "dependencies": {
    ".NETnanoFramework,Version=v1.0": {
      "nanoFramework.CoreLibrary": {
        "type": "Direct",
        "requested": "[2.0.0-preview.33, 2.0.0-preview.33]",
        "resolved": "2.0.0-preview.33",
        "contentHash": "VVr+TmThdBt9zzXFzFewB5GUsNm2BE8+/3OtaCiJVg76v0Wr87A0Mi6R74hm78otfIhPJ66aPaRd+fA23dmJjQ=="
      },
      "nanoFramework.System.Buffers.Binary.BinaryPrimitives": {
        "type": "Direct",
        "requested": "[1.2.862, 1.2.862]",
        "resolved": "1.2.862",
        "contentHash": "O+jmbbw2h2cjCTShsvWCzjqn/kmRacJE4Ena9gJt5xF5D7XHyYh/uE/qbZ4LhlmlN6JCZjLRNiEfHyM1YUjyxg=="
      },
      "nanoFramework.System.Text": {
        "type": "Direct",
        "requested": "[2.0.0-preview.6, 2.0.0-preview.6]",
        "resolved": "2.0.0-preview.6",
        "contentHash": "/A9M9sGW8rsAg6YF81quWV9MvQseKWZodf+pK6lp3Bw12NkXwgwiAo1+9geJQFwDsqi2L9BcLb3IIs/BerGTbQ=="
      }
    }
  }
}