{
  "version": 1,
  "dependencies": {
    ".NETnanoFramework,Version=v1.0": {
      "nanoFramework.CoreLibrary": {
        "type": "Direct",
        "requested": "[2.0.0-preview.52, 2.0.0-preview.52]",
        "resolved": "2.0.0-preview.52",
        "contentHash": "cV9JEhoc2OV/UL602i5xmEwQpnn/gzVMlDTAIAMRxCNwBKNYLO9U50OkJykpGnO2SULTsmvFqQWEGZiuANBZHw=="
      },
      "nanoFramework.Graphics.Core": {
        "type": "Direct",
        "requested": "[2.0.0-preview.29, 2.0.0-preview.29]",
        "resolved": "2.0.0-preview.29",
        "contentHash": "iUYE7YNyjXgr8Qw0AWbqyhZWh7JUmp6fXyUDYBy6U6xZqnSfj4cKTploGixIYzPaQfA2EPIvBx19aKNfs77zdQ=="
      },
      "nanoFramework.Hardware.Esp32": {
        "type": "Direct",
        "requested": "[2.0.0-preview.12, 2.0.0-preview.12]",
        "resolved": "2.0.0-preview.12",
        "contentHash": "REFam731tAR2xtgoE67eWqZS208vnkPoTpe/5xTRhxeS/chw0w3VUAnP9RUKUehwe+pOIyJmtyU/WzauUXKeDw=="
      },
      "nanoFramework.Iot.Device.Multiplexing": {
        "type": "Direct",
        "requested": "[2.0.0-preview.77, 2.0.0-preview.77]",
        "resolved": "2.0.0-preview.77",
        "contentHash": "BIVA2SVivjHz8aKFWnB+P3x3BLT7xxSlHYSpLMRp2bcdwTNZ+g0fBnRiC+FsOTDwD98zkCHS5bwJVYPKXDskZw=="
      },
      "nanoFramework.Iot.Device.Pcx857x": {
        "type": "Direct",
        "requested": "[2.0.0-preview.109, 2.0.0-preview.109]",
        "resolved": "2.0.0-preview.109",
        "contentHash": "xrqAM0PofNx+cfQJOXTut8Bk8icULwlJr2qgyes7jcvQ1r6j0vs2bQGw9NYAnYb6kMluWxW1oe5Ghmr3hYaeRQ=="
      },
      "nanoFramework.Iot.Device.ShiftRegister": {
        "type": "Direct",
        "requested": "[2.0.0-preview.92, 2.0.0-preview.92]",
        "resolved": "2.0.0-preview.92",
        "contentHash": "WJ5xmMoRRUxDbpXLNQLQucczESgKGplygDNWt071kP70D4vJVA/7AkD+oj9wUnw0FpvPuiaGh6H3pLcXjNSoLw=="
      },
      "nanoFramework.Runtime.Events": {
        "type": "Direct",
        "requested": "[2.0.0-preview.13, 2.0.0-preview.13]",
        "resolved": "2.0.0-preview.13",
        "contentHash": "LmPsdvTKJ5HiJbX0FNFWWIvHh23kWmKWCIHggSnMrjaZnjXubqct75mQiB2aWtC7IW0PjGxB2A4cvtle3Zjvzg=="
      },
      "nanoFramework.Runtime.Native": {
        "type": "Direct",
        "requested": "[2.0.0-preview.25, 2.0.0-preview.25]",
        "resolved": "2.0.0-preview.25",
        "contentHash": "/CXYVGa3HXrEA4JJ1lQsQtnczgA4W7exSqlyyWKxh29TLHPalll6Y5UoxsBmbRX0WDCWBmBZvdGNIaL3wLpuOA=="
      },
      "nanoFramework.System.Collections": {
        "type": "Direct",
        "requested": "[2.0.0-preview.15, 2.0.0-preview.15]",
        "resolved": "2.0.0-preview.15",
        "contentHash": "yyTSBujvtMHe5IYK26Q4Ys3o19pmrzhYDUzRHgnKFZNcQYRUIfd1C9Vt2UBDPF3hjHQnIVtrnry+7Pp/U00U/g=="
      },
      "nanoFramework.System.Device.Gpio": {
        "type": "Direct",
        "requested": "[2.0.0-preview.18, 2.0.0-preview.18]",
        "resolved": "2.0.0-preview.18",
        "contentHash": "e5hKEwabzb4LOau0A0sPCggh2cgNBMR6EVo+dbGvGNwLCo1t9NN3Eoqjy7vI2KVrfUHQkLJV7cSOG/RJCOm9sw=="
      },
      "nanoFramework.System.Device.I2c": {
        "type": "Direct",
        "requested": "[2.0.0-preview.12, 2.0.0-preview.12]",
        "resolved": "2.0.0-preview.12",
        "contentHash": "i2saSw4cycURTRIJQyd2jm7y/zvFCXqKHrh7h+uim5tfkboIphRoZzj+G3YJxu+Nz53WNyAyCyv2QEMOPt0fYg=="
      },
      "nanoFramework.System.Device.Spi": {
        "type": "Direct",
        "requested": "[2.0.0-preview.19, 2.0.0-preview.19]",
        "resolved": "2.0.0-preview.19",
        "contentHash": "YHYQykT4lYcyx0f1lyggTd1LWb2CSLK7t/19bzthobzgnzCg/JitH4iS4fBjqhDKI4SUWNbvfayttah91JNSmA=="
      },
      "nanoFramework.System.Diagnostics.Stopwatch": {
        "type": "Direct",
        "requested": "[2.0.0-preview.82, 2.0.0-preview.82]",
        "resolved": "2.0.0-preview.82",
        "contentHash": "/M486TgzjNqsmO7B5Pdu0ZogWgTvxe3LZ87Ib/wAFT32BIbO/i1ynwkYrM0legYPQAkEwsrz2aRoZPnw0jjGYA=="
      },
      "nanoFramework.System.IO.FileSystem": {
        "type": "Direct",
        "requested": "[2.0.0-preview.21, 2.0.0-preview.21]",
        "resolved": "2.0.0-preview.21",
        "contentHash": "qDh+efML+DdRXZ/ODNx4KlIESm9BsLJ1fn2L3wwIM2wzEXfHiIKqSXa3LiKTBKg9eKrnRpro3mJi9uRCn9d76g=="
      },
      "nanoFramework.System.IO.Streams": {
        "type": "Direct",
        "requested": "[2.0.0-preview.22, 2.0.0-preview.22]",
        "resolved": "2.0.0-preview.22",
        "contentHash": "TwAY/tgMEZwEP06SjKElRKs+y8mzRNe3D32J+x/IhUtJmjnowv37BQwPpycOH3w5TWjf95YDP4AUFsDhjGs4Vg=="
      },
      "nanoFramework.System.Math": {
        "type": "Direct",
        "requested": "[2.0.0-preview.19, 2.0.0-preview.19]",
        "resolved": "2.0.0-preview.19",
        "contentHash": "rA+f9ooOIDVpHPvvnroV3KifN+uUD7LcGGXBqVhr1cE2YlSnsFtGHrXebOl/GyCSMlK0KsmgcAGVMIMTVas4Eg=="
      },
      "nanoFramework.System.Text": {
        "type": "Direct",
        "requested": "[2.0.0-preview.23, 2.0.0-preview.23]",
        "resolved": "2.0.0-preview.23",
        "contentHash": "ZS+T/tUqF37IFnwi4GzBLfCAiffafbOExYZSmZeKrB0NVMkms/8onBgwIw8rN9I5WmzugbQCNKGY+jdJF9s2/A=="
      },
      "nanoFramework.System.Threading": {
        "type": "Direct",
        "requested": "[2.0.0-preview.14, 2.0.0-preview.14]",
        "resolved": "2.0.0-preview.14",
        "contentHash": "4JBZx5/Y3Dd5BZJXHEOw6rD54aWL1p7W2f9QrLRgRQrprIO6AylEFlH2tQuxlyE5YtNRRxaapW4s2mZiOs0Wxg=="
      }
    }
  }
}