
Microsoft Visual Studio Solution File, Format Version 12.00
# Visual Studio Version 16
VisualStudioVersion = 16.0.30413.136
MinimumVisualStudioVersion = 10.0.40219.1
Project("{11A8DD76-328B-46DF-9F39-F559912D0360}") = "CreditCardProcessing", "CreditCardProcessing.nfproj", "{55B73744-5657-436F-9A36-E0B54CCB86A3}"
EndProject
<!-- SAMPLES PROJECT PLACEHOLDER -->
<!-- UNIT TESTS PROJECT PLACEHOLDER -->

Global
    GlobalSection(SolutionConfigurationPlatforms) = preSolution
        Debug|Any CPU = Debug|Any CPU
        Release|Any CPU = Release|Any CPU
    EndGlobalSection
    GlobalSection(ProjectConfigurationPlatforms) = postSolution
        {55B73744-5657-436F-9A36-E0B54CCB86A3}.Debug|Any CPU.ActiveCfg = Debug|Any CPU
        {55B73744-5657-436F-9A36-E0B54CCB86A3}.Debug|Any CPU.Build.0 = Debug|Any CPU
        {55B73744-5657-436F-9A36-E0B54CCB86A3}.Debug|Any CPU.Deploy.0 = Debug|Any CPU
        {55B73744-5657-436F-9A36-E0B54CCB86A3}.Release|Any CPU.ActiveCfg = Release|Any CPU
        {55B73744-5657-436F-9A36-E0B54CCB86A3}.Release|Any CPU.Build.0 = Release|Any CPU
        {55B73744-5657-436F-9A36-E0B54CCB86A3}.Release|Any CPU.Deploy.0 = Release|Any CPU
    EndGlobalSection
EndGlobal
