{
  "version": 1,
  "dependencies": {
    ".NETnanoFramework,Version=v1.0": {
      "nanoFramework.CoreLibrary": {
        "type": "Direct",
        "requested": "[1.14.2, 1.14.2]",
        "resolved": "1.14.2",
        "contentHash": "j1mrz4mitl5LItvmHMsw1aHzCAfvTTgIkRxA0mhs5mSpctJ/BBcuNwua5j3MspfRNKreCQPy/qZy/D9ADLL/PA=="
      },
      "nanoFramework.Iot.Device.Common.WeatherHelper": {
        "type": "Direct",
        "requested": "[1.2.376, 1.2.376]",
        "resolved": "1.2.376",
        "contentHash": "XSg7z0b16mndm4JbcdL5pWkT48/EYTImN8YprORuhGg7qHtr2khDfaWDznilw0VPlSqbMkDsTlHu1ZhHkSw8qA=="
      },
      "nanoFramework.System.Buffers.Binary.BinaryPrimitives": {
        "type": "Direct",
        "requested": "[1.2.325, 1.2.325]",
        "resolved": "1.2.325",
        "contentHash": "uwNE0GprnJplF0J238jRa9f7JaXgZxbTJckXMaJEVBxqkmLncw4Mi+rfJdr6mOoLWLQVaE5NevciWZnUja2lJQ=="
      },
      "nanoFramework.System.Device.I2c": {
        "type": "Direct",
        "requested": "[1.1.11, 1.1.11]",
        "resolved": "1.1.11",
        "contentHash": "zV9CfXGTzTV8C+5SSBF5w6wZK4zcZeDtgv0XtXkkCEx8Z4woICsD+9me6YQEYz6IKQKoRAw6VEaQMScqs0b0mQ=="
      },
      "nanoFramework.System.Device.Model": {
        "type": "Direct",
        "requested": "[1.2.325, 1.2.325]",
        "resolved": "1.2.325",
        "contentHash": "0g0ohwuDmBIKm3hycmCnGZC/d/mYhAl2GPMMRcLhcnQJWNeDBvMe3hJlUBpo36tgjfrjniF11n+HkvGy4DzJ5Q=="
      },
      "nanoFramework.System.Math": {
        "type": "Direct",
        "requested": "[1.5.29, 1.5.29]",
        "resolved": "1.5.29",
        "contentHash": "PyufZzrtDA7HKCbrbOEbqDhaWK5vflJmAi7RJ+a4cPLMmO9cSWc0dUbylMg6Wxg7Ggu1VmcPqfCIZPFHbx5/2A=="
      },
      "nanoFramework.TestFramework": {
        "type": "Direct",
        "requested": "[2.1.85, 2.1.85]",
        "resolved": "2.1.85",
        "contentHash": "UAydT9MgZfufPcLpn5KbFZkR3ul6zSt9ERYDPDen7IWxeT+fGpRTes8QTWfhgMsxF3E27b3wI6K6wwWQkeGuFQ=="
      },
      "UnitsNet.nanoFramework.Length": {
        "type": "Direct",
        "requested": "[5.31.0, 5.31.0]",
        "resolved": "5.31.0",
        "contentHash": "ZY4p+09mEBG/1q6yBypJnMTLOOwgqSENCnTrlTcDzLDruw69uUx/ke4vfn7JEUJiBNMlx5SBKtoIzdJydrTKSQ=="
      },
      "UnitsNet.nanoFramework.Pressure": {
        "type": "Direct",
        "requested": "[5.31.0, 5.31.0]",
        "resolved": "5.31.0",
        "contentHash": "kFHxzrCOkK8CaQXvVBLinGQ2BBLbmBi1gweOnawBEiLMuhzH46gonLpVT/bQ2KYYrNqzarveMLzco7ZsZeXJ/g=="
      },
      "UnitsNet.nanoFramework.RelativeHumidity": {
        "type": "Direct",
        "requested": "[5.31.0, 5.31.0]",
        "resolved": "5.31.0",
        "contentHash": "6IoGZd3D/9eKvPtNTGfpQEZBGkKpvm/MbLVk9WVAd6b+IE/XZkkI6U4sRZxqmTYwgw9kqZ9IQB4hJaFslxgJaA=="
      },
      "UnitsNet.nanoFramework.Temperature": {
        "type": "Direct",
        "requested": "[5.31.0, 5.31.0]",
        "resolved": "5.31.0",
        "contentHash": "HFe4AlPY8lxgb1sIjyjQ1EUNWFnHRQrMEZrtAFgj5FygaM+gXu+5zW4NT++DxQaittnQNbv0pC27DwqJ8h+p7Q=="
      }
    }
  }
}