
Microsoft Visual Studio Solution File, Format Version 12.00
# Visual Studio Version 16
VisualStudioVersion = 16.0.30413.136
MinimumVisualStudioVersion = 10.0.40219.1
Project("{11A8DD76-328B-46DF-9F39-F559912D0360}") = "LidarLiteV3", "LidarLiteV3.nfproj", "{D3B37304-47AF-4862-B445-99F1931B832B}"
EndProject
Project("{11A8DD76-328B-46DF-9F39-F559912D0360}") = "LidarLiteV3.Samples", "samples\LidarLiteV3.Samples.nfproj", "{7AFB1E4C-5B62-4DDD-B5F9-DFEEDBAAC71A}"
EndProject
<!-- UNIT TESTS PROJECT PLACEHOLDER -->

Global
    GlobalSection(SolutionConfigurationPlatforms) = preSolution
        Debug|Any CPU = Debug|Any CPU
        Release|Any CPU = Release|Any CPU
    EndGlobalSection
    GlobalSection(ProjectConfigurationPlatforms) = postSolution
        {D3B37304-47AF-4862-B445-99F1931B832B}.Debug|Any CPU.ActiveCfg = Debug|Any CPU
        {D3B37304-47AF-4862-B445-99F1931B832B}.Debug|Any CPU.Build.0 = Debug|Any CPU
        {D3B37304-47AF-4862-B445-99F1931B832B}.Debug|Any CPU.Deploy.0 = Debug|Any CPU
        {D3B37304-47AF-4862-B445-99F1931B832B}.Release|Any CPU.ActiveCfg = Release|Any CPU
        {D3B37304-47AF-4862-B445-99F1931B832B}.Release|Any CPU.Build.0 = Release|Any CPU
        {D3B37304-47AF-4862-B445-99F1931B832B}.Release|Any CPU.Deploy.0 = Release|Any CPU
    EndGlobalSection
EndGlobal
