{
  "version": 1,
  "dependencies": {
    ".NETnanoFramework,Version=v1.0": {
      "nanoFramework.CoreLibrary": {
        "type": "Direct",
        "requested": "[1.14.2, 1.14.2]",
        "resolved": "1.14.2",
        "contentHash": "j1mrz4mitl5LItvmHMsw1aHzCAfvTTgIkRxA0mhs5mSpctJ/BBcuNwua5j3MspfRNKreCQPy/qZy/D9ADLL/PA=="
      },
      "nanoFramework.Iot.Device.Common.WeatherHelper": {
        "type": "Direct",
        "requested": "[1.2.258, 1.2.258]",
        "resolved": "1.2.258",
        "contentHash": "X0gJ7Jxku0G7iBOGh3zBj1dfr17vMQe+Bq4Fr3ibQJoiXm6Ap4XEjF12+eTsQyCzHOKrgstjoLRWM7huGBl/FA=="
      },
      "nanoFramework.System.Device.I2c": {
        "type": "Direct",
        "requested": "[1.1.9, 1.1.9]",
        "resolved": "1.1.9",
        "contentHash": "ufBbB/mtkaxDrPCP1JfzUmPQkrJaXGSTuOfvRL/gl46ZP+PIFmO6wuaF+RNU1jL4sgKTKx8uNe+FakIrTpLABA=="
      },
      "nanoFramework.System.Device.Model": {
        "type": "Direct",
        "requested": "[1.2.216, 1.2.216]",
        "resolved": "1.2.216",
        "contentHash": "j10+Y5KT+f0p7czUA+sJhvVYfJBu7D3cfFiXAsx0bUgBn53J87cda3AeXukU0U0sXhhNWGmmz3XWBS/qMCL9eg=="
      },
      "nanoFramework.System.Math": {
        "type": "Direct",
        "requested": "[1.5.29, 1.5.29]",
        "resolved": "1.5.29",
        "contentHash": "PyufZzrtDA7HKCbrbOEbqDhaWK5vflJmAi7RJ+a4cPLMmO9cSWc0dUbylMg6Wxg7Ggu1VmcPqfCIZPFHbx5/2A=="
      },
      "UnitsNet.nanoFramework.Length": {
        "type": "Direct",
        "requested": "[5.5.0, 5.5.0]",
        "resolved": "5.5.0",
        "contentHash": "Gc6eiHSV4zpwaxV0KsjlKCwGv433oOwtrzpoH5+qTpgvmzxV6M4F0eA2zEO49gfvNTz7dYWOHC3OwxJL3MBRDg=="
      },
      "UnitsNet.nanoFramework.Pressure": {
        "type": "Direct",
        "requested": "[5.5.0, 5.5.0]",
        "resolved": "5.5.0",
        "contentHash": "AZTMdjPaH7SiTDLEHqkM4BUVOR0IduJMoGzYhjOpKMG3wOsQ+3JLhgznHcuhrOYF/ivJAFhbmRPXqI6izji7cA=="
      },
      "UnitsNet.nanoFramework.RelativeHumidity": {
        "type": "Direct",
        "requested": "[5.5.0, 5.5.0]",
        "resolved": "5.5.0",
        "contentHash": "QQs1TFjWwm8jzhuDiWu1gK8D/Pj0mGVpf3jj9jmixR69kdDwyYLiPuWyxbdpcWk1fZYcPW/bxi3ciQk/A1dunw=="
      },
      "UnitsNet.nanoFramework.Temperature": {
        "type": "Direct",
        "requested": "[5.5.0, 5.5.0]",
        "resolved": "5.5.0",
        "contentHash": "Z/xKTe6sjjU17zKoireU9tvdbAPSPBWvuSWDpMowJicE42jYDmsGzDedzA5jV4eYqQ1YUshR1bUEbrZy4SxelQ=="
      }
    }
  }
}