{
  "version": 1,
  "dependencies": {
    ".NETnanoFramework,Version=v1.0": {
      "nanoFramework.CoreLibrary": {
        "type": "Direct",
        "requested": "[1.17.1, 1.17.1]",
        "resolved": "1.17.1",
        "contentHash": "T/iPvP8AeZs/5UeZgVa2cZVbl79ioeRyBJLzx4qvKbE9RE+984AR5WPY4tjGIdXugs1AFUYYnydvuGCpy+P1ww=="
      },
      "nanoFramework.System.Buffers.Binary.BinaryPrimitives": {
        "type": "Direct",
        "requested": "[1.2.807, 1.2.807]",
        "resolved": "1.2.807",
        "contentHash": "fQFrTuKMu9mVc5g5vYIHog60xbQ9u0XDEzR+NkPKDPJ3PMqjd4UVmriwWUguGM7h+f0DxAiswmAuXeDVqyHr6w=="
      },
      "nanoFramework.System.Device.I2c": {
        "type": "Direct",
        "requested": "[1.1.27, 1.1.27]",
        "resolved": "1.1.27",
        "contentHash": "gyFoz1cABmcvplJcC7UiTYaC1GpYwnnuQxcypjddKiRqvhiEol7iezxIUsZ5E5v8G19HocpRqcMQV1oZrkXLTQ=="
      },
      "Nerdbank.GitVersioning": {
        "type": "Direct",
        "requested": "[3.7.115, 3.7.115]",
        "resolved": "3.7.115",
        "contentHash": "EpXamaAdRfG/BMxGgvZlTM0npRnkmXUjAj8OdNKd17t4oN+2nvjdv/KnFmzOOMDqvlwB49UCwtOHJrAQTfUBtQ=="
      },
      "StyleCop.MSBuild": {
        "type": "Direct",
        "requested": "[6.2.0, 6.2.0]",
        "resolved": "6.2.0",
        "contentHash": "6J51Kt5X+Os+Ckp20SFP1SlLu3tZl+3qBhCMtJUJqGDgwSr4oHT+eg545hXCdp07tRB/8nZfXTOBDdA1XXvjUw=="
      },
      "UnitsNet.nanoFramework.MassConcentration": {
        "type": "Direct",
        "requested": "[5.70.0, 5.70.0]",
        "resolved": "5.70.0",
        "contentHash": "RXM3jKIn/oFwWYtRsuHBzA2UxeGmnv0ubS0ye0X5yzaiVhldoGQmpn+rTBC4QPB6decONuuZWTN64AmPhxrnCQ=="
      },
      "UnitsNet.nanoFramework.RelativeHumidity": {
        "type": "Direct",
        "requested": "[5.70.0, 5.70.0]",
        "resolved": "5.70.0",
        "contentHash": "ZKVDGUcR84fKKXECPtb9/uCtSFw+jY+o8wh14uFSEi9oXSTGMGC+OXRJSQsJEXEsk4TqAG+7aNOAtDYrx22qQQ=="
      },
      "UnitsNet.nanoFramework.Temperature": {
        "type": "Direct",
        "requested": "[5.70.0, 5.70.0]",
        "resolved": "5.70.0",
        "contentHash": "uTSq1yiWrUiZSkrD36tzBhWpP1B6llmCP5onmj9TdBZ7D5DLbWe3T0K/VpyFt067NIe5K/Tva8qkPKGp+V0itA=="
      }
    }
  }
}