
Microsoft Visual Studio Solution File, Format Version 12.00
# Visual Studio Version 16
VisualStudioVersion = 16.0.30413.136
MinimumVisualStudioVersion = 10.0.40219.1
Project("{11A8DD76-328B-46DF-9F39-F559912D0360}") = "Mfrc522", "Mfrc522.nfproj", "{6D8AFD18-05A5-462C-8E3E-3648236802FF}"
EndProject
Project("{11A8DD76-328B-46DF-9F39-F559912D0360}") = "Mfrc522.Sample", "samples\\Mfrc522.Sample.nfproj", "{405158EC-E67C-4FF4-A4E4-26C637140138}"
EndProject
<!-- SAMPLES PROJECT PLACEHOLDER -->
<!-- UNIT TESTS PROJECT PLACEHOLDER -->

Global
    GlobalSection(SolutionConfigurationPlatforms) = preSolution
        Debug|Any CPU = Debug|Any CPU
        Release|Any CPU = Release|Any CPU
    EndGlobalSection
    GlobalSection(ProjectConfigurationPlatforms) = postSolution
        {6D8AFD18-05A5-462C-8E3E-3648236802FF}.Debug|Any CPU.ActiveCfg = Debug|Any CPU
        {6D8AFD18-05A5-462C-8E3E-3648236802FF}.Debug|Any CPU.Build.0 = Debug|Any CPU
        {6D8AFD18-05A5-462C-8E3E-3648236802FF}.Debug|Any CPU.Deploy.0 = Debug|Any CPU
        {6D8AFD18-05A5-462C-8E3E-3648236802FF}.Release|Any CPU.ActiveCfg = Release|Any CPU
        {6D8AFD18-05A5-462C-8E3E-3648236802FF}.Release|Any CPU.Build.0 = Release|Any CPU
        {6D8AFD18-05A5-462C-8E3E-3648236802FF}.Release|Any CPU.Deploy.0 = Release|Any CPU
    EndGlobalSection
EndGlobal
