{
  "version": 1,
  "dependencies": {
    ".NETnanoFramework,Version=v1.0": {
      "nanoFramework.CoreLibrary": {
        "type": "Direct",
        "requested": "[1.17.11, 1.17.11]",
        "resolved": "1.17.11",
        "contentHash": "HezzAc0o2XrSGf85xSeD/6xsO6ohF9hX6/iMQ1IZS6Zw6umr4WfAN2Jv0BrPxkaYwzEegJxxZujkHoUIAqtOMw=="
      },
      "nanoFramework.Runtime.Events": {
        "type": "Direct",
        "requested": "[1.11.32, 1.11.32]",
        "resolved": "1.11.32",
        "contentHash": "NyLUIwJDlpl5VKSd+ljmdDtO2WHHBvPvruo1ccaL+hd79z+6XMYze1AccOVXKGiZenLBCwDmFHwpgIQyHkM7GA=="
      },
      "nanoFramework.System.Buffers.Binary.BinaryPrimitives": {
        "type": "Direct",
        "requested": "[1.2.862, 1.2.862]",
        "resolved": "1.2.862",
        "contentHash": "O+jmbbw2h2cjCTShsvWCzjqn/kmRacJE4Ena9gJt5xF5D7XHyYh/uE/qbZ4LhlmlN6JCZjLRNiEfHyM1YUjyxg=="
      },
      "nanoFramework.System.Device.Gpio": {
        "type": "Direct",
        "requested": "[1.1.57, 1.1.57]",
        "resolved": "1.1.57",
        "contentHash": "Es7jHRrT/+0Ty9uJNzJUcTn+aCpjkxXnmsaM+g9HXvLZ8k4SDCCqmO9pT317nX+9ehmgGo2JKrtmkekgbOp+Pw=="
      },
      "nanoFramework.System.Device.Spi": {
        "type": "Direct",
        "requested": "[1.3.82, 1.3.82]",
        "resolved": "1.3.82",
        "contentHash": "kfYc1CNGB12Dd3UO6sgyesf8dLeuycv3z5B6FWEJWCbjDVb24PAUukoDk8oRgr7cBMtmYl1BNja20N5pJ9yYxQ=="
      },
      "nanoFramework.System.Math": {
        "type": "Direct",
        "requested": "[1.5.116, 1.5.116]",
        "resolved": "1.5.116",
        "contentHash": "0S05UKcoI9Ukz9cMNPC9huFW9vSL42/4gIh4fw8ou8HkcFmTYb0OL8VF2Ah94hEDW5mqcYAVr0ipuGWPzIRqaA=="
      },
      "Nerdbank.GitVersioning": {
        "type": "Direct",
        "requested": "[3.9.50, 3.9.50]",
        "resolved": "3.9.50",
        "contentHash": "HtOgGF6jZ+WYbXnCUCYPT8Y2d6mIJo9ozjK/FINTRsXdm4Zgv9GehUMa7EFoGQkqrMcDJNOIDwCmENnvXg4UbA=="
      },
      "UnitsNet.nanoFramework.ElectricResistance": {
        "type": "Direct",
        "requested": "[5.75.0, 5.75.0]",
        "resolved": "5.75.0",
        "contentHash": "QNxZHxGVoLiZdtXgFcLkWoITXNXuv8O/Q+LCVlFAuXjUasscUCV84RUIP/KZO8dnyluJT3o6EbH2RrXcnpQD/Q=="
      },
      "UnitsNet.nanoFramework.Frequency": {
        "type": "Direct",
        "requested": "[5.75.0, 5.75.0]",
        "resolved": "5.75.0",
        "contentHash": "xNuseuWitH34lCCac7SyuZWAZV8Nw5XHpFBK7mnHkpLFW6G9+eDEtDFqoZ5niPPJitUds6oo9BJ1WkrZsRJmNg=="
      },
      "UnitsNet.nanoFramework.Temperature": {
        "type": "Direct",
        "requested": "[5.75.0, 5.75.0]",
        "resolved": "5.75.0",
        "contentHash": "SpA9Z7T1sNaR7YBCYp+L9/ei1bjDkqi8PyPfOWVBjkWInuPSOQaPG9Y7UttIpJ0M2y1GTrCG1kmRCUewGiSFAg=="
      }
    }
  }
}