{
  "version": 1,
  "dependencies": {
    ".NETnanoFramework,Version=v1.0": {
      "nanoFramework.CoreLibrary": {
        "type": "Direct",
        "requested": "[1.17.11, 1.17.11]",
        "resolved": "1.17.11",
        "contentHash": "HezzAc0o2XrSGf85xSeD/6xsO6ohF9hX6/iMQ1IZS6Zw6umr4WfAN2Jv0BrPxkaYwzEegJxxZujkHoUIAqtOMw=="
      },
      "nanoFramework.Hardware.Esp32": {
        "type": "Direct",
        "requested": "[1.6.34, 1.6.34]",
        "resolved": "1.6.34",
        "contentHash": "foKyzG0ZjHyZzzfLh/To5/2G+3EWeKqKFbkdpF310w2EE3RMcH+Rf9JM+GW8HEdmTRzIOcBQQm4S37VBJwP54Q=="
      },
      "nanoFramework.Runtime.Events": {
        "type": "Direct",
        "requested": "[1.11.32, 1.11.32]",
        "resolved": "1.11.32",
        "contentHash": "NyLUIwJDlpl5VKSd+ljmdDtO2WHHBvPvruo1ccaL+hd79z+6XMYze1AccOVXKGiZenLBCwDmFHwpgIQyHkM7GA=="
      },
      "nanoFramework.System.Collections": {
        "type": "Direct",
        "requested": "[1.5.67, 1.5.67]",
        "resolved": "1.5.67",
        "contentHash": "MjSipUB70vrxjqTm1KfKTUqqjd0wbweiNyYFXONi0XClrH6HXsuX2lhDqXM8NWuYnWyYOqx8y20sXbvsH+4brg=="
      },
      "nanoFramework.System.Device.Model": {
        "type": "Direct",
        "requested": "[1.2.848, 1.2.848]",
        "resolved": "1.2.848",
        "contentHash": "olv8/5499kCbZt4LpwOBX8eKnLcND0V6klguxN7K7RPrrqR/n0ezNmbAqIwJR816rPTZrpKO2guThHjdE4tINQ=="
      },
      "nanoFramework.System.Device.Pwm": {
        "type": "Direct",
        "requested": "[1.1.23, 1.1.23]",
        "resolved": "1.1.23",
        "contentHash": "Z0jRgHqnEKI8k7jGFiYCsMcXv2r0vHV0MY0tqTAUIxIEwQ5BbnUf0Gyr481Wh25bAkwJ9p/PwfhPJbjPAY65Bw=="
      },
      "nanoFramework.System.Math": {
        "type": "Direct",
        "requested": "[1.5.116, 1.5.116]",
        "resolved": "1.5.116",
        "contentHash": "0S05UKcoI9Ukz9cMNPC9huFW9vSL42/4gIh4fw8ou8HkcFmTYb0OL8VF2Ah94hEDW5mqcYAVr0ipuGWPzIRqaA=="
      },
      "UnitsNet.nanoFramework.Frequency": {
        "type": "Direct",
        "requested": "[5.73.0, 5.73.0]",
        "resolved": "5.73.0",
        "contentHash": "FTHXC9DF2vF8OMhY8CLkgCCSVbxakotitpHLlbiY2zllyMSKAT1hBGcYwk1g0fFy6pFReVAkIGT4kfAVMky+UQ=="
      }
    }
  }
}