{
  "version": 1,
  "dependencies": {
    ".NETnanoFramework,Version=v1.0": {
      "nanoFramework.CoreLibrary": {
        "type": "Direct",
        "requested": "[2.0.0-preview.52, 2.0.0-preview.52]",
        "resolved": "2.0.0-preview.52",
        "contentHash": "cV9JEhoc2OV/UL602i5xmEwQpnn/gzVMlDTAIAMRxCNwBKNYLO9U50OkJykpGnO2SULTsmvFqQWEGZiuANBZHw=="
      },
      "nanoFramework.Runtime.Events": {
        "type": "Direct",
        "requested": "[2.0.0-preview.13, 2.0.0-preview.13]",
        "resolved": "2.0.0-preview.13",
        "contentHash": "LmPsdvTKJ5HiJbX0FNFWWIvHh23kWmKWCIHggSnMrjaZnjXubqct75mQiB2aWtC7IW0PjGxB2A4cvtle3Zjvzg=="
      },
      "nanoFramework.System.Collections": {
        "type": "Direct",
        "requested": "[2.0.0-preview.15, 2.0.0-preview.15]",
        "resolved": "2.0.0-preview.15",
        "contentHash": "yyTSBujvtMHe5IYK26Q4Ys3o19pmrzhYDUzRHgnKFZNcQYRUIfd1C9Vt2UBDPF3hjHQnIVtrnry+7Pp/U00U/g=="
      },
      "nanoFramework.System.Device.Wifi": {
        "type": "Direct",
        "requested": "[2.0.0-preview.34, 2.0.0-preview.34]",
        "resolved": "2.0.0-preview.34",
        "contentHash": "Tb+lVcK0+b17Rq5Lu35N7O/tt8AZR3wWrfC2GiZINCsQ2YOoxuEgt33wEZcgv1WwciMq9kgMqzv+XjIjJPtN9Q=="
      },
      "nanoFramework.System.IO.Streams": {
        "type": "Direct",
        "requested": "[2.0.0-preview.22, 2.0.0-preview.22]",
        "resolved": "2.0.0-preview.22",
        "contentHash": "TwAY/tgMEZwEP06SjKElRKs+y8mzRNe3D32J+x/IhUtJmjnowv37BQwPpycOH3w5TWjf95YDP4AUFsDhjGs4Vg=="
      },
      "nanoFramework.System.Net": {
        "type": "Direct",
        "requested": "[2.0.0-preview.37, 2.0.0-preview.37]",
        "resolved": "2.0.0-preview.37",
        "contentHash": "4jJRtwgyxciviaX8NzwQOg9pUBM1JHcKfzqThFauAsitAHXhf+vgMQJYt1894rOyihOwWwwvDjmsOqJPNFD/ZQ=="
      },
      "nanoFramework.System.Net.Http.Server": {
        "type": "Direct",
        "requested": "[2.0.0-preview.20, 2.0.0-preview.20]",
        "resolved": "2.0.0-preview.20",
        "contentHash": "xxhpqLt02Aq3MJkYcNi3Vqiaf1dcz1pvlY70woI3sCoZqo5VmacSq4D9D221LDQbB4QxxRv7goMXAM8PH+92ug=="
      },
      "nanoFramework.System.Text": {
        "type": "Direct",
        "requested": "[2.0.0-preview.23, 2.0.0-preview.23]",
        "resolved": "2.0.0-preview.23",
        "contentHash": "ZS+T/tUqF37IFnwi4GzBLfCAiffafbOExYZSmZeKrB0NVMkms/8onBgwIw8rN9I5WmzugbQCNKGY+jdJF9s2/A=="
      },
      "nanoFramework.System.Threading": {
        "type": "Direct",
        "requested": "[2.0.0-preview.14, 2.0.0-preview.14]",
        "resolved": "2.0.0-preview.14",
        "contentHash": "4JBZx5/Y3Dd5BZJXHEOw6rD54aWL1p7W2f9QrLRgRQrprIO6AylEFlH2tQuxlyE5YtNRRxaapW4s2mZiOs0Wxg=="
      },
      "nanoFramework.WebServer": {
        "type": "Direct",
        "requested": "[1.2.160, 1.2.160]",
        "resolved": "1.2.160",
        "contentHash": "sANL3vN45QJYJb1LGJc0ni3qCA3NqmJWGwN1l0MsKf0ZnT8CVtiQwwAJCFMN9mlJLfNC6wlvcaF89RuGOlunpg=="
      }
    }
  }
}