{
  "version": 1,
  "dependencies": {
    ".NETnanoFramework,Version=v1.0": {
      "nanoFramework.CoreLibrary": {
        "type": "Direct",
        "requested": "[2.0.0-preview.35, 2.0.0-preview.35]",
        "resolved": "2.0.0-preview.35",
        "contentHash": "l3LZs5zLeYKP+21DmVykOBWQvcLWOzgOls2JU6R2mRb2cz1+SitRCaEC5bTEJHs888JdHi3xWMVe3GkRzZ/2Lg=="
      },
      "nanoFramework.Runtime.Events": {
        "type": "Direct",
        "requested": "[2.0.0-preview.8, 2.0.0-preview.8]",
        "resolved": "2.0.0-preview.8",
        "contentHash": "+ELISV4zHeqzHrYirnx47zsAA7MPbBMWJQudbQv5almh22bTviDzFbOML3Dim8lCZZeaARnJers1gPmJ4ODT7Q=="
      },
      "nanoFramework.System.Collections": {
        "type": "Direct",
        "requested": "[2.0.0-preview.8, 2.0.0-preview.8]",
        "resolved": "2.0.0-preview.8",
        "contentHash": "IGzV8Q9vf6Uk6dj6oL2e4acTA4SK/zkAA53yrth+NfgkKuel8fzp1FhndFjDsTu97naqVaNtbMUlhJwXY0wqKQ=="
      },
      "nanoFramework.System.Device.Wifi": {
        "type": "Direct",
        "requested": "[2.0.0-preview.4, 2.0.0-preview.4]",
        "resolved": "2.0.0-preview.4",
        "contentHash": "XgdzmSE/+Wat3xispBx9xeP6u7dTKZByBpabOep8t2e/EjHca1TVLhhHNwyG4Z8ZltyRdtQMHv7IP9j35ksT8w=="
      },
      "nanoFramework.System.IO.Streams": {
        "type": "Direct",
        "requested": "[2.0.0-preview.10, 2.0.0-preview.10]",
        "resolved": "2.0.0-preview.10",
        "contentHash": "6B4Q7OciuQm2ebEt8JqZvM4Eka0WgQYYlH73AmsNXDSn6G7Xw5ijJVVN2vIvu5qb2qda1Rpvxbmjp1ykk3hYKg=="
      },
      "nanoFramework.System.Net": {
        "type": "Direct",
        "requested": "[2.0.0-preview.2, 2.0.0-preview.2]",
        "resolved": "2.0.0-preview.2",
        "contentHash": "jHCAsW3e9+cMXparrIbxvSstcG/Z9Q/l+jY5foKT/BpzVJHUu/JQX03AQiQh26HTnb8XsbBi8EaeXqpBP3Rdxw=="
      },
      "nanoFramework.System.Net.Http.Server": {
        "type": "Direct",
        "requested": "[1.5.200, 1.5.200]",
        "resolved": "1.5.200",
        "contentHash": "no7P7xTkZ7IVSPKeI4YMIBG11YdsHH76hjC4XRaZsohPdsUcLOZbsoonLaQ8VW9l89QLrliYSREgN4C2l6I1mw=="
      },
      "nanoFramework.System.Text": {
        "type": "Direct",
        "requested": "[2.0.0-preview.8, 2.0.0-preview.8]",
        "resolved": "2.0.0-preview.8",
        "contentHash": "dvaXLJo+X68BVWgXssjk0XXJUwQNwA9h0+wbDgfbE2Hc3/pKljhAvuluD8n4W5MZYJ6YI3I/BhPreBjW7W2Fvw=="
      },
      "nanoFramework.System.Threading": {
        "type": "Direct",
        "requested": "[2.0.0-preview.6, 2.0.0-preview.6]",
        "resolved": "2.0.0-preview.6",
        "contentHash": "uhvgAc99ybx2lys5UU2WmIJGd9ARsThCjTNou4pksvz/HQfbk+9MqiKo3fUVuvq7S8412EMFh7+V5THwHWbQzA=="
      },
      "nanoFramework.WebServer": {
        "type": "Direct",
        "requested": "[1.2.137, 1.2.137]",
        "resolved": "1.2.137",
        "contentHash": "BJBeFBsYdqM2GIrKUfZqOQje9/LivI1G7f+7qRSdTBeeXF/OoXO/w38052pmnX8x1ZV6dwpaR4Yf2qY2BJblUQ=="
      }
    }
  }
}