{
  "version": 1,
  "dependencies": {
    ".NETnanoFramework,Version=v1.0": {
      "nanoFramework.CoreLibrary": {
        "type": "Direct",
        "requested": "[1.17.1, 1.17.1]",
        "resolved": "1.17.1",
        "contentHash": "T/iPvP8AeZs/5UeZgVa2cZVbl79ioeRyBJLzx4qvKbE9RE+984AR5WPY4tjGIdXugs1AFUYYnydvuGCpy+P1ww=="
      },
      "nanoFramework.Hardware.Esp32.Rmt": {
        "type": "Direct",
        "requested": "[2.0.23, 2.0.23]",
        "resolved": "2.0.23",
        "contentHash": "9xXG19b9rlT9bfMClIRJAxLU8Ag7M5+3kz9y1J9wy+k6PUqGOwCu3lSTWBPHByGNyDgSUBMQhYbMpR/zhMIRwg=="
      },
      "nanoFramework.Runtime.Events": {
        "type": "Direct",
        "requested": "[1.11.29, 1.11.29]",
        "resolved": "1.11.29",
        "contentHash": "y3Y0SNfr1afMor4xrsiB1ETldjKvmnzBTcEH5gizFFXw3RNBB/N8npWqkCJn4HZS0TEENlH2vVrib3bWYMx5+Q=="
      },
      "nanoFramework.System.Device.Model": {
        "type": "Direct",
        "requested": "[1.2.807, 1.2.807]",
        "resolved": "1.2.807",
        "contentHash": "XqGWNOP3uA9F2gvxJZgjSirJ6XanVWECI9mk7yfvDEvIawaFbdYFSNoc0Ky66XibPzcURimixnBGapfU8YQZWw=="
      },
      "Nerdbank.GitVersioning": {
        "type": "Direct",
        "requested": "[3.7.115, 3.7.115]",
        "resolved": "3.7.115",
        "contentHash": "EpXamaAdRfG/BMxGgvZlTM0npRnkmXUjAj8OdNKd17t4oN+2nvjdv/KnFmzOOMDqvlwB49UCwtOHJrAQTfUBtQ=="
      },
      "UnitsNet.nanoFramework.Length": {
        "type": "Direct",
        "requested": "[5.69.0, 5.69.0]",
        "resolved": "5.69.0",
        "contentHash": "evwB6vm/5EdIMM2LwrwEESpim21+t1NBOUtYkqspYmTUcLtbr5OKP8cnE27XNT5t54rR+48jfFaEaAa+o5oAuQ=="
      }
    }
  }
}