{
  "version": 1,
  "dependencies": {
    ".NETnanoFramework,Version=v1.0": {
      "nanoFramework.CoreLibrary": {
        "type": "Direct",
        "requested": "[1.14.2, 1.14.2]",
        "resolved": "1.14.2",
        "contentHash": "j1mrz4mitl5LItvmHMsw1aHzCAfvTTgIkRxA0mhs5mSpctJ/BBcuNwua5j3MspfRNKreCQPy/qZy/D9ADLL/PA=="
      },
      "nanoFramework.Runtime.Native": {
        "type": "Direct",
        "requested": "[1.6.6, 1.6.6]",
        "resolved": "1.6.6",
        "contentHash": "ySEYUh8bTiFYAUce3uQLfOvvnunTx10j7Xsw+ChlS+nXFC/kCctgTob7k1McZrxqTs0CZo+Ux5eW4oYKzx25aw=="
      },
      "nanoFramework.System.Buffers.Binary.BinaryPrimitives": {
        "type": "Direct",
        "requested": "[1.2.295, 1.2.295]",
        "resolved": "1.2.295",
        "contentHash": "QP/qe51tcM2xTIGkcWU0ir0skoaP2qAQaoJWNd0UvX2jXQP+r4y7cG1yraR52NdKqWNCZzoSWcjz8W41RdVQ1w=="
      },
      "nanoFramework.System.Device.I2c": {
        "type": "Direct",
        "requested": "[1.1.11, 1.1.11]",
        "resolved": "1.1.11",
        "contentHash": "zV9CfXGTzTV8C+5SSBF5w6wZK4zcZeDtgv0XtXkkCEx8Z4woICsD+9me6YQEYz6IKQKoRAw6VEaQMScqs0b0mQ=="
      },
      "nanoFramework.System.Device.Model": {
        "type": "Direct",
        "requested": "[1.2.295, 1.2.295]",
        "resolved": "1.2.295",
        "contentHash": "XAa+ZN1qzM+tjXb3Ju7F5weK/tdpNVoHRF0HaQT+QExb9GqGhQwPS6438CMrxUJ08bKaRnYxbT65mdreOsj9+w=="
      },
      "nanoFramework.System.Diagnostics.Stopwatch": {
        "type": "Direct",
        "requested": "[1.2.295, 1.2.295]",
        "resolved": "1.2.295",
        "contentHash": "BjiEyCdcRH9hb0XQEY3V0t4qTRoFVyWZc/YQnrCdWBXFMK5dqcLChrDc1Df44VD0tqUfQ9oAu2IfoErbrNzcJA=="
      },
      "Nerdbank.GitVersioning": {
        "type": "Direct",
        "requested": "[3.6.132, 3.6.132]",
        "resolved": "3.6.132",
        "contentHash": "t5aTPfMt+E7qsAIWyN7xcmmLQohzS6Ax6cmDLEk4RkRIJq878PR/JG+HhvCbn5DlxRHMWLQZBjuTFypDrDjClw=="
      },
      "UnitsNet.nanoFramework.ElectricCurrent": {
        "type": "Direct",
        "requested": "[5.13.0, 5.13.0]",
        "resolved": "5.13.0",
        "contentHash": "OynN6Elfu3WFZIwAHKozndwcbR3T1vtGNkr1Q3kc0UX63pK1FjX47Pohve7guYZXfhxSuVLtBl/GpmJG90ideA=="
      },
      "UnitsNet.nanoFramework.ElectricPotential": {
        "type": "Direct",
        "requested": "[5.13.0, 5.13.0]",
        "resolved": "5.13.0",
        "contentHash": "aOd1lFi3e7JYYgaJnQTq1PYybfjjayzCTwipwZcyTECHg6b5s4U3ZxA1XG96ZRsLeQJ5Z5HjcD90VlZokZmk2w=="
      },
      "UnitsNet.nanoFramework.Power": {
        "type": "Direct",
        "requested": "[5.13.0, 5.13.0]",
        "resolved": "5.13.0",
        "contentHash": "gih8AWFq2TeAGPJtg3hna9bcnBWUxjX6uuDaVIb/Cb5J6S3D80AFBhc6lgGpVq2AuJGveEnX3l5cOLh0w2rm3Q=="
      }
    }
  }
}