{
  "version": 1,
  "dependencies": {
    ".NETnanoFramework,Version=v1.0": {
      "nanoFramework.CoreLibrary": {
        "type": "Direct",
        "requested": "[1.14.2, 1.14.2]",
        "resolved": "1.14.2",
        "contentHash": "j1mrz4mitl5LItvmHMsw1aHzCAfvTTgIkRxA0mhs5mSpctJ/BBcuNwua5j3MspfRNKreCQPy/qZy/D9ADLL/PA=="
      },
      "nanoFramework.Logging": {
        "type": "Direct",
        "requested": "[1.1.47, 1.1.47]",
        "resolved": "1.1.47",
        "contentHash": "klK4ak7u5uytdXWGsQyDpCvpQnmPrJqq6QDKqTZsJzQyOlBkXQ1Hhy2I9ttyT1vh0JaaPGbdZe/UEK4Y9GqRrA=="
      },
      "nanoFramework.Logging.Stream": {
        "type": "Direct",
        "requested": "[1.1.47, 1.1.47]",
        "resolved": "1.1.47",
        "contentHash": "3+ha6qO5AvsTAyscIsQyNd+fCwWUu0d3Z8/9hKA+bLZoqaC5WijtRpUhUS6uCI3aMhWfvV25DyFZzdRDXkalQg=="
      },
      "nanoFramework.Runtime.Events": {
        "type": "Direct",
        "requested": "[1.11.6, 1.11.6]",
        "resolved": "1.11.6",
        "contentHash": "xkltRh/2xKaZ9zmPHbVr32s1k+e17AInUBhzxKKkUDicJKF39yzTShSklb1OL6DBER5z71SpkGLyl9IdMK9l6w=="
      },
      "nanoFramework.Runtime.Native": {
        "type": "Direct",
        "requested": "[1.6.6, 1.6.6]",
        "resolved": "1.6.6",
        "contentHash": "ySEYUh8bTiFYAUce3uQLfOvvnunTx10j7Xsw+ChlS+nXFC/kCctgTob7k1McZrxqTs0CZo+Ux5eW4oYKzx25aw=="
      },
      "nanoFramework.System.Buffers.Binary.BinaryPrimitives": {
        "type": "Direct",
        "requested": "[1.2.188, 1.2.188]",
        "resolved": "1.2.188",
        "contentHash": "IGn5mbu71gkbIZVF8xhQT132lSvTNdcFhNMTrPTWGwtxXB3HQDmSIdjbNalM8BYcEsS5EeJhQcu9ku6E3+cPyw=="
      },
      "nanoFramework.System.Device.I2c": {
        "type": "Direct",
        "requested": "[1.1.6, 1.1.6]",
        "resolved": "1.1.6",
        "contentHash": "+AU2Oc04BZB0L8tzvICj64BloToUozNAKzrpxhVCPjolEWZ7N81nA8lwkLfvB/ZDpi3L2i/abYn2PlvFTI2kjQ=="
      },
      "nanoFramework.System.Diagnostics.Stopwatch": {
        "type": "Direct",
        "requested": "[1.2.188, 1.2.188]",
        "resolved": "1.2.188",
        "contentHash": "eMTzi8zci8zCYy8UGCL8D3QfuN2TBhvd4F1gC3qLD2q27/fz0vNwcQIEiYKqoJgjCTMKz3vkllNKsQsAtUPixw=="
      },
      "nanoFramework.System.IO.FileSystem": {
        "type": "Direct",
        "requested": "[1.1.15, 1.1.15]",
        "resolved": "1.1.15",
        "contentHash": "Uc7QVTljrCnKcU6D+6Cs3VvLkFduLWYYxOSzKdGSS5AMHrCPpIemqsiCLVPyenFizGBgsSFFqPU97F2VUz06IA=="
      },
      "nanoFramework.System.IO.Streams": {
        "type": "Direct",
        "requested": "[1.1.27, 1.1.27]",
        "resolved": "1.1.27",
        "contentHash": "9ho/C/ZIQrBw51UnzLVbSc//kE1mDcgykGEZH8p+A5Q4R7JMVwdEKlNQXWr1VHEkGbv2wbyos6nRLqu2rdjpwA=="
      },
      "nanoFramework.System.Text": {
        "type": "Direct",
        "requested": "[1.2.22, 1.2.22]",
        "resolved": "1.2.22",
        "contentHash": "vLvU0II3oJfajQ8MgNm8aCkaQ2JhjznzruwksOorbMJf86zLRbA5NUeg9X/KjbAE5pIalitUOqtNLKorYTbYGg=="
      },
      "UnitsNet.nanoFramework.ElectricCurrent": {
        "type": "Direct",
        "requested": "[4.148.0, 4.148.0]",
        "resolved": "4.148.0",
        "contentHash": "MGYT1M+2v8qm1Ff9c5jQK2+Obt5sycyHRSjCN6YvyxqhWgZjoPhzEQ1ID6rRTiGbDEP0zDBMIr9gS974bFwFrA=="
      },
      "UnitsNet.nanoFramework.RelativeHumidity": {
        "type": "Direct",
        "requested": "[4.148.0, 4.148.0]",
        "resolved": "4.148.0",
        "contentHash": "9wWMmbKCYhVEu4V/ISJLkeAv2uqrIqPc8X9Us64oUAUYbmPrYKxEFBgkWVhNj8MUJomYG7H2TFMrYZTy0fXhtg=="
      },
      "UnitsNet.nanoFramework.Temperature": {
        "type": "Direct",
        "requested": "[4.148.0, 4.148.0]",
        "resolved": "4.148.0",
        "contentHash": "Govk4JMC9t6ZgjPtEcE2lTQsK2COds8AK8I9Zm0wx1tpCk7XPglnPiq+ofDRrkLUCrMAfXxm9Cf3+/VqJXnW0Q=="
      },
      "UnitsNet.nanoFramework.VolumeConcentration": {
        "type": "Direct",
        "requested": "[4.148.0, 4.148.0]",
        "resolved": "4.148.0",
        "contentHash": "xoSueXSIE17TlRUXWe9NehT+m3Te8FuixecqbVbMvW6ZJvii3lPL8z9Og/ubwLN6KRoL9MbEptbtAgGLOC/oyg=="
      }
    }
  }
}