{
  "version": 1,
  "dependencies": {
    ".NETnanoFramework,Version=v1.0": {
      "nanoFramework.CoreLibrary": {
        "type": "Direct",
        "requested": "[1.15.5, 1.15.5]",
        "resolved": "1.15.5",
        "contentHash": "u2+GvAp1uxLrGdILACAZy+EVKOs28EQ52j8Lz7599egXZ3GBGejjnR2ofhjMQwzrJLlgtyrsx8nSLngDfJNsAg=="
      },
      "nanoFramework.Logging": {
        "type": "Direct",
        "requested": "[1.1.108, 1.1.108]",
        "resolved": "1.1.108",
        "contentHash": "N6hXI+rqMJNqFU/s+/XkoqaEkUGWN/m1GiUqsTCSt7/wDgdgtuxpkMcw4J3gKj2ZoMBPrbTz6F+OWaFXqW+BNw=="
      },
      "nanoFramework.Logging.Stream": {
        "type": "Direct",
        "requested": "[1.1.108, 1.1.108]",
        "resolved": "1.1.108",
        "contentHash": "xKLm4FmTiYlCS4GJC1GjSxsZ/iNpc1gXRdvQYrKok015qMAq41NvjvNqKPKE+iyAhRm1Zrigpv3u2mSEWCuz7A=="
      },
      "nanoFramework.Runtime.Events": {
        "type": "Direct",
        "requested": "[1.11.18, 1.11.18]",
        "resolved": "1.11.18",
        "contentHash": "t0XpUkdyBBBv/0S4oGx3yUJG1iPYWc38odvZW8mVoioSxZOJrRkRHpNfwYxTxtP4LIEyyesOPEH42d05FHfHzA=="
      },
      "nanoFramework.Runtime.Native": {
        "type": "Direct",
        "requested": "[1.6.12, 1.6.12]",
        "resolved": "1.6.12",
        "contentHash": "RlJ882CK7D2HkkGHDw1a2xgiEM+1+Nd6iTA+OmzF5QIxbv0SX9qBesueIWsc6RsiQGqBEeBXh4zZ2+TBGL62VQ=="
      },
      "nanoFramework.System.Buffers.Binary.BinaryPrimitives": {
        "type": "Direct",
        "requested": "[1.2.586, 1.2.586]",
        "resolved": "1.2.586",
        "contentHash": "xdT2m6Y+l0/Vw+oOi/H9W9MEgp8iFTo/GipfCenpkl1Owc01RvIvr5FZKADzxSfgr3+RsbqIey5Cu/T2DpLAiw=="
      },
      "nanoFramework.System.Device.I2c": {
        "type": "Direct",
        "requested": "[1.1.16, 1.1.16]",
        "resolved": "1.1.16",
        "contentHash": "33YPnlZVjFwx0mOhdKTOggx+TvbjTD3WZ6rkSB33ytF9fHoqfvS1AYr4+ScUHW4z2yE7vxVWBol5mI7iEg4Aiw=="
      },
      "nanoFramework.System.Diagnostics.Stopwatch": {
        "type": "Direct",
        "requested": "[1.2.586, 1.2.586]",
        "resolved": "1.2.586",
        "contentHash": "Maan65aZyGWlLkpyR/h8uikFmbM01oitUy2abcj+UmywthkiicPbYQ3rRMYGaKcm0SecbMU1V9SiNhEKxvPbIQ=="
      },
      "nanoFramework.System.IO.FileSystem": {
        "type": "Direct",
        "requested": "[1.1.54, 1.1.54]",
        "resolved": "1.1.54",
        "contentHash": "K1QPNbrksqw4yjQ/GXgz1Q0hZBi3zi1A8/FUAhYsq8bESVNUFjNpvxHPSDw1gV8DzEg5jH5e9Z2VrAncTQogFQ=="
      },
      "nanoFramework.System.IO.Streams": {
        "type": "Direct",
        "requested": "[1.1.59, 1.1.59]",
        "resolved": "1.1.59",
        "contentHash": "A8DSQ9ygUnhDltHsVuJjxs3aRrig9hmeEDZgAFfQ4roaaHpHS/IN1gwCEYcV+I6wfsnEnojn3FQJh43Iw07ukg=="
      },
      "nanoFramework.System.Runtime": {
        "type": "Direct",
        "requested": "[1.0.27, 1.0.27]",
        "resolved": "1.0.27",
        "contentHash": "aMwvQV6AR+XlDc+dHR/fWWnTe5dc7LDaqZS0ccfmd31Y39dZnmX3iQB2wXWtZGvXLCC+obc3IF3Vc70FiG0raw=="
      },
      "nanoFramework.System.Text": {
        "type": "Direct",
        "requested": "[1.2.54, 1.2.54]",
        "resolved": "1.2.54",
        "contentHash": "k3OutSNRMs9di42LQ+5GbpHBY07aMEZWGkaS3Mj3ZU4cWqJc4deFGzRd+LBFQl1mRGdQaM5sl/euTZdcg8R9Zg=="
      },
      "UnitsNet.nanoFramework.ElectricCurrent": {
        "type": "Direct",
        "requested": "[5.56.0, 5.56.0]",
        "resolved": "5.56.0",
        "contentHash": "TInijiWyjlZNE8kxfxQzg8B5hGSBJ5nkMsGFDJE1Oepa3k0FdjZa+ZTfSZdMo9SEagWVK8Q86w2FEqNf8KiKOg=="
      },
      "UnitsNet.nanoFramework.RelativeHumidity": {
        "type": "Direct",
        "requested": "[5.56.0, 5.56.0]",
        "resolved": "5.56.0",
        "contentHash": "jccgL5Nr9t9ljRif127jrzkRPVTttSye/liyPZ+P07du8HbVxza72+uJPTH1ityVrU/8JMPkcWgvk7gW3f8WVg=="
      },
      "UnitsNet.nanoFramework.Temperature": {
        "type": "Direct",
        "requested": "[5.56.0, 5.56.0]",
        "resolved": "5.56.0",
        "contentHash": "fD11Mg9Vbu60tCCkZ7tTSCL1+NkR9LQWXoUKMjRzNPuhG801s/0/7C1GuAKRVIWWlT0OIE1l4PnjxupKdu7H0g=="
      },
      "UnitsNet.nanoFramework.VolumeConcentration": {
        "type": "Direct",
        "requested": "[5.56.0, 5.56.0]",
        "resolved": "5.56.0",
        "contentHash": "K/iLFsJmB64PWgarsM1D9h7cIgoHg1iD9CAHdiB8osc0lTTYJw7e8I27BLsPJXKSSjqvacpZKlPTuvLcl1YnVw=="
      }
    }
  }
}