
Microsoft Visual Studio Solution File, Format Version 12.00
# Visual Studio Version 16
VisualStudioVersion = 16.0.30413.136
MinimumVisualStudioVersion = 10.0.40219.1
Project("{11A8DD76-328B-46DF-9F39-F559912D0360}") = "LiquidLevel", "LiquidLevel.nfproj", "{E9599CBA-D44D-4D88-979C-74C6182D91A6}"
EndProject
Project("{11A8DD76-328B-46DF-9F39-F559912D0360}") = "LiquidLevel.Samples", "samples\LiquidLevel.Samples.nfproj", "{7F8BD020-0775-412F-877C-2B9F9DF34AFC}"
EndProject
<!-- UNIT TESTS PROJECT PLACEHOLDER -->

Global
    GlobalSection(SolutionConfigurationPlatforms) = preSolution
        Debug|Any CPU = Debug|Any CPU
        Release|Any CPU = Release|Any CPU
    EndGlobalSection
    GlobalSection(ProjectConfigurationPlatforms) = postSolution
        {E9599CBA-D44D-4D88-979C-74C6182D91A6}.Debug|Any CPU.ActiveCfg = Debug|Any CPU
        {E9599CBA-D44D-4D88-979C-74C6182D91A6}.Debug|Any CPU.Build.0 = Debug|Any CPU
        {E9599CBA-D44D-4D88-979C-74C6182D91A6}.Debug|Any CPU.Deploy.0 = Debug|Any CPU
        {E9599CBA-D44D-4D88-979C-74C6182D91A6}.Release|Any CPU.ActiveCfg = Release|Any CPU
        {E9599CBA-D44D-4D88-979C-74C6182D91A6}.Release|Any CPU.Build.0 = Release|Any CPU
        {E9599CBA-D44D-4D88-979C-74C6182D91A6}.Release|Any CPU.Deploy.0 = Release|Any CPU
    EndGlobalSection
EndGlobal
