{
  "version": 1,
  "dependencies": {
    ".NETnanoFramework,Version=v1.0": {
      "nanoFramework.CoreLibrary": {
        "type": "Direct",
        "requested": "[2.0.0-preview.43, 2.0.0-preview.43]",
        "resolved": "2.0.0-preview.43",
        "contentHash": "ijOdswxNI+zhN7MrRMjJPe7pAVhqARvpEOFKUKH6D18NUS3CCQ9+IoyVs3zJhmmBk53YmAErFAdCnAWLVxUu8Q=="
      },
      "nanoFramework.ResourceManager": {
        "type": "Direct",
        "requested": "[2.0.0-preview.8, 2.0.0-preview.8]",
        "resolved": "2.0.0-preview.8",
        "contentHash": "hxv1nntK28IMq3RjnlvhvEDPJzdbPqrb0J8tZL3DxcLlu0ZZwjEUj/v65XI0h5FRcrkA5U0YdREFoaomN4n/SA=="
      },
      "nanoFramework.Runtime.Events": {
        "type": "Direct",
        "requested": "[2.0.0-preview.11, 2.0.0-preview.11]",
        "resolved": "2.0.0-preview.11",
        "contentHash": "kv+GggxqjVYdv58LRJCF0r0ElZLouYuCKNea++oySdvjyHndK6/3Yb74DWKB7AeW61zR9AP0hJIuBI8GzX6qEQ=="
      },
      "nanoFramework.Runtime.Native": {
        "type": "Direct",
        "requested": "[2.0.0-preview.23, 2.0.0-preview.23]",
        "resolved": "2.0.0-preview.23",
        "contentHash": "4PKEsjDZEoLehT4ikBXm018bn1HG0fwZAkIgTWf9RNZKQevLRP/O1SEtWANqVR9BwjqR6nj5ufDpouiaKKTWtQ=="
      },
      "nanoFramework.System.Collections": {
        "type": "Direct",
        "requested": "[2.0.0-preview.13, 2.0.0-preview.13]",
        "resolved": "2.0.0-preview.13",
        "contentHash": "LEfv51hBTigSimGDszg82kLLL94u4eHkRTiynim43VHvEidquK+JoxIJa+kAxilkkTl+fFA/cMUxUQG7djAxaA=="
      },
      "nanoFramework.System.Device.Gpio": {
        "type": "Direct",
        "requested": "[2.0.0-preview.14, 2.0.0-preview.14]",
        "resolved": "2.0.0-preview.14",
        "contentHash": "33Wy7eVH7nWeTmBH2VIKJTYrGf86j1cd4fX/cNskocZTcm2fnny/6JmLMd5Zjwx7xNueLSUany7Gs3+KBi2PSg=="
      },
      "nanoFramework.System.Device.Wifi": {
        "type": "Direct",
        "requested": "[2.0.0-preview.13, 2.0.0-preview.13]",
        "resolved": "2.0.0-preview.13",
        "contentHash": "CDOB6YFifWeWwaYfgo82gqRpQarjJCu+UqZWPTA0UNGzRwoGnK33XnrhL8zFJr5qc5OQmZLqa0vcIAyBZ/KseA=="
      },
      "nanoFramework.System.IO.Streams": {
        "type": "Direct",
        "requested": "[2.0.0-preview.15, 2.0.0-preview.15]",
        "resolved": "2.0.0-preview.15",
        "contentHash": "VjdWLxapAF4hEr0vtJPAFEOY1xT9TyQlAB9wyRfcYmvoHiBIQWB0krgpw0yvC2C1AOLgE9op3HpsFbzrVRw3EA=="
      },
      "nanoFramework.System.Net": {
        "type": "Direct",
        "requested": "[2.0.0-preview.9, 2.0.0-preview.9]",
        "resolved": "2.0.0-preview.9",
        "contentHash": "N0SPdZpEul9xQGbapOXOU9lSMffsLcxq/rLrPH0vLB9Dl308K4VxWYca0rMBONRzDVdZUTl3XKFSsJEMznym7g=="
      },
      "nanoFramework.System.Net.Http": {
        "type": "Direct",
        "requested": "[1.5.204, 1.5.204]",
        "resolved": "1.5.204",
        "contentHash": "I08vWt2bpjVYsbB+Nxke5hzXireWslG7J80NdbkX7GNp1N3Dvp2pltXiMpSgWbhZoJtsApl0P31aIS6wzVRdDA=="
      },
      "nanoFramework.System.Text": {
        "type": "Direct",
        "requested": "[2.0.0-preview.15, 2.0.0-preview.15]",
        "resolved": "2.0.0-preview.15",
        "contentHash": "zhVxQ+zUBkDPhpU35xX9JT/H8bFjo0ylQRmX/45QtM3QJQRd7a327R1PfBhpU5o3kpx2V8AcOgZBM8UilKwQeA=="
      },
      "nanoFramework.System.Threading": {
        "type": "Direct",
        "requested": "[2.0.0-preview.9, 2.0.0-preview.9]",
        "resolved": "2.0.0-preview.9",
        "contentHash": "5bn3gYlNFhufVyypUUoBbmVZm3l502UikPvS4JbHJZXeEzWpUVBLUlcMOP9s9zFtinZ8F8KJixYFJaDKvvn5UQ=="
      }
    }
  }
}