{
  "version": 1,
  "dependencies": {
    ".NETnanoFramework,Version=v1.0": {
      "nanoFramework.CoreLibrary": {
        "type": "Direct",
        "requested": "[2.0.0-preview.33, 2.0.0-preview.33]",
        "resolved": "2.0.0-preview.33",
        "contentHash": "VVr+TmThdBt9zzXFzFewB5GUsNm2BE8+/3OtaCiJVg76v0Wr87A0Mi6R74hm78otfIhPJ66aPaRd+fA23dmJjQ=="
      },
      "nanoFramework.ResourceManager": {
        "type": "Direct",
        "requested": "[2.0.0-preview.4, 2.0.0-preview.4]",
        "resolved": "2.0.0-preview.4",
        "contentHash": "jQ1TyaoG5KeJg0vwKNi5Sc30YB9oEOa5SySw2qtaSOxyHiMdkjfgsC1teC/3BbEhYPrkULqVR56Nz+OEnP4dQQ=="
      },
      "nanoFramework.Runtime.Events": {
        "type": "Direct",
        "requested": "[2.0.0-preview.7, 2.0.0-preview.7]",
        "resolved": "2.0.0-preview.7",
        "contentHash": "123GBb10MKevBBPzcXbjsADXx9yC9mATZhUVbGPAuLn6ZpfEmSGhbo9K0K8GX5zigzE9VNUUlTDa/94WyxIkaQ=="
      },
      "nanoFramework.Runtime.Native": {
        "type": "Direct",
        "requested": "[2.0.0-preview.19, 2.0.0-preview.19]",
        "resolved": "2.0.0-preview.19",
        "contentHash": "bLcWZHMCMVpNG/2s9FOjaofznAqJzko/No8mJpcAjoFuj6r0Ovr78My+e+nitm7HTGWYUMRK64h90bZ/3oAP0Q=="
      },
      "nanoFramework.System.Collections": {
        "type": "Direct",
        "requested": "[2.0.0-preview.6, 2.0.0-preview.6]",
        "resolved": "2.0.0-preview.6",
        "contentHash": "3A1BTu/8db8vlmu/TflJ/TtToyyL0M3fiAHxFNYX02lmOr9XQ3YkYESa9m7yRb9nIBoUZbOhtgf5ufbvdPt5ug=="
      },
      "nanoFramework.System.Device.Gpio": {
        "type": "Direct",
        "requested": "[2.0.0-preview.7, 2.0.0-preview.7]",
        "resolved": "2.0.0-preview.7",
        "contentHash": "2aVoAcVQGw+JujuId7eCgG56x/rWDIOcpCD/Tt4cJPC5/q2/6dwie3vBpy42rr8LDjiO/c157yHvyULFjTw+HQ=="
      },
      "nanoFramework.System.Device.Wifi": {
        "type": "Direct",
        "requested": "[2.0.0-preview.2, 2.0.0-preview.2]",
        "resolved": "2.0.0-preview.2",
        "contentHash": "6eKdjHL9XCtbUeRCtDBHWk4K8jAGLUJy1KfUV4yQw/12KnK67p08xi5cXIvsUeGJqBqJ77xZ+/8hbxtz2yOX3w=="
      },
      "nanoFramework.System.IO.Streams": {
        "type": "Direct",
        "requested": "[2.0.0-preview.8, 2.0.0-preview.8]",
        "resolved": "2.0.0-preview.8",
        "contentHash": "i66iVOaicFGTGUc7vyzjs0AfWYmLhFJmoMTZItB63O4PoZL9Hz5/ASTIie+aAp15IKyhLBRtiAEPbJGL7+pLRA=="
      },
      "nanoFramework.System.Net": {
        "type": "Direct",
        "requested": "[2.0.0-preview.1, 2.0.0-preview.1]",
        "resolved": "2.0.0-preview.1",
        "contentHash": "IUklKRQyHTKrRh6EYx3Gg8Frv/PANGIAjm+s9hNSUksYVf8Xu0jy83a091RCLqgBnd8gGHgsf9Nz02v486Lgxw=="
      },
      "nanoFramework.System.Net.Http": {
        "type": "Direct",
        "requested": "[1.5.200, 1.5.200]",
        "resolved": "1.5.200",
        "contentHash": "jl7d3LwQa7h9K3S6mrurtcbZ+WjoKDf8MlWmWUpk3OVVbwi97UojRav8BloTHuGPjDOc56rrOgCOEM4RJXpyUA=="
      },
      "nanoFramework.System.Text": {
        "type": "Direct",
        "requested": "[2.0.0-preview.6, 2.0.0-preview.6]",
        "resolved": "2.0.0-preview.6",
        "contentHash": "/A9M9sGW8rsAg6YF81quWV9MvQseKWZodf+pK6lp3Bw12NkXwgwiAo1+9geJQFwDsqi2L9BcLb3IIs/BerGTbQ=="
      },
      "nanoFramework.System.Threading": {
        "type": "Direct",
        "requested": "[2.0.0-preview.5, 2.0.0-preview.5]",
        "resolved": "2.0.0-preview.5",
        "contentHash": "7PqyD+h8Odd5czvXX9eATQJET8XH/rgjPSePiPqztR3gqJM7TnDwGOkNJJ7lLfrHg0lbASxQy5heviKWexttaA=="
      }
    }
  }
}