{
  "version": 1,
  "dependencies": {
    ".NETnanoFramework,Version=v1.0": {
      "nanoFramework.CoreLibrary": {
        "type": "Direct",
        "requested": "[1.14.2, 1.14.2]",
        "resolved": "1.14.2",
        "contentHash": "j1mrz4mitl5LItvmHMsw1aHzCAfvTTgIkRxA0mhs5mSpctJ/BBcuNwua5j3MspfRNKreCQPy/qZy/D9ADLL/PA=="
      },
      "nanoFramework.System.Buffers.Binary.BinaryPrimitives": {
        "type": "Direct",
        "requested": "[1.2.415, 1.2.415]",
        "resolved": "1.2.415",
        "contentHash": "tYh5rTolLmBGaLdodGvz0ux+hPcxTu/iEVEjUXrHYAwtciZjQNc6277BueVg1yLz+gkYn5YBl2kwfN2q2DhZDA=="
      },
      "nanoFramework.System.Device.I2c": {
        "type": "Direct",
        "requested": "[1.1.11, 1.1.11]",
        "resolved": "1.1.11",
        "contentHash": "zV9CfXGTzTV8C+5SSBF5w6wZK4zcZeDtgv0XtXkkCEx8Z4woICsD+9me6YQEYz6IKQKoRAw6VEaQMScqs0b0mQ=="
      },
      "nanoFramework.System.Device.Model": {
        "type": "Direct",
        "requested": "[1.2.415, 1.2.415]",
        "resolved": "1.2.415",
        "contentHash": "J6rj1tQz85GfWUcYH+5xSdGMGRqZr3eNgwB8q72b7+VTH0/cVkqnnEnrN+TWbs3vCVrgsEaK86vPcapK3VLpNw=="
      },
      "UnitsNet.nanoFramework.Illuminance": {
        "type": "Direct",
        "requested": "[5.35.0, 5.35.0]",
        "resolved": "5.35.0",
        "contentHash": "QYD/SOwZ+Uun5BSSUikxIKBj9d7Q4qFCxRqQ1wpOsiksRv+7d6HauR+B1bJPkmsfwIT2CkprXP9nhVnGMa4g6A=="
      }
    }
  }
}