Microsoft Visual Studio Solution File, Format Version 12.00
# Visual Studio Version 17
VisualStudioVersion = 17.0.32126.317
MinimumVisualStudioVersion = 15.0.26124.0
Project("{9A19103F-16F7-4668-BE54-9A1E7A4F7556}") = "Mfrc522", "Mfrc522.nfproj", "{4BA8E406-DEF9-921A-8AC2-DBFDC60132D1}"
EndProject
Project("{11A8DD76-328B-46DF-9F39-F559912D0360}") = "Mfrc522.samples", "samples\Mfrc522.samples.nfproj", "{73D02D0B-9BF3-4036-9F0C-4613A9E3E3D1}"
EndProject
Project("{2150E333-8FDC-42A3-9474-1A3956D46DE8}") = "Solution Items", "Solution Items", "{95900601-8B4F-4BDF-AACA-5E1DB27D09DC}"
	ProjectSection(SolutionItems) = preProject
		Mfrc522.nuspec = Mfrc522.nuspec
	EndProjectSection
EndProject
Global
	GlobalSection(SolutionConfigurationPlatforms) = preSolution
		Debug|Any CPU = Debug|Any CPU
		Release|Any CPU = Release|Any CPU
	EndGlobalSection
	GlobalSection(ProjectConfigurationPlatforms) = postSolution
		{4BA8E406-DEF9-921A-8AC2-DBFDC60132D1}.Debug|Any CPU.ActiveCfg = Debug|Any CPU
		{4BA8E406-DEF9-921A-8AC2-DBFDC60132D1}.Debug|Any CPU.Build.0 = Debug|Any CPU
		{4BA8E406-DEF9-921A-8AC2-DBFDC60132D1}.Release|Any CPU.ActiveCfg = Release|Any CPU
		{4BA8E406-DEF9-921A-8AC2-DBFDC60132D1}.Release|Any CPU.Build.0 = Release|Any CPU
		{73D02D0B-9BF3-4036-9F0C-4613A9E3E3D1}.Debug|Any CPU.ActiveCfg = Debug|Any CPU
		{73D02D0B-9BF3-4036-9F0C-4613A9E3E3D1}.Debug|Any CPU.Build.0 = Debug|Any CPU
		{73D02D0B-9BF3-4036-9F0C-4613A9E3E3D1}.Debug|Any CPU.Deploy.0 = Debug|Any CPU
		{73D02D0B-9BF3-4036-9F0C-4613A9E3E3D1}.Release|Any CPU.ActiveCfg = Release|Any CPU
		{73D02D0B-9BF3-4036-9F0C-4613A9E3E3D1}.Release|Any CPU.Build.0 = Release|Any CPU
		{73D02D0B-9BF3-4036-9F0C-4613A9E3E3D1}.Release|Any CPU.Deploy.0 = Release|Any CPU
	EndGlobalSection
	GlobalSection(SolutionProperties) = preSolution
		HideSolutionNode = FALSE
	EndGlobalSection
	GlobalSection(ExtensibilityGlobals) = postSolution
		SolutionGuid = {B96E4DBE-0783-4379-AE43-2E3148A6034F}
	EndGlobalSection
EndGlobal
