
Microsoft Visual Studio Solution File, Format Version 12.00
# Visual Studio Version 16
VisualStudioVersion = 16.0.30413.136
MinimumVisualStudioVersion = 10.0.40219.1
Project("{11A8DD76-328B-46DF-9F39-F559912D0360}") = "HardwareMonitor", "HardwareMonitor.nfproj", "{001FD9F5-42A2-45D7-A2E1-C3887E1948CC}"
EndProject
Project("{11A8DD76-328B-46DF-9F39-F559912D0360}") = "OpenHardwareMonitor.Samples", "samples\\OpenHardwareMonitor.Samples.nfproj", "{0677ED81-4411-44A3-A482-9610E8E597CB}"
EndProject
<!-- SAMPLES PROJECT PLACEHOLDER -->
<!-- UNIT TESTS PROJECT PLACEHOLDER -->

Global
    GlobalSection(SolutionConfigurationPlatforms) = preSolution
        Debug|Any CPU = Debug|Any CPU
        Release|Any CPU = Release|Any CPU
    EndGlobalSection
    GlobalSection(ProjectConfigurationPlatforms) = postSolution
        {001FD9F5-42A2-45D7-A2E1-C3887E1948CC}.Debug|Any CPU.ActiveCfg = Debug|Any CPU
        {001FD9F5-42A2-45D7-A2E1-C3887E1948CC}.Debug|Any CPU.Build.0 = Debug|Any CPU
        {001FD9F5-42A2-45D7-A2E1-C3887E1948CC}.Debug|Any CPU.Deploy.0 = Debug|Any CPU
        {001FD9F5-42A2-45D7-A2E1-C3887E1948CC}.Release|Any CPU.ActiveCfg = Release|Any CPU
        {001FD9F5-42A2-45D7-A2E1-C3887E1948CC}.Release|Any CPU.Build.0 = Release|Any CPU
        {001FD9F5-42A2-45D7-A2E1-C3887E1948CC}.Release|Any CPU.Deploy.0 = Release|Any CPU
    EndGlobalSection
EndGlobal
