
Microsoft Visual Studio Solution File, Format Version 12.00
# Visual Studio Version 16
VisualStudioVersion = 16.0.30413.136
MinimumVisualStudioVersion = 10.0.40219.1
Project("{11A8DD76-328B-46DF-9F39-F559912D0360}") = "DCMotor", "DCMotor.nfproj", "{ABD6F1B6-994C-4BB0-BB5E-C81027316B73}"
EndProject
Project("{11A8DD76-328B-46DF-9F39-F559912D0360}") = "DCMotor.Samples", "samples\DCMotor.Samples.nfproj", "{970F12B3-C121-474F-94E5-E537D8E7E15F}"
EndProject
<!-- UNIT TESTS PROJECT PLACEHOLDER -->

Global
    GlobalSection(SolutionConfigurationPlatforms) = preSolution
        Debug|Any CPU = Debug|Any CPU
        Release|Any CPU = Release|Any CPU
    EndGlobalSection
    GlobalSection(ProjectConfigurationPlatforms) = postSolution
        {ABD6F1B6-994C-4BB0-BB5E-C81027316B73}.Debug|Any CPU.ActiveCfg = Debug|Any CPU
        {ABD6F1B6-994C-4BB0-BB5E-C81027316B73}.Debug|Any CPU.Build.0 = Debug|Any CPU
        {ABD6F1B6-994C-4BB0-BB5E-C81027316B73}.Debug|Any CPU.Deploy.0 = Debug|Any CPU
        {ABD6F1B6-994C-4BB0-BB5E-C81027316B73}.Release|Any CPU.ActiveCfg = Release|Any CPU
        {ABD6F1B6-994C-4BB0-BB5E-C81027316B73}.Release|Any CPU.Build.0 = Release|Any CPU
        {ABD6F1B6-994C-4BB0-BB5E-C81027316B73}.Release|Any CPU.Deploy.0 = Release|Any CPU
    EndGlobalSection
EndGlobal
