{
  "version": 1,
  "dependencies": {
    ".NETnanoFramework,Version=v1.0": {
      "nanoFramework.CoreLibrary": {
        "type": "Direct",
        "requested": "[1.15.5, 1.15.5]",
        "resolved": "1.15.5",
        "contentHash": "u2+GvAp1uxLrGdILACAZy+EVKOs28EQ52j8Lz7599egXZ3GBGejjnR2ofhjMQwzrJLlgtyrsx8nSLngDfJNsAg=="
      },
      "nanoFramework.Runtime.Events": {
        "type": "Direct",
        "requested": "[1.11.15, 1.11.15]",
        "resolved": "1.11.15",
        "contentHash": "3uDNSTfiaewDAyi6fOMWYru0JCn/gr8DEv+Ro/V12SzojU9Dyxl5nSVOBtBXts7vErfIthB6SPiK180AMnrI8A=="
      },
      "nanoFramework.System.Device.Model": {
        "type": "Direct",
        "requested": "[1.2.418, 1.2.418]",
        "resolved": "1.2.418",
        "contentHash": "Pnl/YJzaQXlls0Cmg4E9r27mpW5+/paVrn1mYYEe0/CqWLOOfJ63FPVJ0eOxN3DRixA2RkNa5wDZjD3r9ARuKw=="
      },
      "nanoFramework.System.IO.Ports": {
        "type": "Direct",
        "requested": "[1.1.78, 1.1.78]",
        "resolved": "1.1.78",
        "contentHash": "c+VFOAb8zrzNR9gXFAWk6HkC2eMMsHC4N6bfbrjuOF32A3xb/yEXgnh6bl4PBjSB+odXEgfYLfhuVtL5em3Olw=="
      },
      "nanoFramework.System.IO.Streams": {
        "type": "Direct",
        "requested": "[1.1.52, 1.1.52]",
        "resolved": "1.1.52",
        "contentHash": "gdExWfWNSl4dgaIoVHHFmhLiRSKAabHA8ueHuErGAWd97qaoN2wSHCtvKqfOu1zuzyccbFpm4HBxVsh6bWMyXw=="
      },
      "nanoFramework.System.Text": {
        "type": "Direct",
        "requested": "[1.2.54, 1.2.54]",
        "resolved": "1.2.54",
        "contentHash": "k3OutSNRMs9di42LQ+5GbpHBY07aMEZWGkaS3Mj3ZU4cWqJc4deFGzRd+LBFQl1mRGdQaM5sl/euTZdcg8R9Zg=="
      },
      "Nerdbank.GitVersioning": {
        "type": "Direct",
        "requested": "[3.6.133, 3.6.133]",
        "resolved": "3.6.133",
        "contentHash": "VZWMd5YAeDxpjWjAP/X6bAxnRMiEf6tES/ITN0X5CHJgkWLLeHGmEALivmTAfYM6P+P/3Szy6VCITUAkqjcHVw=="
      },
      "UnitsNet.nanoFramework.VolumeConcentration": {
        "type": "Direct",
        "requested": "[5.49.0, 5.49.0]",
        "resolved": "5.49.0",
        "contentHash": "4PEXDb0Z1kui3zDKcpLtPxPdxXXV+2ncyXSjjR1R/QDI5X9FkD38U6tVC38qYgmJWXgs9DQAbYSfqC2T1nKxyA=="
      }
    }
  }
}