{
  "version": 1,
  "dependencies": {
    ".NETnanoFramework,Version=v1.0": {
      "nanoFramework.CoreLibrary": {
        "type": "Direct",
        "requested": "[1.15.5, 1.15.5]",
        "resolved": "1.15.5",
        "contentHash": "u2+GvAp1uxLrGdILACAZy+EVKOs28EQ52j8Lz7599egXZ3GBGejjnR2ofhjMQwzrJLlgtyrsx8nSLngDfJNsAg=="
      },
      "nanoFramework.Iot.Device.Common.WeatherHelper": {
        "type": "Direct",
        "requested": "[1.2.715, 1.2.715]",
        "resolved": "1.2.715",
        "contentHash": "1/GQ7KWSuuuyaQc/uk1mcmEDbKJ/yPqkWyAnwMeUNiQGoHvOI+UTnS3fzfTqgiAld7YbC2uNMoV+EXNQYC3kLA=="
      },
      "nanoFramework.Runtime.Native": {
        "type": "Direct",
        "requested": "[1.7.1, 1.7.1]",
        "resolved": "1.7.1",
        "contentHash": "RCiG3D+SxG4wVSBXuXP0y8EZWBd65bfJ9AJj0USNnfL65Aa+nUXmXa6QIxkeolSjDH4jLgKjlIuTXOA7t+AQGQ=="
      },
      "nanoFramework.System.Buffers.Binary.BinaryPrimitives": {
        "type": "Direct",
        "requested": "[1.2.699, 1.2.699]",
        "resolved": "1.2.699",
        "contentHash": "OhR1PNfnToj+1Gun1BA8Uk4mhJW6HWZeW2EKPhHozVlzSLUOUOkjVko2Vje5qCmvA2EuAi8AxKJec/vad9TV0g=="
      },
      "nanoFramework.System.Device.I2c": {
        "type": "Direct",
        "requested": "[1.1.16, 1.1.16]",
        "resolved": "1.1.16",
        "contentHash": "33YPnlZVjFwx0mOhdKTOggx+TvbjTD3WZ6rkSB33ytF9fHoqfvS1AYr4+ScUHW4z2yE7vxVWBol5mI7iEg4Aiw=="
      },
      "nanoFramework.System.Diagnostics.Stopwatch": {
        "type": "Direct",
        "requested": "[1.2.693, 1.2.693]",
        "resolved": "1.2.693",
        "contentHash": "kQZz3IkEjNg5MokmA2Xy2ddZQ66QwWLUAi+kbCwzUmf8CrPfmbly88zZQsSv66Dr7Nipw9QLUhcLatrsNJg6XQ=="
      },
      "nanoFramework.System.Math": {
        "type": "Direct",
        "requested": "[1.5.43, 1.5.43]",
        "resolved": "1.5.43",
        "contentHash": "JEOEGHoIpknJFwPjjz77sT5mej2PiT7JTv59jabzFf+d8XYy8Z4SH+NdX00Xc/yDS8LIPuWb7+C245XGUUx99A=="
      },
      "UnitsNet.nanoFramework.Length": {
        "type": "Direct",
        "requested": "[5.65.0, 5.65.0]",
        "resolved": "5.65.0",
        "contentHash": "F2SvIsRvTWiKHUdg7KGZT/XHA2ZjKQFNkoDDFWW6rgvuBjcftMEvke0fDXz8WI4pacsIhvh8xVJkWy4Js+qi3g=="
      },
      "UnitsNet.nanoFramework.Pressure": {
        "type": "Direct",
        "requested": "[5.65.0, 5.65.0]",
        "resolved": "5.65.0",
        "contentHash": "Ci3M0PtwK/ycw47zkni3TpZMzMyEOyc5C3nZw4GpgqSWZexvuOxyCcBoFOyXjxDhZ+pNihlBmTKYIHAtmz9cyQ=="
      },
      "UnitsNet.nanoFramework.RelativeHumidity": {
        "type": "Direct",
        "requested": "[5.65.0, 5.65.0]",
        "resolved": "5.65.0",
        "contentHash": "8JnRN/YYgRfizPuCifUizHHuziFv1QA4x+9AXxduq8tpjYi1QrkMWNQAaTLBAFNrqigHzBewnUQfn4EncQ4O9g=="
      },
      "UnitsNet.nanoFramework.Temperature": {
        "type": "Direct",
        "requested": "[5.65.0, 5.65.0]",
        "resolved": "5.65.0",
        "contentHash": "WhFg3+SF12tpDvY39Gyv+m/9cogVZERYhU/zH30ulvwjlP0jBYyd5qeUS/B7mab6+FvdMJ4aQxnhTMwb1dvOFA=="
      }
    }
  }
}