{
  "version": 1,
  "dependencies": {
    ".NETnanoFramework,Version=v1.0": {
      "nanoFramework.CoreLibrary": {
        "type": "Direct",
        "requested": "[1.17.11, 1.17.11]",
        "resolved": "1.17.11",
        "contentHash": "HezzAc0o2XrSGf85xSeD/6xsO6ohF9hX6/iMQ1IZS6Zw6umr4WfAN2Jv0BrPxkaYwzEegJxxZujkHoUIAqtOMw=="
      },
      "nanoFramework.Hardware.Esp32": {
        "type": "Direct",
        "requested": "[1.6.34, 1.6.34]",
        "resolved": "1.6.34",
        "contentHash": "foKyzG0ZjHyZzzfLh/To5/2G+3EWeKqKFbkdpF310w2EE3RMcH+Rf9JM+GW8HEdmTRzIOcBQQm4S37VBJwP54Q=="
      },
      "nanoFramework.Runtime.Events": {
        "type": "Direct",
        "requested": "[1.11.32, 1.11.32]",
        "resolved": "1.11.32",
        "contentHash": "NyLUIwJDlpl5VKSd+ljmdDtO2WHHBvPvruo1ccaL+hd79z+6XMYze1AccOVXKGiZenLBCwDmFHwpgIQyHkM7GA=="
      },
      "nanoFramework.Runtime.Native": {
        "type": "Direct",
        "requested": "[1.7.11, 1.7.11]",
        "resolved": "1.7.11",
        "contentHash": "XPSTltZ9KeBruogVmjQpCphi1nLoJH49mpyp2eGBs8BTjKuL5TkMO20MoI8r73F/PW5AppTq49HvIZZavU5nPQ=="
      },
      "nanoFramework.System.Threading": {
        "type": "Direct",
        "requested": "[1.1.52, 1.1.52]",
        "resolved": "1.1.52",
        "contentHash": "kv+US/+7QKV1iT/snxBh032vwZ+3krJ4vujlSsvmS2nNj/nK64R3bq/ST3bCFquxHDD0mog8irtCBCsFazr4kA=="
      }
    }
  }
}