{
  "version": 1,
  "dependencies": {
    ".NETnanoFramework,Version=v1.0": {
      "nanoFramework.CoreLibrary": {
        "type": "Direct",
        "requested": "[1.12.0, 1.12.0]",
        "resolved": "1.12.0",
        "contentHash": "qQrFNXmJiStMC4VXk5cVMOJp23/qlT9FW5i9i+igwQVwraQTtvpkam8yK1hj992jqrbjoCIFZP4Hw9E8H0pB7w=="
      },
      "nanoFramework.Runtime.Native": {
        "type": "Direct",
        "requested": "[1.5.4, 1.5.4]",
        "resolved": "1.5.4",
        "contentHash": "qfaOY1O5TOEw//MO4AOWRq5CdZXTfd3KnsGTNU2yw+IEYKiQLPkJhtF3ufF/S04xfXL556S2kOFG3/RZrwQ4Qw=="
      },
      "nanoFramework.System.Buffers.Binary.BinaryPrimitives": {
        "type": "Direct",
        "requested": "[1.2.141, 1.2.141]",
        "resolved": "1.2.141",
        "contentHash": "Brdf+YWUiGxfV1U2ID0LFOwBFQdlGMJr1mil1ZtjMhGE0JEkRLsfPdZATqqmm1vmNywCvECjt0rti+IrM9GsHg=="
      },
      "nanoFramework.System.Device.I2c": {
        "type": "Direct",
        "requested": "[1.0.3, 1.0.3]",
        "resolved": "1.0.3",
        "contentHash": "hRrolSxrzymKBM6ha7KI5VOpIpvxlFbUEw2dHMq0llPC7wkKe+kYai8QMFRRro4DbvIiE67UOMNefjqGK4cxkg=="
      },
      "nanoFramework.System.Device.Model": {
        "type": "Direct",
        "requested": "[1.2.141, 1.2.141]",
        "resolved": "1.2.141",
        "contentHash": "VFpnXRpyhPh/sTObTmLx40tgiFooHNPpSTyI6hreQo+ILzXX8z1fzHfjX/4nSHMYv7s4ThAyPvZefbYV6aP9XQ=="
      },
      "nanoFramework.System.Diagnostics.Stopwatch": {
        "type": "Direct",
        "requested": "[1.2.141, 1.2.141]",
        "resolved": "1.2.141",
        "contentHash": "8RfjSI9l+fUlQ96mpGvzdPl5CH9bHirmFs0WzEpq4FuY04n2pWk9ncbvBGTOzBzxC9/Ks5mklMybfdUtksyWTA=="
      },
      "nanoFramework.System.Math": {
        "type": "Direct",
        "requested": "[1.5.18, 1.5.18]",
        "resolved": "1.5.18",
        "contentHash": "xsqy3+1gblbeItzVuwDeJlFezy5N8V7CHPATsW1941kZiCNqv0cgcjmurFHSvjkQ3JZUPj5y7dLdcWtusds18Q=="
      },
      "nanoFramework.System.Numerics": {
        "type": "Direct",
        "requested": "[1.2.144, 1.2.144]",
        "resolved": "1.2.144",
        "contentHash": "BZitghaViHsQyWNOTGxUdmgOy40Sg7iAhXtF96ttGPug3DuvBKMXNUGadICjr/GQL0QRdnOaEhJWyfhmJ11jyw=="
      },
      "Nerdbank.GitVersioning": {
        "type": "Direct",
        "requested": "[3.5.119, 3.5.119]",
        "resolved": "3.5.119",
        "contentHash": "x8k4zV6YKZA5Rr810439lG9NngdbyPtFv0QpIYz32m1Im59kvSbEHO8gKGZoNvsfZSquayjEDUCa8acbut372g=="
      },
      "UnitsNet.nanoFramework.Temperature": {
        "type": "Direct",
        "requested": "[4.148.0, 4.148.0]",
        "resolved": "4.148.0",
        "contentHash": "Govk4JMC9t6ZgjPtEcE2lTQsK2COds8AK8I9Zm0wx1tpCk7XPglnPiq+ofDRrkLUCrMAfXxm9Cf3+/VqJXnW0Q=="
      }
    }
  }
}