{
  "version": 1,
  "dependencies": {
    ".NETnanoFramework,Version=v1.0": {
      "nanoFramework.CoreLibrary": {
        "type": "Direct",
        "requested": "[1.17.1, 1.17.1]",
        "resolved": "1.17.1",
        "contentHash": "T/iPvP8AeZs/5UeZgVa2cZVbl79ioeRyBJLzx4qvKbE9RE+984AR5WPY4tjGIdXugs1AFUYYnydvuGCpy+P1ww=="
      },
      "nanoFramework.Logging": {
        "type": "Direct",
        "requested": "[1.1.140, 1.1.140]",
        "resolved": "1.1.140",
        "contentHash": "ovkfxUF5LyZwJ/RqCwSW6e8z8UGJk1xEDSlHgpNc7DBpTjWe1vA9TGTsI6idgd1177sDKpb2hN05NnXzKEwaEA=="
      },
      "nanoFramework.Runtime.Events": {
        "type": "Direct",
        "requested": "[1.11.30, 1.11.30]",
        "resolved": "1.11.30",
        "contentHash": "uhLQLq/CRGCTvmJwbh2vXYVWyBl17jc1FBe3Fq1bKJM1+sO+GyhRRYCmezI7v72bRbQ7tpYZTcplJFs/qkAQSQ=="
      },
      "nanoFramework.Runtime.Native": {
        "type": "Direct",
        "requested": "[1.7.8, 1.7.8]",
        "resolved": "1.7.8",
        "contentHash": "8wWz/dUDJ3BHTVHNZ9VqLjaWyfn9OB1DU2iJgY7WvV/DkVMF3mLw80/3g5I5BfAUUhNq1DgQo8Id5yt4QOZq+g=="
      },
      "nanoFramework.System.Buffers.Binary.BinaryPrimitives": {
        "type": "Direct",
        "requested": "[1.2.807, 1.2.807]",
        "resolved": "1.2.807",
        "contentHash": "fQFrTuKMu9mVc5g5vYIHog60xbQ9u0XDEzR+NkPKDPJ3PMqjd4UVmriwWUguGM7h+f0DxAiswmAuXeDVqyHr6w=="
      },
      "nanoFramework.System.Device.Gpio": {
        "type": "Direct",
        "requested": "[1.1.55, 1.1.55]",
        "resolved": "1.1.55",
        "contentHash": "0DddX0gxw/WrOVZijok0T1hBr0TBWkpQQkQNjQ8sV/JSWVelluoMkZiMPdxZt7C+U/wxF08buuIKsAbGZQ5xtg=="
      },
      "nanoFramework.System.Device.Spi": {
        "type": "Direct",
        "requested": "[1.3.76, 1.3.76]",
        "resolved": "1.3.76",
        "contentHash": "hG6MP3bysRfZqNHSxPlO/GlI2h1B+co85k2MKN2CFV4wzCsPWO3G+BQpp8+FzLzgN9ZY9NMWwMkHKnjUgf5g9Q=="
      },
      "nanoFramework.System.Diagnostics.Stopwatch": {
        "type": "Direct",
        "requested": "[1.2.807, 1.2.807]",
        "resolved": "1.2.807",
        "contentHash": "fecFpSxRNKE6kHj2+BJ9cZtNTfrkQDqjUUGJUpuRWk9wow68hTYBBE1TyImzUZJEP2R6gSeeAn57x5IaDtWagw=="
      },
      "Nerdbank.GitVersioning": {
        "type": "Direct",
        "requested": "[3.7.115, 3.7.115]",
        "resolved": "3.7.115",
        "contentHash": "EpXamaAdRfG/BMxGgvZlTM0npRnkmXUjAj8OdNKd17t4oN+2nvjdv/KnFmzOOMDqvlwB49UCwtOHJrAQTfUBtQ=="
      }
    }
  }
}