{
  "version": 1,
  "dependencies": {
    ".NETnanoFramework,Version=v1.0": {
      "nanoFramework.CoreLibrary": {
        "type": "Direct",
        "requested": "[1.15.5, 1.15.5]",
        "resolved": "1.15.5",
        "contentHash": "u2+GvAp1uxLrGdILACAZy+EVKOs28EQ52j8Lz7599egXZ3GBGejjnR2ofhjMQwzrJLlgtyrsx8nSLngDfJNsAg=="
      },
      "nanoFramework.TestFramework": {
        "type": "Direct",
        "requested": "[2.1.111, 2.1.111]",
        "resolved": "2.1.111",
        "contentHash": "tgMOyoTOFlD4pjXVEmiwXKbWP+8aPVyRpQ6+iR6XrfWNYkS1TUPeF0IgwHIm+HyqBAQzU8mTyOor5DdIyhfa8A=="
      }
    }
  }
}