{
  "version": 1,
  "dependencies": {
    ".NETnanoFramework,Version=v1.0": {
      "nanoFramework.CoreLibrary": {
        "type": "Direct",
        "requested": "[2.0.0-preview.39, 2.0.0-preview.39]",
        "resolved": "2.0.0-preview.39",
        "contentHash": "rkXOwaEq6GIm+dKZ7ICMrG23mln482vRXyDtaNfAeBpgGcgiuFJrbw7w0TTZ2DNhw1CUWlCWZZbXi6+/NHdpLg=="
      },
      "nanoFramework.Runtime.Events": {
        "type": "Direct",
        "requested": "[2.0.0-preview.10, 2.0.0-preview.10]",
        "resolved": "2.0.0-preview.10",
        "contentHash": "sibvphHl7uVwM6tYIBfUVB29ejHcBMU8bsiZM4r+x4ijW2UMf1DVAjceqgg0W3zhmoHPxq7uzxKCNFiiXXwD3g=="
      },
      "nanoFramework.Runtime.Native": {
        "type": "Direct",
        "requested": "[2.0.0-preview.22, 2.0.0-preview.22]",
        "resolved": "2.0.0-preview.22",
        "contentHash": "nOOiiosvFhMDl1/HZd0rdHqfDCyWWFBt5AzyeCowlP0nV9KVu9ZyIPtbVLERsIOXw8z8CNIN9xhI+p3pzjpwJg=="
      },
      "nanoFramework.System.Buffers.Binary.BinaryPrimitives": {
        "type": "Direct",
        "requested": "[2.0.0-preview.29, 2.0.0-preview.29]",
        "resolved": "2.0.0-preview.29",
        "contentHash": "9fMmZKaXAACIhj/HGvuiDy0PzBLE6uuUPrBvmxDT/FDHzSloekD4UFlgxWVKOfAiSLB6P1FaoMYSdEJ7GOi4Eg=="
      },
      "nanoFramework.System.Device.Gpio": {
        "type": "Direct",
        "requested": "[2.0.0-preview.12, 2.0.0-preview.12]",
        "resolved": "2.0.0-preview.12",
        "contentHash": "RXmuvnctf4TmbEYRjiHO5pxeoRMj5HsDHDFWlaMPGwznHgXuekd9oUoEUCpF/kIZml7naKkGLAcJSzblxgRG+A=="
      },
      "nanoFramework.System.Device.I2c": {
        "type": "Direct",
        "requested": "[2.0.0-preview.9, 2.0.0-preview.9]",
        "resolved": "2.0.0-preview.9",
        "contentHash": "IbrxYRlyneBnkZDorE3dGC76P/fLAXwlPPY1ndFa/4sPm54qyZC+fFHZXqrFEKU1TKr5f7OJT/qYbD7PzRN7AA=="
      },
      "nanoFramework.System.Diagnostics.Stopwatch": {
        "type": "Direct",
        "requested": "[2.0.0-preview.34, 2.0.0-preview.34]",
        "resolved": "2.0.0-preview.34",
        "contentHash": "wOO2mS6Jle7KS5rg6+LRQBUNVSHWVCmvXDIaVQ3C5XH/qPUyyWwsg6oDql8wNJQUsit3N15ogt8ffX08hsa82g=="
      },
      "nanoFramework.System.Math": {
        "type": "Direct",
        "requested": "[2.0.0-preview.6, 2.0.0-preview.6]",
        "resolved": "2.0.0-preview.6",
        "contentHash": "u9gbWgQxkdvomvyWOj0aUTKdNAiyYNeiIZEzZHbuUyzbowCXfl8WI1TjeHEvQndlqa1aimDr4K2BBJvZUnVjwQ=="
      },
      "nanoFramework.UnitsNet.ElectricPotential": {
        "type": "Direct",
        "requested": "[5.77.0-preview.5, 5.77.0-preview.5]",
        "resolved": "5.77.0-preview.5",
        "contentHash": "0lgm1onJnaj5F6xzQ/KMfqArUwuaj0kiehtyLS6nYQb2kCkuJx20FqIkz4K6a9O43hdvS8eK2OO88KWg9BHD+g=="
      },
      "nanoFramework.UnitsNet.Length": {
        "type": "Direct",
        "requested": "[5.77.0-preview.5, 5.77.0-preview.5]",
        "resolved": "5.77.0-preview.5",
        "contentHash": "khhGue9geEANLvohhkHPVwbi0VDp5LgLY4VYCbo2QSFoOR9+93PQ5N9T4U678GhY9isdPq1KLROu7dwLARO/4g=="
      },
      "Nerdbank.GitVersioning": {
        "type": "Direct",
        "requested": "[3.9.50, 3.9.50]",
        "resolved": "3.9.50",
        "contentHash": "HtOgGF6jZ+WYbXnCUCYPT8Y2d6mIJo9ozjK/FINTRsXdm4Zgv9GehUMa7EFoGQkqrMcDJNOIDwCmENnvXg4UbA=="
      },
      "StyleCop.MSBuild": {
        "type": "Direct",
        "requested": "[6.2.0, 6.2.0]",
        "resolved": "6.2.0",
        "contentHash": "6J51Kt5X+Os+Ckp20SFP1SlLu3tZl+3qBhCMtJUJqGDgwSr4oHT+eg545hXCdp07tRB/8nZfXTOBDdA1XXvjUw=="
      }
    }
  }
}