
Microsoft Visual Studio Solution File, Format Version 12.00
# Visual Studio Version 16
VisualStudioVersion = 16.0.30413.136
MinimumVisualStudioVersion = 10.0.40219.1
Project("{11A8DD76-328B-46DF-9F39-F559912D0360}") = "Mhz19b", "Mhz19b.nfproj", "{104BA85B-A359-4E41-8465-1856B15F975E}"
EndProject
Project("{11A8DD76-328B-46DF-9F39-F559912D0360}") = "Mhz19b.Samples", "samples\Mhz19b.Samples.nfproj", "{6341121C-FAC6-4283-898B-83D335596CA8}"
EndProject
<!-- UNIT TESTS PROJECT PLACEHOLDER -->

Global
    GlobalSection(SolutionConfigurationPlatforms) = preSolution
        Debug|Any CPU = Debug|Any CPU
        Release|Any CPU = Release|Any CPU
    EndGlobalSection
    GlobalSection(ProjectConfigurationPlatforms) = postSolution
        {104BA85B-A359-4E41-8465-1856B15F975E}.Debug|Any CPU.ActiveCfg = Debug|Any CPU
        {104BA85B-A359-4E41-8465-1856B15F975E}.Debug|Any CPU.Build.0 = Debug|Any CPU
        {104BA85B-A359-4E41-8465-1856B15F975E}.Debug|Any CPU.Deploy.0 = Debug|Any CPU
        {104BA85B-A359-4E41-8465-1856B15F975E}.Release|Any CPU.ActiveCfg = Release|Any CPU
        {104BA85B-A359-4E41-8465-1856B15F975E}.Release|Any CPU.Build.0 = Release|Any CPU
        {104BA85B-A359-4E41-8465-1856B15F975E}.Release|Any CPU.Deploy.0 = Release|Any CPU
    EndGlobalSection
EndGlobal
