Microsoft Visual Studio Solution File, Format Version 12.00
# Visual Studio Version 16
VisualStudioVersion = 16.0.30413.136
MinimumVisualStudioVersion = 10.0.40219.1
Project("{11A8DD76-328B-46DF-9F39-F559912D0360}") = "Bh1745", "Bh1745.nfproj", "{97D76471-5225-4F7F-AF68-05E05C5E195D}"
EndProject
Project("{11A8DD76-328B-46DF-9F39-F559912D0360}") = "Bh1745.Sample", "samples\Bh1745.Sample.nfproj", "{68DC08DA-B7EF-4879-A86F-680A805DD5AA}"
EndProject
Project("{2150E333-8FDC-42A3-9474-1A3956D46DE8}") = "Shared Projects", "Shared Projects", "{6760BB95-C443-456B-AFDE-062C102D63FC}"
EndProject
Project("{D954291E-2A0B-460D-934E-DC6B0785DB48}") = "System.Drawing", "..\..\src\System.Drawing\System.Drawing.shproj", "{E86896A2-B40C-4C03-B0E3-979DAF764CD6}"
EndProject
Project("{9A19103F-16F7-4668-BE54-9A1E7A4F7556}") = "Bh1745CustomConfiguration.Sample", "samples\Bh1745CustomConfiguration.Sample.csproj", "{9E92F204-AFDD-4F26-AA87-35B9AEDB8F9E}"
EndProject
Global
	GlobalSection(SharedMSBuildProjectFiles) = preSolution
		..\..\src\System.Drawing\System.Drawing.projitems*{e86896a2-b40c-4c03-b0e3-979daf764cd6}*SharedItemsImports = 13
	EndGlobalSection
	GlobalSection(SolutionConfigurationPlatforms) = preSolution
		Debug|Any CPU = Debug|Any CPU
		Release|Any CPU = Release|Any CPU
	EndGlobalSection
	GlobalSection(ProjectConfigurationPlatforms) = postSolution
		{97D76471-5225-4F7F-AF68-05E05C5E195D}.Debug|Any CPU.ActiveCfg = Debug|Any CPU
		{97D76471-5225-4F7F-AF68-05E05C5E195D}.Debug|Any CPU.Build.0 = Debug|Any CPU
		{97D76471-5225-4F7F-AF68-05E05C5E195D}.Debug|Any CPU.Deploy.0 = Debug|Any CPU
		{97D76471-5225-4F7F-AF68-05E05C5E195D}.Release|Any CPU.ActiveCfg = Release|Any CPU
		{97D76471-5225-4F7F-AF68-05E05C5E195D}.Release|Any CPU.Build.0 = Release|Any CPU
		{97D76471-5225-4F7F-AF68-05E05C5E195D}.Release|Any CPU.Deploy.0 = Release|Any CPU
		{68DC08DA-B7EF-4879-A86F-680A805DD5AA}.Debug|Any CPU.ActiveCfg = Debug|Any CPU
		{68DC08DA-B7EF-4879-A86F-680A805DD5AA}.Debug|Any CPU.Build.0 = Debug|Any CPU
		{68DC08DA-B7EF-4879-A86F-680A805DD5AA}.Debug|Any CPU.Deploy.0 = Debug|Any CPU
		{68DC08DA-B7EF-4879-A86F-680A805DD5AA}.Release|Any CPU.ActiveCfg = Release|Any CPU
		{68DC08DA-B7EF-4879-A86F-680A805DD5AA}.Release|Any CPU.Build.0 = Release|Any CPU
		{68DC08DA-B7EF-4879-A86F-680A805DD5AA}.Release|Any CPU.Deploy.0 = Release|Any CPU
		{9E92F204-AFDD-4F26-AA87-35B9AEDB8F9E}.Debug|Any CPU.ActiveCfg = Debug|Any CPU
		{9E92F204-AFDD-4F26-AA87-35B9AEDB8F9E}.Debug|Any CPU.Build.0 = Debug|Any CPU
		{9E92F204-AFDD-4F26-AA87-35B9AEDB8F9E}.Release|Any CPU.ActiveCfg = Release|Any CPU
		{9E92F204-AFDD-4F26-AA87-35B9AEDB8F9E}.Release|Any CPU.Build.0 = Release|Any CPU
	EndGlobalSection
	GlobalSection(SolutionProperties) = preSolution
		HideSolutionNode = FALSE
	EndGlobalSection
	GlobalSection(NestedProjects) = preSolution
		{E86896A2-B40C-4C03-B0E3-979DAF764CD6} = {6760BB95-C443-456B-AFDE-062C102D63FC}
	EndGlobalSection
	GlobalSection(ExtensibilityGlobals) = postSolution
		SolutionGuid = {AB79DD8C-1124-4AB4-8ACD-22E3A3EE62D4}
	EndGlobalSection
EndGlobal
