{
  "version": 1,
  "dependencies": {
    ".NETnanoFramework,Version=v1.0": {
      "nanoFramework.CoreLibrary": {
        "type": "Direct",
        "requested": "[2.0.0-preview.52, 2.0.0-preview.52]",
        "resolved": "2.0.0-preview.52",
        "contentHash": "cV9JEhoc2OV/UL602i5xmEwQpnn/gzVMlDTAIAMRxCNwBKNYLO9U50OkJykpGnO2SULTsmvFqQWEGZiuANBZHw=="
      },
      "nanoFramework.Graphics.Core": {
        "type": "Direct",
        "requested": "[2.0.0-preview.29, 2.0.0-preview.29]",
        "resolved": "2.0.0-preview.29",
        "contentHash": "iUYE7YNyjXgr8Qw0AWbqyhZWh7JUmp6fXyUDYBy6U6xZqnSfj4cKTploGixIYzPaQfA2EPIvBx19aKNfs77zdQ=="
      },
      "nanoFramework.Runtime.Events": {
        "type": "Direct",
        "requested": "[2.0.0-preview.13, 2.0.0-preview.13]",
        "resolved": "2.0.0-preview.13",
        "contentHash": "LmPsdvTKJ5HiJbX0FNFWWIvHh23kWmKWCIHggSnMrjaZnjXubqct75mQiB2aWtC7IW0PjGxB2A4cvtle3Zjvzg=="
      },
      "nanoFramework.System.Buffers.Binary.BinaryPrimitives": {
        "type": "Direct",
        "requested": "[2.0.0-preview.77, 2.0.0-preview.77]",
        "resolved": "2.0.0-preview.77",
        "contentHash": "uJJoIcsTYFh52M3b12XvYCPf8EVtw0eP7A0UDSctsv3FS6wXtIrdYfkEHW2OnpYrPGMSjckFDsW1RpBgpniXcg=="
      },
      "nanoFramework.System.Device.Gpio": {
        "type": "Direct",
        "requested": "[2.0.0-preview.18, 2.0.0-preview.18]",
        "resolved": "2.0.0-preview.18",
        "contentHash": "e5hKEwabzb4LOau0A0sPCggh2cgNBMR6EVo+dbGvGNwLCo1t9NN3Eoqjy7vI2KVrfUHQkLJV7cSOG/RJCOm9sw=="
      },
      "nanoFramework.System.Device.I2c": {
        "type": "Direct",
        "requested": "[2.0.0-preview.12, 2.0.0-preview.12]",
        "resolved": "2.0.0-preview.12",
        "contentHash": "i2saSw4cycURTRIJQyd2jm7y/zvFCXqKHrh7h+uim5tfkboIphRoZzj+G3YJxu+Nz53WNyAyCyv2QEMOPt0fYg=="
      },
      "nanoFramework.System.Device.Model": {
        "type": "Direct",
        "requested": "[2.0.0-preview.77, 2.0.0-preview.77]",
        "resolved": "2.0.0-preview.77",
        "contentHash": "t1dd8BPPv8gKP/47asWirdJ8YPa24jEusEfn6Gun6ApqLXZXTw9adrf85anLrc/l36QE17ZuOWzQjfUrsLp3jg=="
      },
      "nanoFramework.System.Math": {
        "type": "Direct",
        "requested": "[2.0.0-preview.19, 2.0.0-preview.19]",
        "resolved": "2.0.0-preview.19",
        "contentHash": "rA+f9ooOIDVpHPvvnroV3KifN+uUD7LcGGXBqVhr1cE2YlSnsFtGHrXebOl/GyCSMlK0KsmgcAGVMIMTVas4Eg=="
      },
      "nanoFramework.UnitsNet.Length": {
        "type": "Direct",
        "requested": "[5.77.0-preview.16, 5.77.0-preview.16]",
        "resolved": "5.77.0-preview.16",
        "contentHash": "/kb8xdc1lqSdcuxRtejN7w+t+1JRCM79GW5xhRw8BUmw6Own9XO9ldQTsYcQ3iM4K6JxfRWwmKj9OD9epJ4E0w=="
      },
      "Nerdbank.GitVersioning": {
        "type": "Direct",
        "requested": "[3.10.94, 3.10.94]",
        "resolved": "3.10.94",
        "contentHash": "sn6gFIx6bwFj3Me0XGmek3gLZi/MZC8C4tRLwslXGeBcXcVxvFpZyDrQA93G8TiYgxTS7J7triKB7hj5wXzSxA=="
      },
      "StyleCop.MSBuild": {
        "type": "Direct",
        "requested": "[6.2.0, 6.2.0]",
        "resolved": "6.2.0",
        "contentHash": "6J51Kt5X+Os+Ckp20SFP1SlLu3tZl+3qBhCMtJUJqGDgwSr4oHT+eg545hXCdp07tRB/8nZfXTOBDdA1XXvjUw=="
      }
    }
  }
}