{
  "version": 1,
  "dependencies": {
    ".NETnanoFramework,Version=v1.0": {
      "nanoFramework.CoreLibrary": {
        "type": "Direct",
        "requested": "[1.17.11, 1.17.11]",
        "resolved": "1.17.11",
        "contentHash": "HezzAc0o2XrSGf85xSeD/6xsO6ohF9hX6/iMQ1IZS6Zw6umr4WfAN2Jv0BrPxkaYwzEegJxxZujkHoUIAqtOMw=="
      },
      "nanoFramework.Logging": {
        "type": "Direct",
        "requested": "[1.1.161, 1.1.161]",
        "resolved": "1.1.161",
        "contentHash": "ASEnCqp/WL+0EPyTYAUUdBSX6g1GkqewPOrTCLq9iZicf9+DFDzd+fpzrfinWd3YqSQ+eb16QzReARm1V0EfNw=="
      },
      "nanoFramework.System.Text": {
        "type": "Direct",
        "requested": "[1.3.42, 1.3.42]",
        "resolved": "1.3.42",
        "contentHash": "68HPjhersNpssbmEMUHdMw3073MHfGTfrkbRk9eILKbNPFfPFck7m4y9BlAi6DaguUJaeKxgyIojXF3SQrF8/A=="
      },
      "Nerdbank.GitVersioning": {
        "type": "Direct",
        "requested": "[3.9.50, 3.9.50]",
        "resolved": "3.9.50",
        "contentHash": "HtOgGF6jZ+WYbXnCUCYPT8Y2d6mIJo9ozjK/FINTRsXdm4Zgv9GehUMa7EFoGQkqrMcDJNOIDwCmENnvXg4UbA=="
      }
    }
  }
}