{
  "version": 1,
  "dependencies": {
    "Any,Version=v0.0": {
      "nanoFramework.CoreLibrary": {
        "type": "Direct",
        "requested": "[1.12.0, 1.12.0]",
        "resolved": "1.12.0",
        "contentHash": "qQrFNXmJiStMC4VXk5cVMOJp23/qlT9FW5i9i+igwQVwraQTtvpkam8yK1hj992jqrbjoCIFZP4Hw9E8H0pB7w=="
      },
      "nanoFramework.Logging": {
        "type": "Direct",
        "requested": "[1.1.41, 1.1.41]",
        "resolved": "1.1.41",
        "contentHash": "02n9N0KL0nxlk251F8vGIomLWknLrhRx8V65ajaR8HGQy38coGUus/a+/02lZ80GTSaptJM6TvEPBbB2gRh2fA=="
      },
      "nanoFramework.System.Text": {
        "type": "Direct",
        "requested": "[1.2.20, 1.2.20]",
        "resolved": "1.2.20",
        "contentHash": "dQROIvfCM1N0UWaETZ037Adymc1ZrY6mjSzHtOvdP6Ymhm6Pg20ZbZmkjSl7uXNVmcy7yxcLXC5WygKahi8Jiw=="
      },
      "Nerdbank.GitVersioning": {
        "type": "Direct",
        "requested": "[3.5.119, 3.5.119]",
        "resolved": "3.5.119",
        "contentHash": "x8k4zV6YKZA5Rr810439lG9NngdbyPtFv0QpIYz32m1Im59kvSbEHO8gKGZoNvsfZSquayjEDUCa8acbut372g=="
      }
    }
  }
}