{
  "version": 1,
  "dependencies": {
    ".NETnanoFramework,Version=v1.0": {
      "nanoFramework.CoreLibrary": {
        "type": "Direct",
        "requested": "[1.15.5, 1.15.5]",
        "resolved": "1.15.5",
        "contentHash": "u2+GvAp1uxLrGdILACAZy+EVKOs28EQ52j8Lz7599egXZ3GBGejjnR2ofhjMQwzrJLlgtyrsx8nSLngDfJNsAg=="
      },
      "nanoFramework.Logging": {
        "type": "Direct",
        "requested": "[1.1.120, 1.1.120]",
        "resolved": "1.1.120",
        "contentHash": "zqAYYtN0uPVBGBB3MnYQtaW/hFpj8SwW4nGn+r3/afndC03oqRnYtxWsIL79813PhsWpbvzYivytnOAkjV7iwA=="
      },
      "nanoFramework.System.Text": {
        "type": "Direct",
        "requested": "[1.2.54, 1.2.54]",
        "resolved": "1.2.54",
        "contentHash": "k3OutSNRMs9di42LQ+5GbpHBY07aMEZWGkaS3Mj3ZU4cWqJc4deFGzRd+LBFQl1mRGdQaM5sl/euTZdcg8R9Zg=="
      },
      "Nerdbank.GitVersioning": {
        "type": "Direct",
        "requested": "[3.7.112, 3.7.112]",
        "resolved": "3.7.112",
        "contentHash": "j0jcfnTjvhytRanVR34Gaj6RFKk8EDmVhRW7929nWjCo8tzBxsa3XmFmbSGDA6nWXGhfehTixWhPgGWAbz+NQA=="
      }
    }
  }
}