{
  "version": 1,
  "dependencies": {
    ".NETnanoFramework,Version=v1.0": {
      "nanoFramework.CoreLibrary": {
        "type": "Direct",
        "requested": "[1.17.1, 1.17.1]",
        "resolved": "1.17.1",
        "contentHash": "T/iPvP8AeZs/5UeZgVa2cZVbl79ioeRyBJLzx4qvKbE9RE+984AR5WPY4tjGIdXugs1AFUYYnydvuGCpy+P1ww=="
      },
      "nanoFramework.Graphics.Core": {
        "type": "Direct",
        "requested": "[1.2.39, 1.2.39]",
        "resolved": "1.2.39",
        "contentHash": "qHg4JBCBqkqxN8omgDC74Rnk7m1cYFkzzpAeJ+57aach3RLhkTLX5bgA9xhVN3HlZ0DPy0r0CymgNQelz9KLXg=="
      },
      "nanoFramework.System.Device.I2c": {
        "type": "Direct",
        "requested": "[1.1.27, 1.1.27]",
        "resolved": "1.1.27",
        "contentHash": "gyFoz1cABmcvplJcC7UiTYaC1GpYwnnuQxcypjddKiRqvhiEol7iezxIUsZ5E5v8G19HocpRqcMQV1oZrkXLTQ=="
      },
      "Nerdbank.GitVersioning": {
        "type": "Direct",
        "requested": "[3.7.115, 3.7.115]",
        "resolved": "3.7.115",
        "contentHash": "EpXamaAdRfG/BMxGgvZlTM0npRnkmXUjAj8OdNKd17t4oN+2nvjdv/KnFmzOOMDqvlwB49UCwtOHJrAQTfUBtQ=="
      }
    }
  }
}