
Microsoft Visual Studio Solution File, Format Version 12.00
# Visual Studio Version 16
VisualStudioVersion = 16.0.30413.136
MinimumVisualStudioVersion = 10.0.40219.1
Project("{11A8DD76-328B-46DF-9F39-F559912D0360}") = "Bmp180", "Bmp180.nfproj", "{FA4E3A79-2547-427E-972A-79DF7173D34E}"
EndProject
Project("{11A8DD76-328B-46DF-9F39-F559912D0360}") = "Bmp180.Samples", "samples\Bmp180.Samples.nfproj", "{C038C2E4-508D-4E12-AA1B-3563B2095ED5}"
EndProject
<!-- UNIT TESTS PROJECT PLACEHOLDER -->

Global
    GlobalSection(SolutionConfigurationPlatforms) = preSolution
        Debug|Any CPU = Debug|Any CPU
        Release|Any CPU = Release|Any CPU
    EndGlobalSection
    GlobalSection(ProjectConfigurationPlatforms) = postSolution
        {FA4E3A79-2547-427E-972A-79DF7173D34E}.Debug|Any CPU.ActiveCfg = Debug|Any CPU
        {FA4E3A79-2547-427E-972A-79DF7173D34E}.Debug|Any CPU.Build.0 = Debug|Any CPU
        {FA4E3A79-2547-427E-972A-79DF7173D34E}.Debug|Any CPU.Deploy.0 = Debug|Any CPU
        {FA4E3A79-2547-427E-972A-79DF7173D34E}.Release|Any CPU.ActiveCfg = Release|Any CPU
        {FA4E3A79-2547-427E-972A-79DF7173D34E}.Release|Any CPU.Build.0 = Release|Any CPU
        {FA4E3A79-2547-427E-972A-79DF7173D34E}.Release|Any CPU.Deploy.0 = Release|Any CPU
    EndGlobalSection
EndGlobal
