{
  "version": 1,
  "dependencies": {
    ".NETnanoFramework,Version=v1.0": {
      "nanoFramework.CoreLibrary": {
        "type": "Direct",
        "requested": "[1.16.11, 1.16.11]",
        "resolved": "1.16.11",
        "contentHash": "2XW+Zn0lQ+lOcxDbB1l2ga2rNoj9Jv2IeJwXE4ka1r+swmxn5N/otlMJVEXJgK8trUeD/E8T7+J7dXjU8UReHw=="
      },
      "nanoFramework.System.Device.I2c": {
        "type": "Direct",
        "requested": "[1.1.26, 1.1.26]",
        "resolved": "1.1.26",
        "contentHash": "LpTcH5PTIdPDLrCxH7KBS5PS57CpYznPy4sI5aqrsqZAqKTYV2m1dzuTfVHmU7Jbi9oN1KgRcUWmdbw4eOLy/A=="
      },
      "nanoFramework.System.Device.Model": {
        "type": "Direct",
        "requested": "[1.2.771, 1.2.771]",
        "resolved": "1.2.771",
        "contentHash": "zFUG1fsNIl0DqCrjMMfwJLXeIgb98q57qN5bpnMQgCCUXkGqn+skIeo2TW3LdzTvpXC2kZBUPgfRIOwVPvW4eQ=="
      },
      "nanoFramework.System.Math": {
        "type": "Direct",
        "requested": "[1.5.90, 1.5.90]",
        "resolved": "1.5.90",
        "contentHash": "8hwML15/Aqss7NAAINgU0YdbCJw5j9UR1FHvbncJR20TSARBOQK7zG5Do2sJvci9/hMFpsHo6K8oPtPPTn2yjw=="
      },
      "Nerdbank.GitVersioning": {
        "type": "Direct",
        "requested": "[3.7.115, 3.7.115]",
        "resolved": "3.7.115",
        "contentHash": "EpXamaAdRfG/BMxGgvZlTM0npRnkmXUjAj8OdNKd17t4oN+2nvjdv/KnFmzOOMDqvlwB49UCwtOHJrAQTfUBtQ=="
      },
      "UnitsNet.nanoFramework.Temperature": {
        "type": "Direct",
        "requested": "[5.69.0, 5.69.0]",
        "resolved": "5.69.0",
        "contentHash": "3reHwLt5aEoQDJPwqwa9kvoOzNm4zHlPM8+WA8VV6Cv3+lQcKXB3OdgSS5xhf6EMYdMGDgWWC5oETlkSIv44gw=="
      }
    }
  }
}