{
  "version": 1,
  "dependencies": {
    ".NETnanoFramework,Version=v1.0": {
      "nanoFramework.CoreLibrary": {
        "type": "Direct",
        "requested": "[1.17.11, 1.17.11]",
        "resolved": "1.17.11",
        "contentHash": "HezzAc0o2XrSGf85xSeD/6xsO6ohF9hX6/iMQ1IZS6Zw6umr4WfAN2Jv0BrPxkaYwzEegJxxZujkHoUIAqtOMw=="
      },
      "nanoFramework.Runtime.Events": {
        "type": "Direct",
        "requested": "[1.11.32, 1.11.32]",
        "resolved": "1.11.32",
        "contentHash": "NyLUIwJDlpl5VKSd+ljmdDtO2WHHBvPvruo1ccaL+hd79z+6XMYze1AccOVXKGiZenLBCwDmFHwpgIQyHkM7GA=="
      },
      "nanoFramework.System.Buffers.Binary.BinaryPrimitives": {
        "type": "Direct",
        "requested": "[1.2.862, 1.2.862]",
        "resolved": "1.2.862",
        "contentHash": "O+jmbbw2h2cjCTShsvWCzjqn/kmRacJE4Ena9gJt5xF5D7XHyYh/uE/qbZ4LhlmlN6JCZjLRNiEfHyM1YUjyxg=="
      },
      "nanoFramework.System.Buffers.Helpers": {
        "type": "Direct",
        "requested": "[1.0.201, 1.0.201]",
        "resolved": "1.0.201",
        "contentHash": "tZlSUVFLHqBCqYkqIlAn3LOX+8teKmO/p0yeczmpT6quIEVr2icKZMtxKcGmBDB4G7RqMAExyZ3Lrz55zSiMGw=="
      },
      "nanoFramework.System.IO.Streams": {
        "type": "Direct",
        "requested": "[1.1.96, 1.1.96]",
        "resolved": "1.1.96",
        "contentHash": "kJSy4EJwChO4Vq3vGWP9gNRPFDnTsDU5HxzeI7NDO+RjbDsx7B8EhKymoeTPLJCxQq8y/0P1KG2XCxGpggW+fw=="
      },
      "nanoFramework.System.Net": {
        "type": "Direct",
        "requested": "[1.11.50, 1.11.50]",
        "resolved": "1.11.50",
        "contentHash": "5tCFNg+yXGAKOGP4cxFLdr+xM4r/za25I9zjom6ZiKGT5i5K+N2zCCr8TA8UmnQRl7xvBRUZ2vSxFF47OMqXwg=="
      },
      "nanoFramework.System.Net.Sockets.UdpClient": {
        "type": "Direct",
        "requested": "[1.1.101, 1.1.101]",
        "resolved": "1.1.101",
        "contentHash": "H0EZwaFsPS7j32UazMGuzzVLtbhgYA2pQSP2uVDskyoczodCHXT+qYWKxn3a7Vm416uEswfEzrjdGms87rZMbg=="
      },
      "nanoFramework.System.Text": {
        "type": "Direct",
        "requested": "[1.3.42, 1.3.42]",
        "resolved": "1.3.42",
        "contentHash": "68HPjhersNpssbmEMUHdMw3073MHfGTfrkbRk9eILKbNPFfPFck7m4y9BlAi6DaguUJaeKxgyIojXF3SQrF8/A=="
      },
      "nanoFramework.System.Threading": {
        "type": "Direct",
        "requested": "[1.1.52, 1.1.52]",
        "resolved": "1.1.52",
        "contentHash": "kv+US/+7QKV1iT/snxBh032vwZ+3krJ4vujlSsvmS2nNj/nK64R3bq/ST3bCFquxHDD0mog8irtCBCsFazr4kA=="
      },
      "Nerdbank.GitVersioning": {
        "type": "Direct",
        "requested": "[3.9.50, 3.9.50]",
        "resolved": "3.9.50",
        "contentHash": "HtOgGF6jZ+WYbXnCUCYPT8Y2d6mIJo9ozjK/FINTRsXdm4Zgv9GehUMa7EFoGQkqrMcDJNOIDwCmENnvXg4UbA=="
      }
    }
  }
}