{
  "version": 1,
  "dependencies": {
    ".NETnanoFramework,Version=v1.0": {
      "nanoFramework.CoreLibrary": {
        "type": "Direct",
        "requested": "[2.0.0-preview.52, 2.0.0-preview.52]",
        "resolved": "2.0.0-preview.52",
        "contentHash": "cV9JEhoc2OV/UL602i5xmEwQpnn/gzVMlDTAIAMRxCNwBKNYLO9U50OkJykpGnO2SULTsmvFqQWEGZiuANBZHw=="
      },
      "nanoFramework.Logging": {
        "type": "Direct",
        "requested": "[2.0.0-preview.24, 2.0.0-preview.24]",
        "resolved": "2.0.0-preview.24",
        "contentHash": "FVcYj9ttODjgvEYE/a3g4NvJ5s9BmgaSCowaqqAgrtKSU5p2RB1SkskP9KJFgyXug71a3Q/uaDgwO8EuaR1MfA=="
      },
      "nanoFramework.Runtime.Events": {
        "type": "Direct",
        "requested": "[2.0.0-preview.13, 2.0.0-preview.13]",
        "resolved": "2.0.0-preview.13",
        "contentHash": "LmPsdvTKJ5HiJbX0FNFWWIvHh23kWmKWCIHggSnMrjaZnjXubqct75mQiB2aWtC7IW0PjGxB2A4cvtle3Zjvzg=="
      },
      "nanoFramework.System.Buffers.Binary.BinaryPrimitives": {
        "type": "Direct",
        "requested": "[2.0.0-preview.77, 2.0.0-preview.77]",
        "resolved": "2.0.0-preview.77",
        "contentHash": "uJJoIcsTYFh52M3b12XvYCPf8EVtw0eP7A0UDSctsv3FS6wXtIrdYfkEHW2OnpYrPGMSjckFDsW1RpBgpniXcg=="
      },
      "nanoFramework.System.Device.Gpio": {
        "type": "Direct",
        "requested": "[2.0.0-preview.18, 2.0.0-preview.18]",
        "resolved": "2.0.0-preview.18",
        "contentHash": "e5hKEwabzb4LOau0A0sPCggh2cgNBMR6EVo+dbGvGNwLCo1t9NN3Eoqjy7vI2KVrfUHQkLJV7cSOG/RJCOm9sw=="
      },
      "nanoFramework.System.Device.I2c": {
        "type": "Direct",
        "requested": "[2.0.0-preview.11, 2.0.0-preview.11]",
        "resolved": "2.0.0-preview.11",
        "contentHash": "bRJzm6P3oDwK78hO8cNncRTfw56c5piXfLWiT+fJBjfegVsfbuvOfXqy3/2odvY2mRZpbDNGjnHTXTsNJk5j+g=="
      },
      "nanoFramework.System.Device.Spi": {
        "type": "Direct",
        "requested": "[2.0.0-preview.16, 2.0.0-preview.16]",
        "resolved": "2.0.0-preview.16",
        "contentHash": "vzWlR8FBYYTr536ocJb3mXfhvBKc4dPJVM4zYgjD1y/hNPTp7RZjjvx6b2D/7X8I2cItO2N7PiDtcw33BJOeTA=="
      },
      "nanoFramework.System.IO.Ports": {
        "type": "Direct",
        "requested": "[2.0.0-preview.27, 2.0.0-preview.27]",
        "resolved": "2.0.0-preview.27",
        "contentHash": "DJJzxbpx7qw1gGLLFHik49+994pzOWH4Ibujubu0FFClqyAgiblwh286QTESpBC63wTofoorWavbNC4OJZPP6A=="
      },
      "nanoFramework.System.IO.Streams": {
        "type": "Direct",
        "requested": "[2.0.0-preview.18, 2.0.0-preview.18]",
        "resolved": "2.0.0-preview.18",
        "contentHash": "X6Zv6eYRWqSY1eu7S7SwfIoFtFQfc8Rrl7CJN8dxuiry0K4SioSjuRFvnGerTnCWPEXy1gXGbbLRBVkYscw9fg=="
      },
      "nanoFramework.System.Text": {
        "type": "Direct",
        "requested": "[2.0.0-preview.18, 2.0.0-preview.18]",
        "resolved": "2.0.0-preview.18",
        "contentHash": "ZnV49vaKgIzXN223aZ8Co3GZexDY+0d92QmOqfMdM/tzGIG2gnOy90UfAwQ3/n3Ea3a5RxNNgSxwxNGwsFgyMQ=="
      },
      "Nerdbank.GitVersioning": {
        "type": "Direct",
        "requested": "[3.9.50, 3.9.50]",
        "resolved": "3.9.50",
        "contentHash": "HtOgGF6jZ+WYbXnCUCYPT8Y2d6mIJo9ozjK/FINTRsXdm4Zgv9GehUMa7EFoGQkqrMcDJNOIDwCmENnvXg4UbA=="
      }
    }
  }
}